
Microsoft Visual Studio Solution File, Format Version 12.00
# Visual Studio Version 16
VisualStudioVersion = 16.0.29806.167
MinimumVisualStudioVersion = 10.0.40219.1
Project("{9A19103F-16F7-4668-BE54-9A1E7A4F7556}") = "MultiCommTerminal.NetCore", "MultiCommTerminal\MultiCommTerminal.NetCore.csproj", "{1EAD2701-7507-4984-9629-E1FB6525F62F}"
EndProject
Project("{9A19103F-16F7-4668-BE54-9A1E7A4F7556}") = "MultiCommData.Net", "MultiCommData\MultiCommData.Net.csproj", "{E6ECDC5E-F10C-4730-BDD1-B45936BFE05E}"
EndProject
Project("{9A19103F-16F7-4668-BE54-9A1E7A4F7556}") = "ChkUtils.Net", "..\SharedNetLibs\ChkUtils.Net\ChkUtils.Net.csproj", "{A71559FD-9A21-4F27-92EC-C89FBEF25718}"
EndProject
Project("{9A19103F-16F7-4668-BE54-9A1E7A4F7556}") = "LogUtils.Net", "..\SharedNetLibs\LogUtils.Net\LogUtils.Net.csproj", "{DB9AA64B-945B-41D5-A0DA-83407D2BFCC8}"
EndProject
Project("{9A19103F-16F7-4668-BE54-9A1E7A4F7556}") = "LanguageFactory.Net", "..\SharedNetLibs\LanguageFactory\LanguageFactory.Net.csproj", "{4F6445CD-1589-465A-864D-DC597B44745C}"
EndProject
Project("{9A19103F-16F7-4668-BE54-9A1E7A4F7556}") = "IconFactory.Net", "..\SharedNetLibs\IconFactory\IconFactory.Net.csproj", "{8CA4272F-AFD9-4737-A941-AB24ED051D40}"
EndProject
Project("{9A19103F-16F7-4668-BE54-9A1E7A4F7556}") = "DependencyInjectorFactory.Net", "..\SharedNetLibs\DependencyInjectorFactory\DependencyInjectorFactory.Net.csproj", "{6D911CDF-3F4F-45F8-A698-BCB47FF53E08}"
EndProject
Project("{9A19103F-16F7-4668-BE54-9A1E7A4F7556}") = "MultiCommWrapper.Net", "MultiCommWrapper\MultiCommWrapper.Net.csproj", "{F86E019F-F046-4DC2-A949-D0EA0F0D0964}"
EndProject
Project("{9A19103F-16F7-4668-BE54-9A1E7A4F7556}") = "StorageFactory.Net", "..\SharedNetLibs\StorageFactory.Net\StorageFactory.Net.csproj", "{B5D8B51D-7186-458F-A02C-200E104463F0}"
EndProject
Project("{9A19103F-16F7-4668-BE54-9A1E7A4F7556}") = "WpfHelperClasses.Core", "..\SharedNetCoreLibs\WpfHelpers.Core\WpfHelperClasses.Core.csproj", "{C7371D08-8844-4C42-88A7-9E612314E13D}"
EndProject
Project("{9A19103F-16F7-4668-BE54-9A1E7A4F7556}") = "VariousUtils.Net", "..\SharedNetLibs\VariousUtils\VariousUtils.Net.csproj", "{8702AF2D-436D-485D-B6A7-F2854E56B9C4}"
EndProject
Project("{9A19103F-16F7-4668-BE54-9A1E7A4F7556}") = "CommunicationStack.Net", "..\SharedNetLibs\CommunicationStack.Net\CommunicationStack.Net.csproj", "{34EB157E-2489-4B3E-9E6A-BE92D5ED4711}"
EndProject
Project("{9A19103F-16F7-4668-BE54-9A1E7A4F7556}") = "BluetoothCommon.Net", "..\SharedNetLibs\BluetoothCommon.Net\BluetoothCommon.Net.csproj", "{0747D6BB-52D0-4082-82F0-B3A3F3D8F02D}"
EndProject
Project("{9A19103F-16F7-4668-BE54-9A1E7A4F7556}") = "BluetoothLE.Net", "..\SharedNetLibs\BluetoothLE\BluetoothLE.Net.csproj", "{BF0C5EB0-AEF3-444F-B486-4C1D3271FFFF}"
EndProject
Project("{FAE04EC0-301F-11D3-BF4B-00C04F79EFBC}") = "AurelienRibon.Ui.SyntaxHighlightBox", "AurelienRibon.Ui.SyntaxHighlightBox\AurelienRibon.Ui.SyntaxHighlightBox.csproj", "{10A9ECD3-AE1E-494D-9A27-8A32DD581759}"
EndProject
Project("{9A19103F-16F7-4668-BE54-9A1E7A4F7556}") = "Bluetooth.UWP.Core", "BluetoothLE.UWP.Core\Bluetooth.UWP.Core.csproj", "{31A222E3-7470-4102-A087-F6902FEDCC17}"
EndProject
Project("{9A19103F-16F7-4668-BE54-9A1E7A4F7556}") = "BluetoothRfComm.UWP.Core", "BluetoothRfComm.Win32.Core\BluetoothRfComm.UWP.Core.csproj", "{02BCC200-E4C3-4A45-A911-1471693E07A0}"
EndProject
Project("{9A19103F-16F7-4668-BE54-9A1E7A4F7556}") = "WifiCommon.Net", "..\SharedNetLibs\WifiCommon.Net\WifiCommon.Net.csproj", "{640C4743-4899-4CC0-8B1F-AC6B7A9CA08F}"
EndProject
Project("{9A19103F-16F7-4668-BE54-9A1E7A4F7556}") = "Wifi.UWP.Core", "Wifi.UWP.Core\Wifi.UWP.Core.csproj", "{60F7FA9D-29A0-4410-9008-EA062D2F8AFC}"
EndProject
Project("{9A19103F-16F7-4668-BE54-9A1E7A4F7556}") = "Communications.UWP.Core", "..\SharedNetCoreLibs\Communications.UWP.Core\Communications.UWP.Core.csproj", "{02DDAC66-796C-453E-A59D-08A31D61F69F}"
EndProject
Project("{C7167F0D-BC9F-4E6E-AFE1-012C56B48DB5}") = "MultiCommTerminal.MSIX", "MultiCommTerminal.MSIX\MultiCommTerminal.MSIX.wapproj", "{43B3E962-7E4F-44E2-A5A8-AE4660B72288}"
EndProject
Project("{9A19103F-16F7-4668-BE54-9A1E7A4F7556}") = "Common.Net", "..\SharedNetLibs\Common.Net\Common.Net.csproj", "{85DC0BCD-7FDC-4164-A6DE-D020188B5248}"
EndProject
Project("{9A19103F-16F7-4668-BE54-9A1E7A4F7556}") = "Serial.UWP.Core", "Serial.UWP.Core\Serial.UWP.Core.csproj", "{29FD78C3-523F-40A8-AB81-CF0CF6D5A1BE}"
EndProject
Project("{9A19103F-16F7-4668-BE54-9A1E7A4F7556}") = "SerialCommon.Net", "..\SharedNetLibs\SerialCommon.Net\SerialCommon.Net.csproj", "{DA822327-351C-4516-BDA3-B0266D57E8EB}"
EndProject
Project("{9A19103F-16F7-4668-BE54-9A1E7A4F7556}") = "Ethernet.UWP.Core", "Ethernet.UWP.Core\Ethernet.UWP.Core.csproj", "{18412F94-9FB8-4870-9864-B85313E1E069}"
EndProject
Project("{9A19103F-16F7-4668-BE54-9A1E7A4F7556}") = "Ethernet.Common.Net", "..\SharedNetLibs\Ethernet.Common.Net\Ethernet.Common.Net.csproj", "{FB8026AE-BEDC-4D83-BCF2-BC419E1F5825}"
EndProject
Project("{FAE04EC0-301F-11D3-BF4B-00C04F79EFBC}") = "Wifi.AndroidXamarin", "Wifi.AndroidXamarin\Wifi.AndroidXamarin.csproj", "{54D6678E-55C1-46DF-856F-FC9630026CFA}"
EndProject
Project("{FAE04EC0-301F-11D3-BF4B-00C04F79EFBC}") = "BluetoothRfComm.AndroidXamarin", "BluetoothRfComm.AndroidXamarin\BluetoothRfComm.AndroidXamarin.csproj", "{069F8D1A-9678-459E-8984-2EB5383A3EB4}"
EndProject
Project("{FAE04EC0-301F-11D3-BF4B-00C04F79EFBC}") = "MultiCommTerminal.XamarinForms.Android", "MultiCommTerminal.XamarinForms\MultiCommTerminal.XamarinForms.Android\MultiCommTerminal.XamarinForms.Android.csproj", "{1EBFFF32-6D49-4642-8019-71807CC2000E}"
EndProject
Project("{FAE04EC0-301F-11D3-BF4B-00C04F79EFBC}") = "MultiCommTerminal.XamarinForms.iOS", "MultiCommTerminal.XamarinForms\MultiCommTerminal.XamarinForms.iOS\MultiCommTerminal.XamarinForms.iOS.csproj", "{568DEEC2-A3B2-4820-8263-CECEDF7987A6}"
EndProject
Project("{9A19103F-16F7-4668-BE54-9A1E7A4F7556}") = "MultiCommTerminal.XamarinForms", "MultiCommTerminal.XamarinForms\MultiCommTerminal.XamarinForms\MultiCommTerminal.XamarinForms.csproj", "{E036B65B-B93C-4C80-AC96-5968A7ACEAD1}"
EndProject
Project("{FAE04EC0-301F-11D3-BF4B-00C04F79EFBC}") = "BluetoothCommonAndroidXamarin", "BluetoothCommonAndroidXamarin\BluetoothCommonAndroidXamarin.csproj", "{7728F061-B0FF-43BE-A039-F0000E1F43EC}"
EndProject
Project("{FAE04EC0-301F-11D3-BF4B-00C04F79EFBC}") = "MultiCommTerminalIconFactories", "MultiCommTerminalIconFactories\MultiCommTerminalIconFactories.csproj", "{B7A51635-A748-4A80-9D66-9A8573A9C09A}"
EndProject
Global
	GlobalSection(SolutionConfigurationPlatforms) = preSolution
		Debug|Any CPU = Debug|Any CPU
		Debug|ARM = Debug|ARM
		Debug|ARM64 = Debug|ARM64
		Debug|iPhone = Debug|iPhone
		Debug|iPhoneSimulator = Debug|iPhoneSimulator
		Debug|x64 = Debug|x64
		Debug|x86 = Debug|x86
		Release|Any CPU = Release|Any CPU
		Release|ARM = Release|ARM
		Release|ARM64 = Release|ARM64
		Release|iPhone = Release|iPhone
		Release|iPhoneSimulator = Release|iPhoneSimulator
		Release|x64 = Release|x64
		Release|x86 = Release|x86
	EndGlobalSection
	GlobalSection(ProjectConfigurationPlatforms) = postSolution
		{1EAD2701-7507-4984-9629-E1FB6525F62F}.Debug|Any CPU.ActiveCfg = Debug|Any CPU
		{1EAD2701-7507-4984-9629-E1FB6525F62F}.Debug|Any CPU.Build.0 = Debug|Any CPU
		{1EAD2701-7507-4984-9629-E1FB6525F62F}.Debug|ARM.ActiveCfg = Debug|Any CPU
		{1EAD2701-7507-4984-9629-E1FB6525F62F}.Debug|ARM.Build.0 = Debug|Any CPU
		{1EAD2701-7507-4984-9629-E1FB6525F62F}.Debug|ARM64.ActiveCfg = Debug|Any CPU
		{1EAD2701-7507-4984-9629-E1FB6525F62F}.Debug|ARM64.Build.0 = Debug|Any CPU
		{1EAD2701-7507-4984-9629-E1FB6525F62F}.Debug|iPhone.ActiveCfg = Debug|Any CPU
		{1EAD2701-7507-4984-9629-E1FB6525F62F}.Debug|iPhone.Build.0 = Debug|Any CPU
		{1EAD2701-7507-4984-9629-E1FB6525F62F}.Debug|iPhoneSimulator.ActiveCfg = Debug|Any CPU
		{1EAD2701-7507-4984-9629-E1FB6525F62F}.Debug|iPhoneSimulator.Build.0 = Debug|Any CPU
		{1EAD2701-7507-4984-9629-E1FB6525F62F}.Debug|x64.ActiveCfg = Debug|Any CPU
		{1EAD2701-7507-4984-9629-E1FB6525F62F}.Debug|x64.Build.0 = Debug|Any CPU
		{1EAD2701-7507-4984-9629-E1FB6525F62F}.Debug|x86.ActiveCfg = Debug|Any CPU
		{1EAD2701-7507-4984-9629-E1FB6525F62F}.Debug|x86.Build.0 = Debug|Any CPU
		{1EAD2701-7507-4984-9629-E1FB6525F62F}.Release|Any CPU.ActiveCfg = Release|Any CPU
		{1EAD2701-7507-4984-9629-E1FB6525F62F}.Release|Any CPU.Build.0 = Release|Any CPU
		{1EAD2701-7507-4984-9629-E1FB6525F62F}.Release|ARM.ActiveCfg = Release|Any CPU
		{1EAD2701-7507-4984-9629-E1FB6525F62F}.Release|ARM.Build.0 = Release|Any CPU
		{1EAD2701-7507-4984-9629-E1FB6525F62F}.Release|ARM64.ActiveCfg = Release|Any CPU
		{1EAD2701-7507-4984-9629-E1FB6525F62F}.Release|ARM64.Build.0 = Release|Any CPU
		{1EAD2701-7507-4984-9629-E1FB6525F62F}.Release|iPhone.ActiveCfg = Release|Any CPU
		{1EAD2701-7507-4984-9629-E1FB6525F62F}.Release|iPhone.Build.0 = Release|Any CPU
		{1EAD2701-7507-4984-9629-E1FB6525F62F}.Release|iPhoneSimulator.ActiveCfg = Release|Any CPU
		{1EAD2701-7507-4984-9629-E1FB6525F62F}.Release|iPhoneSimulator.Build.0 = Release|Any CPU
		{1EAD2701-7507-4984-9629-E1FB6525F62F}.Release|x64.ActiveCfg = Release|Any CPU
		{1EAD2701-7507-4984-9629-E1FB6525F62F}.Release|x64.Build.0 = Release|Any CPU
		{1EAD2701-7507-4984-9629-E1FB6525F62F}.Release|x86.ActiveCfg = Release|Any CPU
		{1EAD2701-7507-4984-9629-E1FB6525F62F}.Release|x86.Build.0 = Release|Any CPU
		{E6ECDC5E-F10C-4730-BDD1-B45936BFE05E}.Debug|Any CPU.ActiveCfg = Debug|Any CPU
		{E6ECDC5E-F10C-4730-BDD1-B45936BFE05E}.Debug|Any CPU.Build.0 = Debug|Any CPU
		{E6ECDC5E-F10C-4730-BDD1-B45936BFE05E}.Debug|ARM.ActiveCfg = Debug|Any CPU
		{E6ECDC5E-F10C-4730-BDD1-B45936BFE05E}.Debug|ARM.Build.0 = Debug|Any CPU
		{E6ECDC5E-F10C-4730-BDD1-B45936BFE05E}.Debug|ARM64.ActiveCfg = Debug|Any CPU
		{E6ECDC5E-F10C-4730-BDD1-B45936BFE05E}.Debug|ARM64.Build.0 = Debug|Any CPU
		{E6ECDC5E-F10C-4730-BDD1-B45936BFE05E}.Debug|iPhone.ActiveCfg = Debug|Any CPU
		{E6ECDC5E-F10C-4730-BDD1-B45936BFE05E}.Debug|iPhone.Build.0 = Debug|Any CPU
		{E6ECDC5E-F10C-4730-BDD1-B45936BFE05E}.Debug|iPhoneSimulator.ActiveCfg = Debug|Any CPU
		{E6ECDC5E-F10C-4730-BDD1-B45936BFE05E}.Debug|iPhoneSimulator.Build.0 = Debug|Any CPU
		{E6ECDC5E-F10C-4730-BDD1-B45936BFE05E}.Debug|x64.ActiveCfg = Debug|Any CPU
		{E6ECDC5E-F10C-4730-BDD1-B45936BFE05E}.Debug|x64.Build.0 = Debug|Any CPU
		{E6ECDC5E-F10C-4730-BDD1-B45936BFE05E}.Debug|x86.ActiveCfg = Debug|Any CPU
		{E6ECDC5E-F10C-4730-BDD1-B45936BFE05E}.Debug|x86.Build.0 = Debug|Any CPU
		{E6ECDC5E-F10C-4730-BDD1-B45936BFE05E}.Release|Any CPU.ActiveCfg = Release|Any CPU
		{E6ECDC5E-F10C-4730-BDD1-B45936BFE05E}.Release|Any CPU.Build.0 = Release|Any CPU
		{E6ECDC5E-F10C-4730-BDD1-B45936BFE05E}.Release|ARM.ActiveCfg = Release|Any CPU
		{E6ECDC5E-F10C-4730-BDD1-B45936BFE05E}.Release|ARM.Build.0 = Release|Any CPU
		{E6ECDC5E-F10C-4730-BDD1-B45936BFE05E}.Release|ARM64.ActiveCfg = Release|Any CPU
		{E6ECDC5E-F10C-4730-BDD1-B45936BFE05E}.Release|ARM64.Build.0 = Release|Any CPU
		{E6ECDC5E-F10C-4730-BDD1-B45936BFE05E}.Release|iPhone.ActiveCfg = Release|Any CPU
		{E6ECDC5E-F10C-4730-BDD1-B45936BFE05E}.Release|iPhone.Build.0 = Release|Any CPU
		{E6ECDC5E-F10C-4730-BDD1-B45936BFE05E}.Release|iPhoneSimulator.ActiveCfg = Release|Any CPU
		{E6ECDC5E-F10C-4730-BDD1-B45936BFE05E}.Release|iPhoneSimulator.Build.0 = Release|Any CPU
		{E6ECDC5E-F10C-4730-BDD1-B45936BFE05E}.Release|x64.ActiveCfg = Release|Any CPU
		{E6ECDC5E-F10C-4730-BDD1-B45936BFE05E}.Release|x64.Build.0 = Release|Any CPU
		{E6ECDC5E-F10C-4730-BDD1-B45936BFE05E}.Release|x86.ActiveCfg = Release|Any CPU
		{E6ECDC5E-F10C-4730-BDD1-B45936BFE05E}.Release|x86.Build.0 = Release|Any CPU
		{A71559FD-9A21-4F27-92EC-C89FBEF25718}.Debug|Any CPU.ActiveCfg = Debug|Any CPU
		{A71559FD-9A21-4F27-92EC-C89FBEF25718}.Debug|Any CPU.Build.0 = Debug|Any CPU
		{A71559FD-9A21-4F27-92EC-C89FBEF25718}.Debug|ARM.ActiveCfg = Debug|Any CPU
		{A71559FD-9A21-4F27-92EC-C89FBEF25718}.Debug|ARM.Build.0 = Debug|Any CPU
		{A71559FD-9A21-4F27-92EC-C89FBEF25718}.Debug|ARM64.ActiveCfg = Debug|Any CPU
		{A71559FD-9A21-4F27-92EC-C89FBEF25718}.Debug|ARM64.Build.0 = Debug|Any CPU
		{A71559FD-9A21-4F27-92EC-C89FBEF25718}.Debug|iPhone.ActiveCfg = Debug|Any CPU
		{A71559FD-9A21-4F27-92EC-C89FBEF25718}.Debug|iPhone.Build.0 = Debug|Any CPU
		{A71559FD-9A21-4F27-92EC-C89FBEF25718}.Debug|iPhoneSimulator.ActiveCfg = Debug|Any CPU
		{A71559FD-9A21-4F27-92EC-C89FBEF25718}.Debug|iPhoneSimulator.Build.0 = Debug|Any CPU
		{A71559FD-9A21-4F27-92EC-C89FBEF25718}.Debug|x64.ActiveCfg = Debug|Any CPU
		{A71559FD-9A21-4F27-92EC-C89FBEF25718}.Debug|x64.Build.0 = Debug|Any CPU
		{A71559FD-9A21-4F27-92EC-C89FBEF25718}.Debug|x86.ActiveCfg = Debug|Any CPU
		{A71559FD-9A21-4F27-92EC-C89FBEF25718}.Debug|x86.Build.0 = Debug|Any CPU
		{A71559FD-9A21-4F27-92EC-C89FBEF25718}.Release|Any CPU.ActiveCfg = Release|Any CPU
		{A71559FD-9A21-4F27-92EC-C89FBEF25718}.Release|Any CPU.Build.0 = Release|Any CPU
		{A71559FD-9A21-4F27-92EC-C89FBEF25718}.Release|ARM.ActiveCfg = Release|Any CPU
		{A71559FD-9A21-4F27-92EC-C89FBEF25718}.Release|ARM.Build.0 = Release|Any CPU
		{A71559FD-9A21-4F27-92EC-C89FBEF25718}.Release|ARM64.ActiveCfg = Release|Any CPU
		{A71559FD-9A21-4F27-92EC-C89FBEF25718}.Release|ARM64.Build.0 = Release|Any CPU
		{A71559FD-9A21-4F27-92EC-C89FBEF25718}.Release|iPhone.ActiveCfg = Release|Any CPU
		{A71559FD-9A21-4F27-92EC-C89FBEF25718}.Release|iPhone.Build.0 = Release|Any CPU
		{A71559FD-9A21-4F27-92EC-C89FBEF25718}.Release|iPhoneSimulator.ActiveCfg = Release|Any CPU
		{A71559FD-9A21-4F27-92EC-C89FBEF25718}.Release|iPhoneSimulator.Build.0 = Release|Any CPU
		{A71559FD-9A21-4F27-92EC-C89FBEF25718}.Release|x64.ActiveCfg = Release|Any CPU
		{A71559FD-9A21-4F27-92EC-C89FBEF25718}.Release|x64.Build.0 = Release|Any CPU
		{A71559FD-9A21-4F27-92EC-C89FBEF25718}.Release|x86.ActiveCfg = Release|Any CPU
		{A71559FD-9A21-4F27-92EC-C89FBEF25718}.Release|x86.Build.0 = Release|Any CPU
		{DB9AA64B-945B-41D5-A0DA-83407D2BFCC8}.Debug|Any CPU.ActiveCfg = Debug|Any CPU
		{DB9AA64B-945B-41D5-A0DA-83407D2BFCC8}.Debug|Any CPU.Build.0 = Debug|Any CPU
		{DB9AA64B-945B-41D5-A0DA-83407D2BFCC8}.Debug|ARM.ActiveCfg = Debug|Any CPU
		{DB9AA64B-945B-41D5-A0DA-83407D2BFCC8}.Debug|ARM.Build.0 = Debug|Any CPU
		{DB9AA64B-945B-41D5-A0DA-83407D2BFCC8}.Debug|ARM64.ActiveCfg = Debug|Any CPU
		{DB9AA64B-945B-41D5-A0DA-83407D2BFCC8}.Debug|ARM64.Build.0 = Debug|Any CPU
		{DB9AA64B-945B-41D5-A0DA-83407D2BFCC8}.Debug|iPhone.ActiveCfg = Debug|Any CPU
		{DB9AA64B-945B-41D5-A0DA-83407D2BFCC8}.Debug|iPhone.Build.0 = Debug|Any CPU
		{DB9AA64B-945B-41D5-A0DA-83407D2BFCC8}.Debug|iPhoneSimulator.ActiveCfg = Debug|Any CPU
		{DB9AA64B-945B-41D5-A0DA-83407D2BFCC8}.Debug|iPhoneSimulator.Build.0 = Debug|Any CPU
		{DB9AA64B-945B-41D5-A0DA-83407D2BFCC8}.Debug|x64.ActiveCfg = Debug|Any CPU
		{DB9AA64B-945B-41D5-A0DA-83407D2BFCC8}.Debug|x64.Build.0 = Debug|Any CPU
		{DB9AA64B-945B-41D5-A0DA-83407D2BFCC8}.Debug|x86.ActiveCfg = Debug|Any CPU
		{DB9AA64B-945B-41D5-A0DA-83407D2BFCC8}.Debug|x86.Build.0 = Debug|Any CPU
		{DB9AA64B-945B-41D5-A0DA-83407D2BFCC8}.Release|Any CPU.ActiveCfg = Release|Any CPU
		{DB9AA64B-945B-41D5-A0DA-83407D2BFCC8}.Release|Any CPU.Build.0 = Release|Any CPU
		{DB9AA64B-945B-41D5-A0DA-83407D2BFCC8}.Release|ARM.ActiveCfg = Release|Any CPU
		{DB9AA64B-945B-41D5-A0DA-83407D2BFCC8}.Release|ARM.Build.0 = Release|Any CPU
		{DB9AA64B-945B-41D5-A0DA-83407D2BFCC8}.Release|ARM64.ActiveCfg = Release|Any CPU
		{DB9AA64B-945B-41D5-A0DA-83407D2BFCC8}.Release|ARM64.Build.0 = Release|Any CPU
		{DB9AA64B-945B-41D5-A0DA-83407D2BFCC8}.Release|iPhone.ActiveCfg = Release|Any CPU
		{DB9AA64B-945B-41D5-A0DA-83407D2BFCC8}.Release|iPhone.Build.0 = Release|Any CPU
		{DB9AA64B-945B-41D5-A0DA-83407D2BFCC8}.Release|iPhoneSimulator.ActiveCfg = Release|Any CPU
		{DB9AA64B-945B-41D5-A0DA-83407D2BFCC8}.Release|iPhoneSimulator.Build.0 = Release|Any CPU
		{DB9AA64B-945B-41D5-A0DA-83407D2BFCC8}.Release|x64.ActiveCfg = Release|Any CPU
		{DB9AA64B-945B-41D5-A0DA-83407D2BFCC8}.Release|x64.Build.0 = Release|Any CPU
		{DB9AA64B-945B-41D5-A0DA-83407D2BFCC8}.Release|x86.ActiveCfg = Release|Any CPU
		{DB9AA64B-945B-41D5-A0DA-83407D2BFCC8}.Release|x86.Build.0 = Release|Any CPU
		{4F6445CD-1589-465A-864D-DC597B44745C}.Debug|Any CPU.ActiveCfg = Debug|Any CPU
		{4F6445CD-1589-465A-864D-DC597B44745C}.Debug|Any CPU.Build.0 = Debug|Any CPU
		{4F6445CD-1589-465A-864D-DC597B44745C}.Debug|ARM.ActiveCfg = Debug|Any CPU
		{4F6445CD-1589-465A-864D-DC597B44745C}.Debug|ARM.Build.0 = Debug|Any CPU
		{4F6445CD-1589-465A-864D-DC597B44745C}.Debug|ARM64.ActiveCfg = Debug|Any CPU
		{4F6445CD-1589-465A-864D-DC597B44745C}.Debug|ARM64.Build.0 = Debug|Any CPU
		{4F6445CD-1589-465A-864D-DC597B44745C}.Debug|iPhone.ActiveCfg = Debug|Any CPU
		{4F6445CD-1589-465A-864D-DC597B44745C}.Debug|iPhone.Build.0 = Debug|Any CPU
		{4F6445CD-1589-465A-864D-DC597B44745C}.Debug|iPhoneSimulator.ActiveCfg = Debug|Any CPU
		{4F6445CD-1589-465A-864D-DC597B44745C}.Debug|iPhoneSimulator.Build.0 = Debug|Any CPU
		{4F6445CD-1589-465A-864D-DC597B44745C}.Debug|x64.ActiveCfg = Debug|Any CPU
		{4F6445CD-1589-465A-864D-DC597B44745C}.Debug|x64.Build.0 = Debug|Any CPU
		{4F6445CD-1589-465A-864D-DC597B44745C}.Debug|x86.ActiveCfg = Debug|Any CPU
		{4F6445CD-1589-465A-864D-DC597B44745C}.Debug|x86.Build.0 = Debug|Any CPU
		{4F6445CD-1589-465A-864D-DC597B44745C}.Release|Any CPU.ActiveCfg = Release|Any CPU
		{4F6445CD-1589-465A-864D-DC597B44745C}.Release|Any CPU.Build.0 = Release|Any CPU
		{4F6445CD-1589-465A-864D-DC597B44745C}.Release|ARM.ActiveCfg = Release|Any CPU
		{4F6445CD-1589-465A-864D-DC597B44745C}.Release|ARM.Build.0 = Release|Any CPU
		{4F6445CD-1589-465A-864D-DC597B44745C}.Release|ARM64.ActiveCfg = Release|Any CPU
		{4F6445CD-1589-465A-864D-DC597B44745C}.Release|ARM64.Build.0 = Release|Any CPU
		{4F6445CD-1589-465A-864D-DC597B44745C}.Release|iPhone.ActiveCfg = Release|Any CPU
		{4F6445CD-1589-465A-864D-DC597B44745C}.Release|iPhone.Build.0 = Release|Any CPU
		{4F6445CD-1589-465A-864D-DC597B44745C}.Release|iPhoneSimulator.ActiveCfg = Release|Any CPU
		{4F6445CD-1589-465A-864D-DC597B44745C}.Release|iPhoneSimulator.Build.0 = Release|Any CPU
		{4F6445CD-1589-465A-864D-DC597B44745C}.Release|x64.ActiveCfg = Release|Any CPU
		{4F6445CD-1589-465A-864D-DC597B44745C}.Release|x64.Build.0 = Release|Any CPU
		{4F6445CD-1589-465A-864D-DC597B44745C}.Release|x86.ActiveCfg = Release|Any CPU
		{4F6445CD-1589-465A-864D-DC597B44745C}.Release|x86.Build.0 = Release|Any CPU
		{8CA4272F-AFD9-4737-A941-AB24ED051D40}.Debug|Any CPU.ActiveCfg = Debug|Any CPU
		{8CA4272F-AFD9-4737-A941-AB24ED051D40}.Debug|Any CPU.Build.0 = Debug|Any CPU
		{8CA4272F-AFD9-4737-A941-AB24ED051D40}.Debug|ARM.ActiveCfg = Debug|Any CPU
		{8CA4272F-AFD9-4737-A941-AB24ED051D40}.Debug|ARM.Build.0 = Debug|Any CPU
		{8CA4272F-AFD9-4737-A941-AB24ED051D40}.Debug|ARM64.ActiveCfg = Debug|Any CPU
		{8CA4272F-AFD9-4737-A941-AB24ED051D40}.Debug|ARM64.Build.0 = Debug|Any CPU
		{8CA4272F-AFD9-4737-A941-AB24ED051D40}.Debug|iPhone.ActiveCfg = Debug|Any CPU
		{8CA4272F-AFD9-4737-A941-AB24ED051D40}.Debug|iPhone.Build.0 = Debug|Any CPU
		{8CA4272F-AFD9-4737-A941-AB24ED051D40}.Debug|iPhoneSimulator.ActiveCfg = Debug|Any CPU
		{8CA4272F-AFD9-4737-A941-AB24ED051D40}.Debug|iPhoneSimulator.Build.0 = Debug|Any CPU
		{8CA4272F-AFD9-4737-A941-AB24ED051D40}.Debug|x64.ActiveCfg = Debug|Any CPU
		{8CA4272F-AFD9-4737-A941-AB24ED051D40}.Debug|x64.Build.0 = Debug|Any CPU
		{8CA4272F-AFD9-4737-A941-AB24ED051D40}.Debug|x86.ActiveCfg = Debug|Any CPU
		{8CA4272F-AFD9-4737-A941-AB24ED051D40}.Debug|x86.Build.0 = Debug|Any CPU
		{8CA4272F-AFD9-4737-A941-AB24ED051D40}.Release|Any CPU.ActiveCfg = Release|Any CPU
		{8CA4272F-AFD9-4737-A941-AB24ED051D40}.Release|Any CPU.Build.0 = Release|Any CPU
		{8CA4272F-AFD9-4737-A941-AB24ED051D40}.Release|ARM.ActiveCfg = Release|Any CPU
		{8CA4272F-AFD9-4737-A941-AB24ED051D40}.Release|ARM.Build.0 = Release|Any CPU
		{8CA4272F-AFD9-4737-A941-AB24ED051D40}.Release|ARM64.ActiveCfg = Release|Any CPU
		{8CA4272F-AFD9-4737-A941-AB24ED051D40}.Release|ARM64.Build.0 = Release|Any CPU
		{8CA4272F-AFD9-4737-A941-AB24ED051D40}.Release|iPhone.ActiveCfg = Release|Any CPU
		{8CA4272F-AFD9-4737-A941-AB24ED051D40}.Release|iPhone.Build.0 = Release|Any CPU
		{8CA4272F-AFD9-4737-A941-AB24ED051D40}.Release|iPhoneSimulator.ActiveCfg = Release|Any CPU
		{8CA4272F-AFD9-4737-A941-AB24ED051D40}.Release|iPhoneSimulator.Build.0 = Release|Any CPU
		{8CA4272F-AFD9-4737-A941-AB24ED051D40}.Release|x64.ActiveCfg = Release|Any CPU
		{8CA4272F-AFD9-4737-A941-AB24ED051D40}.Release|x64.Build.0 = Release|Any CPU
		{8CA4272F-AFD9-4737-A941-AB24ED051D40}.Release|x86.ActiveCfg = Release|Any CPU
		{8CA4272F-AFD9-4737-A941-AB24ED051D40}.Release|x86.Build.0 = Release|Any CPU
		{6D911CDF-3F4F-45F8-A698-BCB47FF53E08}.Debug|Any CPU.ActiveCfg = Debug|Any CPU
		{6D911CDF-3F4F-45F8-A698-BCB47FF53E08}.Debug|Any CPU.Build.0 = Debug|Any CPU
		{6D911CDF-3F4F-45F8-A698-BCB47FF53E08}.Debug|ARM.ActiveCfg = Debug|Any CPU
		{6D911CDF-3F4F-45F8-A698-BCB47FF53E08}.Debug|ARM.Build.0 = Debug|Any CPU
		{6D911CDF-3F4F-45F8-A698-BCB47FF53E08}.Debug|ARM64.ActiveCfg = Debug|Any CPU
		{6D911CDF-3F4F-45F8-A698-BCB47FF53E08}.Debug|ARM64.Build.0 = Debug|Any CPU
		{6D911CDF-3F4F-45F8-A698-BCB47FF53E08}.Debug|iPhone.ActiveCfg = Debug|Any CPU
		{6D911CDF-3F4F-45F8-A698-BCB47FF53E08}.Debug|iPhone.Build.0 = Debug|Any CPU
		{6D911CDF-3F4F-45F8-A698-BCB47FF53E08}.Debug|iPhoneSimulator.ActiveCfg = Debug|Any CPU
		{6D911CDF-3F4F-45F8-A698-BCB47FF53E08}.Debug|iPhoneSimulator.Build.0 = Debug|Any CPU
		{6D911CDF-3F4F-45F8-A698-BCB47FF53E08}.Debug|x64.ActiveCfg = Debug|Any CPU
		{6D911CDF-3F4F-45F8-A698-BCB47FF53E08}.Debug|x64.Build.0 = Debug|Any CPU
		{6D911CDF-3F4F-45F8-A698-BCB47FF53E08}.Debug|x86.ActiveCfg = Debug|Any CPU
		{6D911CDF-3F4F-45F8-A698-BCB47FF53E08}.Debug|x86.Build.0 = Debug|Any CPU
		{6D911CDF-3F4F-45F8-A698-BCB47FF53E08}.Release|Any CPU.ActiveCfg = Release|Any CPU
		{6D911CDF-3F4F-45F8-A698-BCB47FF53E08}.Release|Any CPU.Build.0 = Release|Any CPU
		{6D911CDF-3F4F-45F8-A698-BCB47FF53E08}.Release|ARM.ActiveCfg = Release|Any CPU
		{6D911CDF-3F4F-45F8-A698-BCB47FF53E08}.Release|ARM.Build.0 = Release|Any CPU
		{6D911CDF-3F4F-45F8-A698-BCB47FF53E08}.Release|ARM64.ActiveCfg = Release|Any CPU
		{6D911CDF-3F4F-45F8-A698-BCB47FF53E08}.Release|ARM64.Build.0 = Release|Any CPU
		{6D911CDF-3F4F-45F8-A698-BCB47FF53E08}.Release|iPhone.ActiveCfg = Release|Any CPU
		{6D911CDF-3F4F-45F8-A698-BCB47FF53E08}.Release|iPhone.Build.0 = Release|Any CPU
		{6D911CDF-3F4F-45F8-A698-BCB47FF53E08}.Release|iPhoneSimulator.ActiveCfg = Release|Any CPU
		{6D911CDF-3F4F-45F8-A698-BCB47FF53E08}.Release|iPhoneSimulator.Build.0 = Release|Any CPU
		{6D911CDF-3F4F-45F8-A698-BCB47FF53E08}.Release|x64.ActiveCfg = Release|Any CPU
		{6D911CDF-3F4F-45F8-A698-BCB47FF53E08}.Release|x64.Build.0 = Release|Any CPU
		{6D911CDF-3F4F-45F8-A698-BCB47FF53E08}.Release|x86.ActiveCfg = Release|Any CPU
		{6D911CDF-3F4F-45F8-A698-BCB47FF53E08}.Release|x86.Build.0 = Release|Any CPU
		{F86E019F-F046-4DC2-A949-D0EA0F0D0964}.Debug|Any CPU.ActiveCfg = Debug|Any CPU
		{F86E019F-F046-4DC2-A949-D0EA0F0D0964}.Debug|Any CPU.Build.0 = Debug|Any CPU
		{F86E019F-F046-4DC2-A949-D0EA0F0D0964}.Debug|ARM.ActiveCfg = Debug|Any CPU
		{F86E019F-F046-4DC2-A949-D0EA0F0D0964}.Debug|ARM.Build.0 = Debug|Any CPU
		{F86E019F-F046-4DC2-A949-D0EA0F0D0964}.Debug|ARM64.ActiveCfg = Debug|Any CPU
		{F86E019F-F046-4DC2-A949-D0EA0F0D0964}.Debug|ARM64.Build.0 = Debug|Any CPU
		{F86E019F-F046-4DC2-A949-D0EA0F0D0964}.Debug|iPhone.ActiveCfg = Debug|Any CPU
		{F86E019F-F046-4DC2-A949-D0EA0F0D0964}.Debug|iPhone.Build.0 = Debug|Any CPU
		{F86E019F-F046-4DC2-A949-D0EA0F0D0964}.Debug|iPhoneSimulator.ActiveCfg = Debug|Any CPU
		{F86E019F-F046-4DC2-A949-D0EA0F0D0964}.Debug|iPhoneSimulator.Build.0 = Debug|Any CPU
		{F86E019F-F046-4DC2-A949-D0EA0F0D0964}.Debug|x64.ActiveCfg = Debug|Any CPU
		{F86E019F-F046-4DC2-A949-D0EA0F0D0964}.Debug|x64.Build.0 = Debug|Any CPU
		{F86E019F-F046-4DC2-A949-D0EA0F0D0964}.Debug|x86.ActiveCfg = Debug|Any CPU
		{F86E019F-F046-4DC2-A949-D0EA0F0D0964}.Debug|x86.Build.0 = Debug|Any CPU
		{F86E019F-F046-4DC2-A949-D0EA0F0D0964}.Release|Any CPU.ActiveCfg = Release|Any CPU
		{F86E019F-F046-4DC2-A949-D0EA0F0D0964}.Release|Any CPU.Build.0 = Release|Any CPU
		{F86E019F-F046-4DC2-A949-D0EA0F0D0964}.Release|ARM.ActiveCfg = Release|Any CPU
		{F86E019F-F046-4DC2-A949-D0EA0F0D0964}.Release|ARM.Build.0 = Release|Any CPU
		{F86E019F-F046-4DC2-A949-D0EA0F0D0964}.Release|ARM64.ActiveCfg = Release|Any CPU
		{F86E019F-F046-4DC2-A949-D0EA0F0D0964}.Release|ARM64.Build.0 = Release|Any CPU
		{F86E019F-F046-4DC2-A949-D0EA0F0D0964}.Release|iPhone.ActiveCfg = Release|Any CPU
		{F86E019F-F046-4DC2-A949-D0EA0F0D0964}.Release|iPhone.Build.0 = Release|Any CPU
		{F86E019F-F046-4DC2-A949-D0EA0F0D0964}.Release|iPhoneSimulator.ActiveCfg = Release|Any CPU
		{F86E019F-F046-4DC2-A949-D0EA0F0D0964}.Release|iPhoneSimulator.Build.0 = Release|Any CPU
		{F86E019F-F046-4DC2-A949-D0EA0F0D0964}.Release|x64.ActiveCfg = Release|Any CPU
		{F86E019F-F046-4DC2-A949-D0EA0F0D0964}.Release|x64.Build.0 = Release|Any CPU
		{F86E019F-F046-4DC2-A949-D0EA0F0D0964}.Release|x86.ActiveCfg = Release|Any CPU
		{F86E019F-F046-4DC2-A949-D0EA0F0D0964}.Release|x86.Build.0 = Release|Any CPU
		{B5D8B51D-7186-458F-A02C-200E104463F0}.Debug|Any CPU.ActiveCfg = Debug|Any CPU
		{B5D8B51D-7186-458F-A02C-200E104463F0}.Debug|Any CPU.Build.0 = Debug|Any CPU
		{B5D8B51D-7186-458F-A02C-200E104463F0}.Debug|ARM.ActiveCfg = Debug|Any CPU
		{B5D8B51D-7186-458F-A02C-200E104463F0}.Debug|ARM.Build.0 = Debug|Any CPU
		{B5D8B51D-7186-458F-A02C-200E104463F0}.Debug|ARM64.ActiveCfg = Debug|Any CPU
		{B5D8B51D-7186-458F-A02C-200E104463F0}.Debug|ARM64.Build.0 = Debug|Any CPU
		{B5D8B51D-7186-458F-A02C-200E104463F0}.Debug|iPhone.ActiveCfg = Debug|Any CPU
		{B5D8B51D-7186-458F-A02C-200E104463F0}.Debug|iPhone.Build.0 = Debug|Any CPU
		{B5D8B51D-7186-458F-A02C-200E104463F0}.Debug|iPhoneSimulator.ActiveCfg = Debug|Any CPU
		{B5D8B51D-7186-458F-A02C-200E104463F0}.Debug|iPhoneSimulator.Build.0 = Debug|Any CPU
		{B5D8B51D-7186-458F-A02C-200E104463F0}.Debug|x64.ActiveCfg = Debug|Any CPU
		{B5D8B51D-7186-458F-A02C-200E104463F0}.Debug|x64.Build.0 = Debug|Any CPU
		{B5D8B51D-7186-458F-A02C-200E104463F0}.Debug|x86.ActiveCfg = Debug|Any CPU
		{B5D8B51D-7186-458F-A02C-200E104463F0}.Debug|x86.Build.0 = Debug|Any CPU
		{B5D8B51D-7186-458F-A02C-200E104463F0}.Release|Any CPU.ActiveCfg = Release|Any CPU
		{B5D8B51D-7186-458F-A02C-200E104463F0}.Release|Any CPU.Build.0 = Release|Any CPU
		{B5D8B51D-7186-458F-A02C-200E104463F0}.Release|ARM.ActiveCfg = Release|Any CPU
		{B5D8B51D-7186-458F-A02C-200E104463F0}.Release|ARM.Build.0 = Release|Any CPU
		{B5D8B51D-7186-458F-A02C-200E104463F0}.Release|ARM64.ActiveCfg = Release|Any CPU
		{B5D8B51D-7186-458F-A02C-200E104463F0}.Release|ARM64.Build.0 = Release|Any CPU
		{B5D8B51D-7186-458F-A02C-200E104463F0}.Release|iPhone.ActiveCfg = Release|Any CPU
		{B5D8B51D-7186-458F-A02C-200E104463F0}.Release|iPhone.Build.0 = Release|Any CPU
		{B5D8B51D-7186-458F-A02C-200E104463F0}.Release|iPhoneSimulator.ActiveCfg = Release|Any CPU
		{B5D8B51D-7186-458F-A02C-200E104463F0}.Release|iPhoneSimulator.Build.0 = Release|Any CPU
		{B5D8B51D-7186-458F-A02C-200E104463F0}.Release|x64.ActiveCfg = Release|Any CPU
		{B5D8B51D-7186-458F-A02C-200E104463F0}.Release|x64.Build.0 = Release|Any CPU
		{B5D8B51D-7186-458F-A02C-200E104463F0}.Release|x86.ActiveCfg = Release|Any CPU
		{B5D8B51D-7186-458F-A02C-200E104463F0}.Release|x86.Build.0 = Release|Any CPU
		{C7371D08-8844-4C42-88A7-9E612314E13D}.Debug|Any CPU.ActiveCfg = Debug|Any CPU
		{C7371D08-8844-4C42-88A7-9E612314E13D}.Debug|Any CPU.Build.0 = Debug|Any CPU
		{C7371D08-8844-4C42-88A7-9E612314E13D}.Debug|ARM.ActiveCfg = Debug|Any CPU
		{C7371D08-8844-4C42-88A7-9E612314E13D}.Debug|ARM.Build.0 = Debug|Any CPU
		{C7371D08-8844-4C42-88A7-9E612314E13D}.Debug|ARM64.ActiveCfg = Debug|Any CPU
		{C7371D08-8844-4C42-88A7-9E612314E13D}.Debug|ARM64.Build.0 = Debug|Any CPU
		{C7371D08-8844-4C42-88A7-9E612314E13D}.Debug|iPhone.ActiveCfg = Debug|Any CPU
		{C7371D08-8844-4C42-88A7-9E612314E13D}.Debug|iPhone.Build.0 = Debug|Any CPU
		{C7371D08-8844-4C42-88A7-9E612314E13D}.Debug|iPhoneSimulator.ActiveCfg = Debug|Any CPU
		{C7371D08-8844-4C42-88A7-9E612314E13D}.Debug|iPhoneSimulator.Build.0 = Debug|Any CPU
		{C7371D08-8844-4C42-88A7-9E612314E13D}.Debug|x64.ActiveCfg = Debug|Any CPU
		{C7371D08-8844-4C42-88A7-9E612314E13D}.Debug|x64.Build.0 = Debug|Any CPU
		{C7371D08-8844-4C42-88A7-9E612314E13D}.Debug|x86.ActiveCfg = Debug|Any CPU
		{C7371D08-8844-4C42-88A7-9E612314E13D}.Debug|x86.Build.0 = Debug|Any CPU
		{C7371D08-8844-4C42-88A7-9E612314E13D}.Release|Any CPU.ActiveCfg = Release|Any CPU
		{C7371D08-8844-4C42-88A7-9E612314E13D}.Release|Any CPU.Build.0 = Release|Any CPU
		{C7371D08-8844-4C42-88A7-9E612314E13D}.Release|ARM.ActiveCfg = Release|Any CPU
		{C7371D08-8844-4C42-88A7-9E612314E13D}.Release|ARM.Build.0 = Release|Any CPU
		{C7371D08-8844-4C42-88A7-9E612314E13D}.Release|ARM64.ActiveCfg = Release|Any CPU
		{C7371D08-8844-4C42-88A7-9E612314E13D}.Release|ARM64.Build.0 = Release|Any CPU
		{C7371D08-8844-4C42-88A7-9E612314E13D}.Release|iPhone.ActiveCfg = Release|Any CPU
		{C7371D08-8844-4C42-88A7-9E612314E13D}.Release|iPhone.Build.0 = Release|Any CPU
		{C7371D08-8844-4C42-88A7-9E612314E13D}.Release|iPhoneSimulator.ActiveCfg = Release|Any CPU
		{C7371D08-8844-4C42-88A7-9E612314E13D}.Release|iPhoneSimulator.Build.0 = Release|Any CPU
		{C7371D08-8844-4C42-88A7-9E612314E13D}.Release|x64.ActiveCfg = Release|Any CPU
		{C7371D08-8844-4C42-88A7-9E612314E13D}.Release|x64.Build.0 = Release|Any CPU
		{C7371D08-8844-4C42-88A7-9E612314E13D}.Release|x86.ActiveCfg = Release|Any CPU
		{C7371D08-8844-4C42-88A7-9E612314E13D}.Release|x86.Build.0 = Release|Any CPU
		{8702AF2D-436D-485D-B6A7-F2854E56B9C4}.Debug|Any CPU.ActiveCfg = Debug|Any CPU
		{8702AF2D-436D-485D-B6A7-F2854E56B9C4}.Debug|Any CPU.Build.0 = Debug|Any CPU
		{8702AF2D-436D-485D-B6A7-F2854E56B9C4}.Debug|ARM.ActiveCfg = Debug|Any CPU
		{8702AF2D-436D-485D-B6A7-F2854E56B9C4}.Debug|ARM.Build.0 = Debug|Any CPU
		{8702AF2D-436D-485D-B6A7-F2854E56B9C4}.Debug|ARM64.ActiveCfg = Debug|Any CPU
		{8702AF2D-436D-485D-B6A7-F2854E56B9C4}.Debug|ARM64.Build.0 = Debug|Any CPU
		{8702AF2D-436D-485D-B6A7-F2854E56B9C4}.Debug|iPhone.ActiveCfg = Debug|Any CPU
		{8702AF2D-436D-485D-B6A7-F2854E56B9C4}.Debug|iPhone.Build.0 = Debug|Any CPU
		{8702AF2D-436D-485D-B6A7-F2854E56B9C4}.Debug|iPhoneSimulator.ActiveCfg = Debug|Any CPU
		{8702AF2D-436D-485D-B6A7-F2854E56B9C4}.Debug|iPhoneSimulator.Build.0 = Debug|Any CPU
		{8702AF2D-436D-485D-B6A7-F2854E56B9C4}.Debug|x64.ActiveCfg = Debug|Any CPU
		{8702AF2D-436D-485D-B6A7-F2854E56B9C4}.Debug|x64.Build.0 = Debug|Any CPU
		{8702AF2D-436D-485D-B6A7-F2854E56B9C4}.Debug|x86.ActiveCfg = Debug|Any CPU
		{8702AF2D-436D-485D-B6A7-F2854E56B9C4}.Debug|x86.Build.0 = Debug|Any CPU
		{8702AF2D-436D-485D-B6A7-F2854E56B9C4}.Release|Any CPU.ActiveCfg = Release|Any CPU
		{8702AF2D-436D-485D-B6A7-F2854E56B9C4}.Release|Any CPU.Build.0 = Release|Any CPU
		{8702AF2D-436D-485D-B6A7-F2854E56B9C4}.Release|ARM.ActiveCfg = Release|Any CPU
		{8702AF2D-436D-485D-B6A7-F2854E56B9C4}.Release|ARM.Build.0 = Release|Any CPU
		{8702AF2D-436D-485D-B6A7-F2854E56B9C4}.Release|ARM64.ActiveCfg = Release|Any CPU
		{8702AF2D-436D-485D-B6A7-F2854E56B9C4}.Release|ARM64.Build.0 = Release|Any CPU
		{8702AF2D-436D-485D-B6A7-F2854E56B9C4}.Release|iPhone.ActiveCfg = Release|Any CPU
		{8702AF2D-436D-485D-B6A7-F2854E56B9C4}.Release|iPhone.Build.0 = Release|Any CPU
		{8702AF2D-436D-485D-B6A7-F2854E56B9C4}.Release|iPhoneSimulator.ActiveCfg = Release|Any CPU
		{8702AF2D-436D-485D-B6A7-F2854E56B9C4}.Release|iPhoneSimulator.Build.0 = Release|Any CPU
		{8702AF2D-436D-485D-B6A7-F2854E56B9C4}.Release|x64.ActiveCfg = Release|Any CPU
		{8702AF2D-436D-485D-B6A7-F2854E56B9C4}.Release|x64.Build.0 = Release|Any CPU
		{8702AF2D-436D-485D-B6A7-F2854E56B9C4}.Release|x86.ActiveCfg = Release|Any CPU
		{8702AF2D-436D-485D-B6A7-F2854E56B9C4}.Release|x86.Build.0 = Release|Any CPU
		{34EB157E-2489-4B3E-9E6A-BE92D5ED4711}.Debug|Any CPU.ActiveCfg = Debug|Any CPU
		{34EB157E-2489-4B3E-9E6A-BE92D5ED4711}.Debug|Any CPU.Build.0 = Debug|Any CPU
		{34EB157E-2489-4B3E-9E6A-BE92D5ED4711}.Debug|ARM.ActiveCfg = Debug|Any CPU
		{34EB157E-2489-4B3E-9E6A-BE92D5ED4711}.Debug|ARM.Build.0 = Debug|Any CPU
		{34EB157E-2489-4B3E-9E6A-BE92D5ED4711}.Debug|ARM64.ActiveCfg = Debug|Any CPU
		{34EB157E-2489-4B3E-9E6A-BE92D5ED4711}.Debug|ARM64.Build.0 = Debug|Any CPU
		{34EB157E-2489-4B3E-9E6A-BE92D5ED4711}.Debug|iPhone.ActiveCfg = Debug|Any CPU
		{34EB157E-2489-4B3E-9E6A-BE92D5ED4711}.Debug|iPhone.Build.0 = Debug|Any CPU
		{34EB157E-2489-4B3E-9E6A-BE92D5ED4711}.Debug|iPhoneSimulator.ActiveCfg = Debug|Any CPU
		{34EB157E-2489-4B3E-9E6A-BE92D5ED4711}.Debug|iPhoneSimulator.Build.0 = Debug|Any CPU
		{34EB157E-2489-4B3E-9E6A-BE92D5ED4711}.Debug|x64.ActiveCfg = Debug|Any CPU
		{34EB157E-2489-4B3E-9E6A-BE92D5ED4711}.Debug|x64.Build.0 = Debug|Any CPU
		{34EB157E-2489-4B3E-9E6A-BE92D5ED4711}.Debug|x86.ActiveCfg = Debug|Any CPU
		{34EB157E-2489-4B3E-9E6A-BE92D5ED4711}.Debug|x86.Build.0 = Debug|Any CPU
		{34EB157E-2489-4B3E-9E6A-BE92D5ED4711}.Release|Any CPU.ActiveCfg = Release|Any CPU
		{34EB157E-2489-4B3E-9E6A-BE92D5ED4711}.Release|Any CPU.Build.0 = Release|Any CPU
		{34EB157E-2489-4B3E-9E6A-BE92D5ED4711}.Release|ARM.ActiveCfg = Release|Any CPU
		{34EB157E-2489-4B3E-9E6A-BE92D5ED4711}.Release|ARM.Build.0 = Release|Any CPU
		{34EB157E-2489-4B3E-9E6A-BE92D5ED4711}.Release|ARM64.ActiveCfg = Release|Any CPU
		{34EB157E-2489-4B3E-9E6A-BE92D5ED4711}.Release|ARM64.Build.0 = Release|Any CPU
		{34EB157E-2489-4B3E-9E6A-BE92D5ED4711}.Release|iPhone.ActiveCfg = Release|Any CPU
		{34EB157E-2489-4B3E-9E6A-BE92D5ED4711}.Release|iPhone.Build.0 = Release|Any CPU
		{34EB157E-2489-4B3E-9E6A-BE92D5ED4711}.Release|iPhoneSimulator.ActiveCfg = Release|Any CPU
		{34EB157E-2489-4B3E-9E6A-BE92D5ED4711}.Release|iPhoneSimulator.Build.0 = Release|Any CPU
		{34EB157E-2489-4B3E-9E6A-BE92D5ED4711}.Release|x64.ActiveCfg = Release|Any CPU
		{34EB157E-2489-4B3E-9E6A-BE92D5ED4711}.Release|x64.Build.0 = Release|Any CPU
		{34EB157E-2489-4B3E-9E6A-BE92D5ED4711}.Release|x86.ActiveCfg = Release|Any CPU
		{34EB157E-2489-4B3E-9E6A-BE92D5ED4711}.Release|x86.Build.0 = Release|Any CPU
		{0747D6BB-52D0-4082-82F0-B3A3F3D8F02D}.Debug|Any CPU.ActiveCfg = Debug|Any CPU
		{0747D6BB-52D0-4082-82F0-B3A3F3D8F02D}.Debug|Any CPU.Build.0 = Debug|Any CPU
		{0747D6BB-52D0-4082-82F0-B3A3F3D8F02D}.Debug|ARM.ActiveCfg = Debug|Any CPU
		{0747D6BB-52D0-4082-82F0-B3A3F3D8F02D}.Debug|ARM.Build.0 = Debug|Any CPU
		{0747D6BB-52D0-4082-82F0-B3A3F3D8F02D}.Debug|ARM64.ActiveCfg = Debug|Any CPU
		{0747D6BB-52D0-4082-82F0-B3A3F3D8F02D}.Debug|ARM64.Build.0 = Debug|Any CPU
		{0747D6BB-52D0-4082-82F0-B3A3F3D8F02D}.Debug|iPhone.ActiveCfg = Debug|Any CPU
		{0747D6BB-52D0-4082-82F0-B3A3F3D8F02D}.Debug|iPhone.Build.0 = Debug|Any CPU
		{0747D6BB-52D0-4082-82F0-B3A3F3D8F02D}.Debug|iPhoneSimulator.ActiveCfg = Debug|Any CPU
		{0747D6BB-52D0-4082-82F0-B3A3F3D8F02D}.Debug|iPhoneSimulator.Build.0 = Debug|Any CPU
		{0747D6BB-52D0-4082-82F0-B3A3F3D8F02D}.Debug|x64.ActiveCfg = Debug|Any CPU
		{0747D6BB-52D0-4082-82F0-B3A3F3D8F02D}.Debug|x64.Build.0 = Debug|Any CPU
		{0747D6BB-52D0-4082-82F0-B3A3F3D8F02D}.Debug|x86.ActiveCfg = Debug|Any CPU
		{0747D6BB-52D0-4082-82F0-B3A3F3D8F02D}.Debug|x86.Build.0 = Debug|Any CPU
		{0747D6BB-52D0-4082-82F0-B3A3F3D8F02D}.Release|Any CPU.ActiveCfg = Release|Any CPU
		{0747D6BB-52D0-4082-82F0-B3A3F3D8F02D}.Release|Any CPU.Build.0 = Release|Any CPU
		{0747D6BB-52D0-4082-82F0-B3A3F3D8F02D}.Release|ARM.ActiveCfg = Release|Any CPU
		{0747D6BB-52D0-4082-82F0-B3A3F3D8F02D}.Release|ARM.Build.0 = Release|Any CPU
		{0747D6BB-52D0-4082-82F0-B3A3F3D8F02D}.Release|ARM64.ActiveCfg = Release|Any CPU
		{0747D6BB-52D0-4082-82F0-B3A3F3D8F02D}.Release|ARM64.Build.0 = Release|Any CPU
		{0747D6BB-52D0-4082-82F0-B3A3F3D8F02D}.Release|iPhone.ActiveCfg = Release|Any CPU
		{0747D6BB-52D0-4082-82F0-B3A3F3D8F02D}.Release|iPhone.Build.0 = Release|Any CPU
		{0747D6BB-52D0-4082-82F0-B3A3F3D8F02D}.Release|iPhoneSimulator.ActiveCfg = Release|Any CPU
		{0747D6BB-52D0-4082-82F0-B3A3F3D8F02D}.Release|iPhoneSimulator.Build.0 = Release|Any CPU
		{0747D6BB-52D0-4082-82F0-B3A3F3D8F02D}.Release|x64.ActiveCfg = Release|Any CPU
		{0747D6BB-52D0-4082-82F0-B3A3F3D8F02D}.Release|x64.Build.0 = Release|Any CPU
		{0747D6BB-52D0-4082-82F0-B3A3F3D8F02D}.Release|x86.ActiveCfg = Release|Any CPU
		{0747D6BB-52D0-4082-82F0-B3A3F3D8F02D}.Release|x86.Build.0 = Release|Any CPU
		{BF0C5EB0-AEF3-444F-B486-4C1D3271FFFF}.Debug|Any CPU.ActiveCfg = Debug|Any CPU
		{BF0C5EB0-AEF3-444F-B486-4C1D3271FFFF}.Debug|Any CPU.Build.0 = Debug|Any CPU
		{BF0C5EB0-AEF3-444F-B486-4C1D3271FFFF}.Debug|ARM.ActiveCfg = Debug|Any CPU
		{BF0C5EB0-AEF3-444F-B486-4C1D3271FFFF}.Debug|ARM.Build.0 = Debug|Any CPU
		{BF0C5EB0-AEF3-444F-B486-4C1D3271FFFF}.Debug|ARM64.ActiveCfg = Debug|Any CPU
		{BF0C5EB0-AEF3-444F-B486-4C1D3271FFFF}.Debug|ARM64.Build.0 = Debug|Any CPU
		{BF0C5EB0-AEF3-444F-B486-4C1D3271FFFF}.Debug|iPhone.ActiveCfg = Debug|Any CPU
		{BF0C5EB0-AEF3-444F-B486-4C1D3271FFFF}.Debug|iPhone.Build.0 = Debug|Any CPU
		{BF0C5EB0-AEF3-444F-B486-4C1D3271FFFF}.Debug|iPhoneSimulator.ActiveCfg = Debug|Any CPU
		{BF0C5EB0-AEF3-444F-B486-4C1D3271FFFF}.Debug|iPhoneSimulator.Build.0 = Debug|Any CPU
		{BF0C5EB0-AEF3-444F-B486-4C1D3271FFFF}.Debug|x64.ActiveCfg = Debug|Any CPU
		{BF0C5EB0-AEF3-444F-B486-4C1D3271FFFF}.Debug|x64.Build.0 = Debug|Any CPU
		{BF0C5EB0-AEF3-444F-B486-4C1D3271FFFF}.Debug|x86.ActiveCfg = Debug|Any CPU
		{BF0C5EB0-AEF3-444F-B486-4C1D3271FFFF}.Debug|x86.Build.0 = Debug|Any CPU
		{BF0C5EB0-AEF3-444F-B486-4C1D3271FFFF}.Release|Any CPU.ActiveCfg = Release|Any CPU
		{BF0C5EB0-AEF3-444F-B486-4C1D3271FFFF}.Release|Any CPU.Build.0 = Release|Any CPU
		{BF0C5EB0-AEF3-444F-B486-4C1D3271FFFF}.Release|ARM.ActiveCfg = Release|Any CPU
		{BF0C5EB0-AEF3-444F-B486-4C1D3271FFFF}.Release|ARM.Build.0 = Release|Any CPU
		{BF0C5EB0-AEF3-444F-B486-4C1D3271FFFF}.Release|ARM64.ActiveCfg = Release|Any CPU
		{BF0C5EB0-AEF3-444F-B486-4C1D3271FFFF}.Release|ARM64.Build.0 = Release|Any CPU
		{BF0C5EB0-AEF3-444F-B486-4C1D3271FFFF}.Release|iPhone.ActiveCfg = Release|Any CPU
		{BF0C5EB0-AEF3-444F-B486-4C1D3271FFFF}.Release|iPhone.Build.0 = Release|Any CPU
		{BF0C5EB0-AEF3-444F-B486-4C1D3271FFFF}.Release|iPhoneSimulator.ActiveCfg = Release|Any CPU
		{BF0C5EB0-AEF3-444F-B486-4C1D3271FFFF}.Release|iPhoneSimulator.Build.0 = Release|Any CPU
		{BF0C5EB0-AEF3-444F-B486-4C1D3271FFFF}.Release|x64.ActiveCfg = Release|Any CPU
		{BF0C5EB0-AEF3-444F-B486-4C1D3271FFFF}.Release|x64.Build.0 = Release|Any CPU
		{BF0C5EB0-AEF3-444F-B486-4C1D3271FFFF}.Release|x86.ActiveCfg = Release|Any CPU
		{BF0C5EB0-AEF3-444F-B486-4C1D3271FFFF}.Release|x86.Build.0 = Release|Any CPU
		{10A9ECD3-AE1E-494D-9A27-8A32DD581759}.Debug|Any CPU.ActiveCfg = Debug|Any CPU
		{10A9ECD3-AE1E-494D-9A27-8A32DD581759}.Debug|Any CPU.Build.0 = Debug|Any CPU
		{10A9ECD3-AE1E-494D-9A27-8A32DD581759}.Debug|ARM.ActiveCfg = Debug|Any CPU
		{10A9ECD3-AE1E-494D-9A27-8A32DD581759}.Debug|ARM.Build.0 = Debug|Any CPU
		{10A9ECD3-AE1E-494D-9A27-8A32DD581759}.Debug|ARM64.ActiveCfg = Debug|Any CPU
		{10A9ECD3-AE1E-494D-9A27-8A32DD581759}.Debug|ARM64.Build.0 = Debug|Any CPU
		{10A9ECD3-AE1E-494D-9A27-8A32DD581759}.Debug|iPhone.ActiveCfg = Debug|Any CPU
		{10A9ECD3-AE1E-494D-9A27-8A32DD581759}.Debug|iPhoneSimulator.ActiveCfg = Debug|Any CPU
		{10A9ECD3-AE1E-494D-9A27-8A32DD581759}.Debug|x64.ActiveCfg = Debug|Any CPU
		{10A9ECD3-AE1E-494D-9A27-8A32DD581759}.Debug|x64.Build.0 = Debug|Any CPU
		{10A9ECD3-AE1E-494D-9A27-8A32DD581759}.Debug|x86.ActiveCfg = Debug|Any CPU
		{10A9ECD3-AE1E-494D-9A27-8A32DD581759}.Debug|x86.Build.0 = Debug|Any CPU
		{10A9ECD3-AE1E-494D-9A27-8A32DD581759}.Release|Any CPU.ActiveCfg = Release|Any CPU
		{10A9ECD3-AE1E-494D-9A27-8A32DD581759}.Release|Any CPU.Build.0 = Release|Any CPU
		{10A9ECD3-AE1E-494D-9A27-8A32DD581759}.Release|ARM.ActiveCfg = Release|Any CPU
		{10A9ECD3-AE1E-494D-9A27-8A32DD581759}.Release|ARM.Build.0 = Release|Any CPU
		{10A9ECD3-AE1E-494D-9A27-8A32DD581759}.Release|ARM64.ActiveCfg = Release|Any CPU
		{10A9ECD3-AE1E-494D-9A27-8A32DD581759}.Release|ARM64.Build.0 = Release|Any CPU
		{10A9ECD3-AE1E-494D-9A27-8A32DD581759}.Release|iPhone.ActiveCfg = Release|Any CPU
		{10A9ECD3-AE1E-494D-9A27-8A32DD581759}.Release|iPhoneSimulator.ActiveCfg = Release|Any CPU
		{10A9ECD3-AE1E-494D-9A27-8A32DD581759}.Release|x64.ActiveCfg = Release|Any CPU
		{10A9ECD3-AE1E-494D-9A27-8A32DD581759}.Release|x64.Build.0 = Release|Any CPU
		{10A9ECD3-AE1E-494D-9A27-8A32DD581759}.Release|x86.ActiveCfg = Release|Any CPU
		{10A9ECD3-AE1E-494D-9A27-8A32DD581759}.Release|x86.Build.0 = Release|Any CPU
		{31A222E3-7470-4102-A087-F6902FEDCC17}.Debug|Any CPU.ActiveCfg = Debug|Any CPU
		{31A222E3-7470-4102-A087-F6902FEDCC17}.Debug|Any CPU.Build.0 = Debug|Any CPU
		{31A222E3-7470-4102-A087-F6902FEDCC17}.Debug|ARM.ActiveCfg = Debug|Any CPU
		{31A222E3-7470-4102-A087-F6902FEDCC17}.Debug|ARM.Build.0 = Debug|Any CPU
		{31A222E3-7470-4102-A087-F6902FEDCC17}.Debug|ARM64.ActiveCfg = Debug|Any CPU
		{31A222E3-7470-4102-A087-F6902FEDCC17}.Debug|ARM64.Build.0 = Debug|Any CPU
		{31A222E3-7470-4102-A087-F6902FEDCC17}.Debug|iPhone.ActiveCfg = Debug|Any CPU
		{31A222E3-7470-4102-A087-F6902FEDCC17}.Debug|iPhone.Build.0 = Debug|Any CPU
		{31A222E3-7470-4102-A087-F6902FEDCC17}.Debug|iPhoneSimulator.ActiveCfg = Debug|Any CPU
		{31A222E3-7470-4102-A087-F6902FEDCC17}.Debug|iPhoneSimulator.Build.0 = Debug|Any CPU
		{31A222E3-7470-4102-A087-F6902FEDCC17}.Debug|x64.ActiveCfg = Debug|Any CPU
		{31A222E3-7470-4102-A087-F6902FEDCC17}.Debug|x64.Build.0 = Debug|Any CPU
		{31A222E3-7470-4102-A087-F6902FEDCC17}.Debug|x86.ActiveCfg = Debug|Any CPU
		{31A222E3-7470-4102-A087-F6902FEDCC17}.Debug|x86.Build.0 = Debug|Any CPU
		{31A222E3-7470-4102-A087-F6902FEDCC17}.Release|Any CPU.ActiveCfg = Release|Any CPU
		{31A222E3-7470-4102-A087-F6902FEDCC17}.Release|Any CPU.Build.0 = Release|Any CPU
		{31A222E3-7470-4102-A087-F6902FEDCC17}.Release|ARM.ActiveCfg = Release|Any CPU
		{31A222E3-7470-4102-A087-F6902FEDCC17}.Release|ARM.Build.0 = Release|Any CPU
		{31A222E3-7470-4102-A087-F6902FEDCC17}.Release|ARM64.ActiveCfg = Release|Any CPU
		{31A222E3-7470-4102-A087-F6902FEDCC17}.Release|ARM64.Build.0 = Release|Any CPU
		{31A222E3-7470-4102-A087-F6902FEDCC17}.Release|iPhone.ActiveCfg = Release|Any CPU
		{31A222E3-7470-4102-A087-F6902FEDCC17}.Release|iPhone.Build.0 = Release|Any CPU
		{31A222E3-7470-4102-A087-F6902FEDCC17}.Release|iPhoneSimulator.ActiveCfg = Release|Any CPU
		{31A222E3-7470-4102-A087-F6902FEDCC17}.Release|iPhoneSimulator.Build.0 = Release|Any CPU
		{31A222E3-7470-4102-A087-F6902FEDCC17}.Release|x64.ActiveCfg = Release|Any CPU
		{31A222E3-7470-4102-A087-F6902FEDCC17}.Release|x64.Build.0 = Release|Any CPU
		{31A222E3-7470-4102-A087-F6902FEDCC17}.Release|x86.ActiveCfg = Release|Any CPU
		{31A222E3-7470-4102-A087-F6902FEDCC17}.Release|x86.Build.0 = Release|Any CPU
		{02BCC200-E4C3-4A45-A911-1471693E07A0}.Debug|Any CPU.ActiveCfg = Debug|Any CPU
		{02BCC200-E4C3-4A45-A911-1471693E07A0}.Debug|Any CPU.Build.0 = Debug|Any CPU
		{02BCC200-E4C3-4A45-A911-1471693E07A0}.Debug|ARM.ActiveCfg = Debug|Any CPU
		{02BCC200-E4C3-4A45-A911-1471693E07A0}.Debug|ARM.Build.0 = Debug|Any CPU
		{02BCC200-E4C3-4A45-A911-1471693E07A0}.Debug|ARM64.ActiveCfg = Debug|Any CPU
		{02BCC200-E4C3-4A45-A911-1471693E07A0}.Debug|ARM64.Build.0 = Debug|Any CPU
		{02BCC200-E4C3-4A45-A911-1471693E07A0}.Debug|iPhone.ActiveCfg = Debug|Any CPU
		{02BCC200-E4C3-4A45-A911-1471693E07A0}.Debug|iPhone.Build.0 = Debug|Any CPU
		{02BCC200-E4C3-4A45-A911-1471693E07A0}.Debug|iPhoneSimulator.ActiveCfg = Debug|Any CPU
		{02BCC200-E4C3-4A45-A911-1471693E07A0}.Debug|iPhoneSimulator.Build.0 = Debug|Any CPU
		{02BCC200-E4C3-4A45-A911-1471693E07A0}.Debug|x64.ActiveCfg = Debug|Any CPU
		{02BCC200-E4C3-4A45-A911-1471693E07A0}.Debug|x64.Build.0 = Debug|Any CPU
		{02BCC200-E4C3-4A45-A911-1471693E07A0}.Debug|x86.ActiveCfg = Debug|Any CPU
		{02BCC200-E4C3-4A45-A911-1471693E07A0}.Debug|x86.Build.0 = Debug|Any CPU
		{02BCC200-E4C3-4A45-A911-1471693E07A0}.Release|Any CPU.ActiveCfg = Release|Any CPU
		{02BCC200-E4C3-4A45-A911-1471693E07A0}.Release|Any CPU.Build.0 = Release|Any CPU
		{02BCC200-E4C3-4A45-A911-1471693E07A0}.Release|ARM.ActiveCfg = Release|Any CPU
		{02BCC200-E4C3-4A45-A911-1471693E07A0}.Release|ARM.Build.0 = Release|Any CPU
		{02BCC200-E4C3-4A45-A911-1471693E07A0}.Release|ARM64.ActiveCfg = Release|Any CPU
		{02BCC200-E4C3-4A45-A911-1471693E07A0}.Release|ARM64.Build.0 = Release|Any CPU
		{02BCC200-E4C3-4A45-A911-1471693E07A0}.Release|iPhone.ActiveCfg = Release|Any CPU
		{02BCC200-E4C3-4A45-A911-1471693E07A0}.Release|iPhone.Build.0 = Release|Any CPU
		{02BCC200-E4C3-4A45-A911-1471693E07A0}.Release|iPhoneSimulator.ActiveCfg = Release|Any CPU
		{02BCC200-E4C3-4A45-A911-1471693E07A0}.Release|iPhoneSimulator.Build.0 = Release|Any CPU
		{02BCC200-E4C3-4A45-A911-1471693E07A0}.Release|x64.ActiveCfg = Release|Any CPU
		{02BCC200-E4C3-4A45-A911-1471693E07A0}.Release|x64.Build.0 = Release|Any CPU
		{02BCC200-E4C3-4A45-A911-1471693E07A0}.Release|x86.ActiveCfg = Release|Any CPU
		{02BCC200-E4C3-4A45-A911-1471693E07A0}.Release|x86.Build.0 = Release|Any CPU
		{640C4743-4899-4CC0-8B1F-AC6B7A9CA08F}.Debug|Any CPU.ActiveCfg = Debug|Any CPU
		{640C4743-4899-4CC0-8B1F-AC6B7A9CA08F}.Debug|Any CPU.Build.0 = Debug|Any CPU
		{640C4743-4899-4CC0-8B1F-AC6B7A9CA08F}.Debug|ARM.ActiveCfg = Debug|Any CPU
		{640C4743-4899-4CC0-8B1F-AC6B7A9CA08F}.Debug|ARM.Build.0 = Debug|Any CPU
		{640C4743-4899-4CC0-8B1F-AC6B7A9CA08F}.Debug|ARM64.ActiveCfg = Debug|Any CPU
		{640C4743-4899-4CC0-8B1F-AC6B7A9CA08F}.Debug|ARM64.Build.0 = Debug|Any CPU
		{640C4743-4899-4CC0-8B1F-AC6B7A9CA08F}.Debug|iPhone.ActiveCfg = Debug|Any CPU
		{640C4743-4899-4CC0-8B1F-AC6B7A9CA08F}.Debug|iPhone.Build.0 = Debug|Any CPU
		{640C4743-4899-4CC0-8B1F-AC6B7A9CA08F}.Debug|iPhoneSimulator.ActiveCfg = Debug|Any CPU
		{640C4743-4899-4CC0-8B1F-AC6B7A9CA08F}.Debug|iPhoneSimulator.Build.0 = Debug|Any CPU
		{640C4743-4899-4CC0-8B1F-AC6B7A9CA08F}.Debug|x64.ActiveCfg = Debug|Any CPU
		{640C4743-4899-4CC0-8B1F-AC6B7A9CA08F}.Debug|x64.Build.0 = Debug|Any CPU
		{640C4743-4899-4CC0-8B1F-AC6B7A9CA08F}.Debug|x86.ActiveCfg = Debug|Any CPU
		{640C4743-4899-4CC0-8B1F-AC6B7A9CA08F}.Debug|x86.Build.0 = Debug|Any CPU
		{640C4743-4899-4CC0-8B1F-AC6B7A9CA08F}.Release|Any CPU.ActiveCfg = Release|Any CPU
		{640C4743-4899-4CC0-8B1F-AC6B7A9CA08F}.Release|Any CPU.Build.0 = Release|Any CPU
		{640C4743-4899-4CC0-8B1F-AC6B7A9CA08F}.Release|ARM.ActiveCfg = Release|Any CPU
		{640C4743-4899-4CC0-8B1F-AC6B7A9CA08F}.Release|ARM.Build.0 = Release|Any CPU
		{640C4743-4899-4CC0-8B1F-AC6B7A9CA08F}.Release|ARM64.ActiveCfg = Release|Any CPU
		{640C4743-4899-4CC0-8B1F-AC6B7A9CA08F}.Release|ARM64.Build.0 = Release|Any CPU
		{640C4743-4899-4CC0-8B1F-AC6B7A9CA08F}.Release|iPhone.ActiveCfg = Release|Any CPU
		{640C4743-4899-4CC0-8B1F-AC6B7A9CA08F}.Release|iPhone.Build.0 = Release|Any CPU
		{640C4743-4899-4CC0-8B1F-AC6B7A9CA08F}.Release|iPhoneSimulator.ActiveCfg = Release|Any CPU
		{640C4743-4899-4CC0-8B1F-AC6B7A9CA08F}.Release|iPhoneSimulator.Build.0 = Release|Any CPU
		{640C4743-4899-4CC0-8B1F-AC6B7A9CA08F}.Release|x64.ActiveCfg = Release|Any CPU
		{640C4743-4899-4CC0-8B1F-AC6B7A9CA08F}.Release|x64.Build.0 = Release|Any CPU
		{640C4743-4899-4CC0-8B1F-AC6B7A9CA08F}.Release|x86.ActiveCfg = Release|Any CPU
		{640C4743-4899-4CC0-8B1F-AC6B7A9CA08F}.Release|x86.Build.0 = Release|Any CPU
		{60F7FA9D-29A0-4410-9008-EA062D2F8AFC}.Debug|Any CPU.ActiveCfg = Debug|Any CPU
		{60F7FA9D-29A0-4410-9008-EA062D2F8AFC}.Debug|Any CPU.Build.0 = Debug|Any CPU
		{60F7FA9D-29A0-4410-9008-EA062D2F8AFC}.Debug|ARM.ActiveCfg = Debug|Any CPU
		{60F7FA9D-29A0-4410-9008-EA062D2F8AFC}.Debug|ARM.Build.0 = Debug|Any CPU
		{60F7FA9D-29A0-4410-9008-EA062D2F8AFC}.Debug|ARM64.ActiveCfg = Debug|Any CPU
		{60F7FA9D-29A0-4410-9008-EA062D2F8AFC}.Debug|ARM64.Build.0 = Debug|Any CPU
		{60F7FA9D-29A0-4410-9008-EA062D2F8AFC}.Debug|iPhone.ActiveCfg = Debug|Any CPU
		{60F7FA9D-29A0-4410-9008-EA062D2F8AFC}.Debug|iPhone.Build.0 = Debug|Any CPU
		{60F7FA9D-29A0-4410-9008-EA062D2F8AFC}.Debug|iPhoneSimulator.ActiveCfg = Debug|Any CPU
		{60F7FA9D-29A0-4410-9008-EA062D2F8AFC}.Debug|iPhoneSimulator.Build.0 = Debug|Any CPU
		{60F7FA9D-29A0-4410-9008-EA062D2F8AFC}.Debug|x64.ActiveCfg = Debug|Any CPU
		{60F7FA9D-29A0-4410-9008-EA062D2F8AFC}.Debug|x64.Build.0 = Debug|Any CPU
		{60F7FA9D-29A0-4410-9008-EA062D2F8AFC}.Debug|x86.ActiveCfg = Debug|Any CPU
		{60F7FA9D-29A0-4410-9008-EA062D2F8AFC}.Debug|x86.Build.0 = Debug|Any CPU
		{60F7FA9D-29A0-4410-9008-EA062D2F8AFC}.Release|Any CPU.ActiveCfg = Release|Any CPU
		{60F7FA9D-29A0-4410-9008-EA062D2F8AFC}.Release|Any CPU.Build.0 = Release|Any CPU
		{60F7FA9D-29A0-4410-9008-EA062D2F8AFC}.Release|ARM.ActiveCfg = Release|Any CPU
		{60F7FA9D-29A0-4410-9008-EA062D2F8AFC}.Release|ARM.Build.0 = Release|Any CPU
		{60F7FA9D-29A0-4410-9008-EA062D2F8AFC}.Release|ARM64.ActiveCfg = Release|Any CPU
		{60F7FA9D-29A0-4410-9008-EA062D2F8AFC}.Release|ARM64.Build.0 = Release|Any CPU
		{60F7FA9D-29A0-4410-9008-EA062D2F8AFC}.Release|iPhone.ActiveCfg = Release|Any CPU
		{60F7FA9D-29A0-4410-9008-EA062D2F8AFC}.Release|iPhone.Build.0 = Release|Any CPU
		{60F7FA9D-29A0-4410-9008-EA062D2F8AFC}.Release|iPhoneSimulator.ActiveCfg = Release|Any CPU
		{60F7FA9D-29A0-4410-9008-EA062D2F8AFC}.Release|iPhoneSimulator.Build.0 = Release|Any CPU
		{60F7FA9D-29A0-4410-9008-EA062D2F8AFC}.Release|x64.ActiveCfg = Release|Any CPU
		{60F7FA9D-29A0-4410-9008-EA062D2F8AFC}.Release|x64.Build.0 = Release|Any CPU
		{60F7FA9D-29A0-4410-9008-EA062D2F8AFC}.Release|x86.ActiveCfg = Release|Any CPU
		{60F7FA9D-29A0-4410-9008-EA062D2F8AFC}.Release|x86.Build.0 = Release|Any CPU
		{02DDAC66-796C-453E-A59D-08A31D61F69F}.Debug|Any CPU.ActiveCfg = Debug|Any CPU
		{02DDAC66-796C-453E-A59D-08A31D61F69F}.Debug|Any CPU.Build.0 = Debug|Any CPU
		{02DDAC66-796C-453E-A59D-08A31D61F69F}.Debug|ARM.ActiveCfg = Debug|Any CPU
		{02DDAC66-796C-453E-A59D-08A31D61F69F}.Debug|ARM.Build.0 = Debug|Any CPU
		{02DDAC66-796C-453E-A59D-08A31D61F69F}.Debug|ARM64.ActiveCfg = Debug|Any CPU
		{02DDAC66-796C-453E-A59D-08A31D61F69F}.Debug|ARM64.Build.0 = Debug|Any CPU
		{02DDAC66-796C-453E-A59D-08A31D61F69F}.Debug|iPhone.ActiveCfg = Debug|Any CPU
		{02DDAC66-796C-453E-A59D-08A31D61F69F}.Debug|iPhone.Build.0 = Debug|Any CPU
		{02DDAC66-796C-453E-A59D-08A31D61F69F}.Debug|iPhoneSimulator.ActiveCfg = Debug|Any CPU
		{02DDAC66-796C-453E-A59D-08A31D61F69F}.Debug|iPhoneSimulator.Build.0 = Debug|Any CPU
		{02DDAC66-796C-453E-A59D-08A31D61F69F}.Debug|x64.ActiveCfg = Debug|Any CPU
		{02DDAC66-796C-453E-A59D-08A31D61F69F}.Debug|x64.Build.0 = Debug|Any CPU
		{02DDAC66-796C-453E-A59D-08A31D61F69F}.Debug|x86.ActiveCfg = Debug|Any CPU
		{02DDAC66-796C-453E-A59D-08A31D61F69F}.Debug|x86.Build.0 = Debug|Any CPU
		{02DDAC66-796C-453E-A59D-08A31D61F69F}.Release|Any CPU.ActiveCfg = Release|Any CPU
		{02DDAC66-796C-453E-A59D-08A31D61F69F}.Release|Any CPU.Build.0 = Release|Any CPU
		{02DDAC66-796C-453E-A59D-08A31D61F69F}.Release|ARM.ActiveCfg = Release|Any CPU
		{02DDAC66-796C-453E-A59D-08A31D61F69F}.Release|ARM.Build.0 = Release|Any CPU
		{02DDAC66-796C-453E-A59D-08A31D61F69F}.Release|ARM64.ActiveCfg = Release|Any CPU
		{02DDAC66-796C-453E-A59D-08A31D61F69F}.Release|ARM64.Build.0 = Release|Any CPU
		{02DDAC66-796C-453E-A59D-08A31D61F69F}.Release|iPhone.ActiveCfg = Release|Any CPU
		{02DDAC66-796C-453E-A59D-08A31D61F69F}.Release|iPhone.Build.0 = Release|Any CPU
		{02DDAC66-796C-453E-A59D-08A31D61F69F}.Release|iPhoneSimulator.ActiveCfg = Release|Any CPU
		{02DDAC66-796C-453E-A59D-08A31D61F69F}.Release|iPhoneSimulator.Build.0 = Release|Any CPU
		{02DDAC66-796C-453E-A59D-08A31D61F69F}.Release|x64.ActiveCfg = Release|Any CPU
		{02DDAC66-796C-453E-A59D-08A31D61F69F}.Release|x64.Build.0 = Release|Any CPU
		{02DDAC66-796C-453E-A59D-08A31D61F69F}.Release|x86.ActiveCfg = Release|Any CPU
		{02DDAC66-796C-453E-A59D-08A31D61F69F}.Release|x86.Build.0 = Release|Any CPU
		{43B3E962-7E4F-44E2-A5A8-AE4660B72288}.Debug|Any CPU.ActiveCfg = Debug|Any CPU
		{43B3E962-7E4F-44E2-A5A8-AE4660B72288}.Debug|Any CPU.Build.0 = Debug|Any CPU
		{43B3E962-7E4F-44E2-A5A8-AE4660B72288}.Debug|Any CPU.Deploy.0 = Debug|Any CPU
		{43B3E962-7E4F-44E2-A5A8-AE4660B72288}.Debug|ARM.ActiveCfg = Debug|ARM
		{43B3E962-7E4F-44E2-A5A8-AE4660B72288}.Debug|ARM.Build.0 = Debug|ARM
		{43B3E962-7E4F-44E2-A5A8-AE4660B72288}.Debug|ARM.Deploy.0 = Debug|ARM
		{43B3E962-7E4F-44E2-A5A8-AE4660B72288}.Debug|ARM64.ActiveCfg = Debug|ARM64
		{43B3E962-7E4F-44E2-A5A8-AE4660B72288}.Debug|ARM64.Build.0 = Debug|ARM64
		{43B3E962-7E4F-44E2-A5A8-AE4660B72288}.Debug|ARM64.Deploy.0 = Debug|ARM64
		{43B3E962-7E4F-44E2-A5A8-AE4660B72288}.Debug|iPhone.ActiveCfg = Debug|Any CPU
		{43B3E962-7E4F-44E2-A5A8-AE4660B72288}.Debug|iPhone.Build.0 = Debug|Any CPU
		{43B3E962-7E4F-44E2-A5A8-AE4660B72288}.Debug|iPhone.Deploy.0 = Debug|Any CPU
		{43B3E962-7E4F-44E2-A5A8-AE4660B72288}.Debug|iPhoneSimulator.ActiveCfg = Debug|Any CPU
		{43B3E962-7E4F-44E2-A5A8-AE4660B72288}.Debug|iPhoneSimulator.Build.0 = Debug|Any CPU
		{43B3E962-7E4F-44E2-A5A8-AE4660B72288}.Debug|iPhoneSimulator.Deploy.0 = Debug|Any CPU
		{43B3E962-7E4F-44E2-A5A8-AE4660B72288}.Debug|x64.ActiveCfg = Debug|x64
		{43B3E962-7E4F-44E2-A5A8-AE4660B72288}.Debug|x64.Build.0 = Debug|x64
		{43B3E962-7E4F-44E2-A5A8-AE4660B72288}.Debug|x64.Deploy.0 = Debug|x64
		{43B3E962-7E4F-44E2-A5A8-AE4660B72288}.Debug|x86.ActiveCfg = Debug|x86
		{43B3E962-7E4F-44E2-A5A8-AE4660B72288}.Debug|x86.Build.0 = Debug|x86
		{43B3E962-7E4F-44E2-A5A8-AE4660B72288}.Debug|x86.Deploy.0 = Debug|x86
		{43B3E962-7E4F-44E2-A5A8-AE4660B72288}.Release|Any CPU.ActiveCfg = Release|Any CPU
		{43B3E962-7E4F-44E2-A5A8-AE4660B72288}.Release|Any CPU.Build.0 = Release|Any CPU
		{43B3E962-7E4F-44E2-A5A8-AE4660B72288}.Release|Any CPU.Deploy.0 = Release|Any CPU
		{43B3E962-7E4F-44E2-A5A8-AE4660B72288}.Release|ARM.ActiveCfg = Release|ARM
		{43B3E962-7E4F-44E2-A5A8-AE4660B72288}.Release|ARM.Build.0 = Release|ARM
		{43B3E962-7E4F-44E2-A5A8-AE4660B72288}.Release|ARM.Deploy.0 = Release|ARM
		{43B3E962-7E4F-44E2-A5A8-AE4660B72288}.Release|ARM64.ActiveCfg = Release|ARM64
		{43B3E962-7E4F-44E2-A5A8-AE4660B72288}.Release|ARM64.Build.0 = Release|ARM64
		{43B3E962-7E4F-44E2-A5A8-AE4660B72288}.Release|ARM64.Deploy.0 = Release|ARM64
		{43B3E962-7E4F-44E2-A5A8-AE4660B72288}.Release|iPhone.ActiveCfg = Release|Any CPU
		{43B3E962-7E4F-44E2-A5A8-AE4660B72288}.Release|iPhone.Build.0 = Release|Any CPU
		{43B3E962-7E4F-44E2-A5A8-AE4660B72288}.Release|iPhone.Deploy.0 = Release|Any CPU
		{43B3E962-7E4F-44E2-A5A8-AE4660B72288}.Release|iPhoneSimulator.ActiveCfg = Release|Any CPU
		{43B3E962-7E4F-44E2-A5A8-AE4660B72288}.Release|iPhoneSimulator.Build.0 = Release|Any CPU
		{43B3E962-7E4F-44E2-A5A8-AE4660B72288}.Release|iPhoneSimulator.Deploy.0 = Release|Any CPU
		{43B3E962-7E4F-44E2-A5A8-AE4660B72288}.Release|x64.ActiveCfg = Release|x64
		{43B3E962-7E4F-44E2-A5A8-AE4660B72288}.Release|x64.Build.0 = Release|x64
		{43B3E962-7E4F-44E2-A5A8-AE4660B72288}.Release|x64.Deploy.0 = Release|x64
		{43B3E962-7E4F-44E2-A5A8-AE4660B72288}.Release|x86.ActiveCfg = Release|x86
		{43B3E962-7E4F-44E2-A5A8-AE4660B72288}.Release|x86.Build.0 = Release|x86
		{43B3E962-7E4F-44E2-A5A8-AE4660B72288}.Release|x86.Deploy.0 = Release|x86
		{85DC0BCD-7FDC-4164-A6DE-D020188B5248}.Debug|Any CPU.ActiveCfg = Debug|Any CPU
		{85DC0BCD-7FDC-4164-A6DE-D020188B5248}.Debug|Any CPU.Build.0 = Debug|Any CPU
		{85DC0BCD-7FDC-4164-A6DE-D020188B5248}.Debug|ARM.ActiveCfg = Debug|Any CPU
		{85DC0BCD-7FDC-4164-A6DE-D020188B5248}.Debug|ARM.Build.0 = Debug|Any CPU
		{85DC0BCD-7FDC-4164-A6DE-D020188B5248}.Debug|ARM64.ActiveCfg = Debug|Any CPU
		{85DC0BCD-7FDC-4164-A6DE-D020188B5248}.Debug|ARM64.Build.0 = Debug|Any CPU
		{85DC0BCD-7FDC-4164-A6DE-D020188B5248}.Debug|iPhone.ActiveCfg = Debug|Any CPU
		{85DC0BCD-7FDC-4164-A6DE-D020188B5248}.Debug|iPhone.Build.0 = Debug|Any CPU
		{85DC0BCD-7FDC-4164-A6DE-D020188B5248}.Debug|iPhoneSimulator.ActiveCfg = Debug|Any CPU
		{85DC0BCD-7FDC-4164-A6DE-D020188B5248}.Debug|iPhoneSimulator.Build.0 = Debug|Any CPU
		{85DC0BCD-7FDC-4164-A6DE-D020188B5248}.Debug|x64.ActiveCfg = Debug|Any CPU
		{85DC0BCD-7FDC-4164-A6DE-D020188B5248}.Debug|x64.Build.0 = Debug|Any CPU
		{85DC0BCD-7FDC-4164-A6DE-D020188B5248}.Debug|x86.ActiveCfg = Debug|Any CPU
		{85DC0BCD-7FDC-4164-A6DE-D020188B5248}.Debug|x86.Build.0 = Debug|Any CPU
		{85DC0BCD-7FDC-4164-A6DE-D020188B5248}.Release|Any CPU.ActiveCfg = Release|Any CPU
		{85DC0BCD-7FDC-4164-A6DE-D020188B5248}.Release|Any CPU.Build.0 = Release|Any CPU
		{85DC0BCD-7FDC-4164-A6DE-D020188B5248}.Release|ARM.ActiveCfg = Release|Any CPU
		{85DC0BCD-7FDC-4164-A6DE-D020188B5248}.Release|ARM.Build.0 = Release|Any CPU
		{85DC0BCD-7FDC-4164-A6DE-D020188B5248}.Release|ARM64.ActiveCfg = Release|Any CPU
		{85DC0BCD-7FDC-4164-A6DE-D020188B5248}.Release|ARM64.Build.0 = Release|Any CPU
		{85DC0BCD-7FDC-4164-A6DE-D020188B5248}.Release|iPhone.ActiveCfg = Release|Any CPU
		{85DC0BCD-7FDC-4164-A6DE-D020188B5248}.Release|iPhone.Build.0 = Release|Any CPU
		{85DC0BCD-7FDC-4164-A6DE-D020188B5248}.Release|iPhoneSimulator.ActiveCfg = Release|Any CPU
		{85DC0BCD-7FDC-4164-A6DE-D020188B5248}.Release|iPhoneSimulator.Build.0 = Release|Any CPU
		{85DC0BCD-7FDC-4164-A6DE-D020188B5248}.Release|x64.ActiveCfg = Release|Any CPU
		{85DC0BCD-7FDC-4164-A6DE-D020188B5248}.Release|x64.Build.0 = Release|Any CPU
		{85DC0BCD-7FDC-4164-A6DE-D020188B5248}.Release|x86.ActiveCfg = Release|Any CPU
		{85DC0BCD-7FDC-4164-A6DE-D020188B5248}.Release|x86.Build.0 = Release|Any CPU
		{29FD78C3-523F-40A8-AB81-CF0CF6D5A1BE}.Debug|Any CPU.ActiveCfg = Debug|Any CPU
		{29FD78C3-523F-40A8-AB81-CF0CF6D5A1BE}.Debug|Any CPU.Build.0 = Debug|Any CPU
		{29FD78C3-523F-40A8-AB81-CF0CF6D5A1BE}.Debug|ARM.ActiveCfg = Debug|Any CPU
		{29FD78C3-523F-40A8-AB81-CF0CF6D5A1BE}.Debug|ARM.Build.0 = Debug|Any CPU
		{29FD78C3-523F-40A8-AB81-CF0CF6D5A1BE}.Debug|ARM64.ActiveCfg = Debug|Any CPU
		{29FD78C3-523F-40A8-AB81-CF0CF6D5A1BE}.Debug|ARM64.Build.0 = Debug|Any CPU
		{29FD78C3-523F-40A8-AB81-CF0CF6D5A1BE}.Debug|iPhone.ActiveCfg = Debug|Any CPU
		{29FD78C3-523F-40A8-AB81-CF0CF6D5A1BE}.Debug|iPhone.Build.0 = Debug|Any CPU
		{29FD78C3-523F-40A8-AB81-CF0CF6D5A1BE}.Debug|iPhoneSimulator.ActiveCfg = Debug|Any CPU
		{29FD78C3-523F-40A8-AB81-CF0CF6D5A1BE}.Debug|iPhoneSimulator.Build.0 = Debug|Any CPU
		{29FD78C3-523F-40A8-AB81-CF0CF6D5A1BE}.Debug|x64.ActiveCfg = Debug|Any CPU
		{29FD78C3-523F-40A8-AB81-CF0CF6D5A1BE}.Debug|x64.Build.0 = Debug|Any CPU
		{29FD78C3-523F-40A8-AB81-CF0CF6D5A1BE}.Debug|x86.ActiveCfg = Debug|Any CPU
		{29FD78C3-523F-40A8-AB81-CF0CF6D5A1BE}.Debug|x86.Build.0 = Debug|Any CPU
		{29FD78C3-523F-40A8-AB81-CF0CF6D5A1BE}.Release|Any CPU.ActiveCfg = Release|Any CPU
		{29FD78C3-523F-40A8-AB81-CF0CF6D5A1BE}.Release|Any CPU.Build.0 = Release|Any CPU
		{29FD78C3-523F-40A8-AB81-CF0CF6D5A1BE}.Release|ARM.ActiveCfg = Release|Any CPU
		{29FD78C3-523F-40A8-AB81-CF0CF6D5A1BE}.Release|ARM.Build.0 = Release|Any CPU
		{29FD78C3-523F-40A8-AB81-CF0CF6D5A1BE}.Release|ARM64.ActiveCfg = Release|Any CPU
		{29FD78C3-523F-40A8-AB81-CF0CF6D5A1BE}.Release|ARM64.Build.0 = Release|Any CPU
		{29FD78C3-523F-40A8-AB81-CF0CF6D5A1BE}.Release|iPhone.ActiveCfg = Release|Any CPU
		{29FD78C3-523F-40A8-AB81-CF0CF6D5A1BE}.Release|iPhone.Build.0 = Release|Any CPU
		{29FD78C3-523F-40A8-AB81-CF0CF6D5A1BE}.Release|iPhoneSimulator.ActiveCfg = Release|Any CPU
		{29FD78C3-523F-40A8-AB81-CF0CF6D5A1BE}.Release|iPhoneSimulator.Build.0 = Release|Any CPU
		{29FD78C3-523F-40A8-AB81-CF0CF6D5A1BE}.Release|x64.ActiveCfg = Release|Any CPU
		{29FD78C3-523F-40A8-AB81-CF0CF6D5A1BE}.Release|x64.Build.0 = Release|Any CPU
		{29FD78C3-523F-40A8-AB81-CF0CF6D5A1BE}.Release|x86.ActiveCfg = Release|Any CPU
		{29FD78C3-523F-40A8-AB81-CF0CF6D5A1BE}.Release|x86.Build.0 = Release|Any CPU
		{DA822327-351C-4516-BDA3-B0266D57E8EB}.Debug|Any CPU.ActiveCfg = Debug|Any CPU
		{DA822327-351C-4516-BDA3-B0266D57E8EB}.Debug|Any CPU.Build.0 = Debug|Any CPU
		{DA822327-351C-4516-BDA3-B0266D57E8EB}.Debug|ARM.ActiveCfg = Debug|Any CPU
		{DA822327-351C-4516-BDA3-B0266D57E8EB}.Debug|ARM.Build.0 = Debug|Any CPU
		{DA822327-351C-4516-BDA3-B0266D57E8EB}.Debug|ARM64.ActiveCfg = Debug|Any CPU
		{DA822327-351C-4516-BDA3-B0266D57E8EB}.Debug|ARM64.Build.0 = Debug|Any CPU
		{DA822327-351C-4516-BDA3-B0266D57E8EB}.Debug|iPhone.ActiveCfg = Debug|Any CPU
		{DA822327-351C-4516-BDA3-B0266D57E8EB}.Debug|iPhone.Build.0 = Debug|Any CPU
		{DA822327-351C-4516-BDA3-B0266D57E8EB}.Debug|iPhoneSimulator.ActiveCfg = Debug|Any CPU
		{DA822327-351C-4516-BDA3-B0266D57E8EB}.Debug|iPhoneSimulator.Build.0 = Debug|Any CPU
		{DA822327-351C-4516-BDA3-B0266D57E8EB}.Debug|x64.ActiveCfg = Debug|Any CPU
		{DA822327-351C-4516-BDA3-B0266D57E8EB}.Debug|x64.Build.0 = Debug|Any CPU
		{DA822327-351C-4516-BDA3-B0266D57E8EB}.Debug|x86.ActiveCfg = Debug|Any CPU
		{DA822327-351C-4516-BDA3-B0266D57E8EB}.Debug|x86.Build.0 = Debug|Any CPU
		{DA822327-351C-4516-BDA3-B0266D57E8EB}.Release|Any CPU.ActiveCfg = Release|Any CPU
		{DA822327-351C-4516-BDA3-B0266D57E8EB}.Release|Any CPU.Build.0 = Release|Any CPU
		{DA822327-351C-4516-BDA3-B0266D57E8EB}.Release|ARM.ActiveCfg = Release|Any CPU
		{DA822327-351C-4516-BDA3-B0266D57E8EB}.Release|ARM.Build.0 = Release|Any CPU
		{DA822327-351C-4516-BDA3-B0266D57E8EB}.Release|ARM64.ActiveCfg = Release|Any CPU
		{DA822327-351C-4516-BDA3-B0266D57E8EB}.Release|ARM64.Build.0 = Release|Any CPU
		{DA822327-351C-4516-BDA3-B0266D57E8EB}.Release|iPhone.ActiveCfg = Release|Any CPU
		{DA822327-351C-4516-BDA3-B0266D57E8EB}.Release|iPhone.Build.0 = Release|Any CPU
		{DA822327-351C-4516-BDA3-B0266D57E8EB}.Release|iPhoneSimulator.ActiveCfg = Release|Any CPU
		{DA822327-351C-4516-BDA3-B0266D57E8EB}.Release|iPhoneSimulator.Build.0 = Release|Any CPU
		{DA822327-351C-4516-BDA3-B0266D57E8EB}.Release|x64.ActiveCfg = Release|Any CPU
		{DA822327-351C-4516-BDA3-B0266D57E8EB}.Release|x64.Build.0 = Release|Any CPU
		{DA822327-351C-4516-BDA3-B0266D57E8EB}.Release|x86.ActiveCfg = Release|Any CPU
		{DA822327-351C-4516-BDA3-B0266D57E8EB}.Release|x86.Build.0 = Release|Any CPU
		{18412F94-9FB8-4870-9864-B85313E1E069}.Debug|Any CPU.ActiveCfg = Debug|Any CPU
		{18412F94-9FB8-4870-9864-B85313E1E069}.Debug|Any CPU.Build.0 = Debug|Any CPU
		{18412F94-9FB8-4870-9864-B85313E1E069}.Debug|ARM.ActiveCfg = Debug|Any CPU
		{18412F94-9FB8-4870-9864-B85313E1E069}.Debug|ARM.Build.0 = Debug|Any CPU
		{18412F94-9FB8-4870-9864-B85313E1E069}.Debug|ARM64.ActiveCfg = Debug|Any CPU
		{18412F94-9FB8-4870-9864-B85313E1E069}.Debug|ARM64.Build.0 = Debug|Any CPU
		{18412F94-9FB8-4870-9864-B85313E1E069}.Debug|iPhone.ActiveCfg = Debug|Any CPU
		{18412F94-9FB8-4870-9864-B85313E1E069}.Debug|iPhone.Build.0 = Debug|Any CPU
		{18412F94-9FB8-4870-9864-B85313E1E069}.Debug|iPhoneSimulator.ActiveCfg = Debug|Any CPU
		{18412F94-9FB8-4870-9864-B85313E1E069}.Debug|iPhoneSimulator.Build.0 = Debug|Any CPU
		{18412F94-9FB8-4870-9864-B85313E1E069}.Debug|x64.ActiveCfg = Debug|Any CPU
		{18412F94-9FB8-4870-9864-B85313E1E069}.Debug|x64.Build.0 = Debug|Any CPU
		{18412F94-9FB8-4870-9864-B85313E1E069}.Debug|x86.ActiveCfg = Debug|Any CPU
		{18412F94-9FB8-4870-9864-B85313E1E069}.Debug|x86.Build.0 = Debug|Any CPU
		{18412F94-9FB8-4870-9864-B85313E1E069}.Release|Any CPU.ActiveCfg = Release|Any CPU
		{18412F94-9FB8-4870-9864-B85313E1E069}.Release|Any CPU.Build.0 = Release|Any CPU
		{18412F94-9FB8-4870-9864-B85313E1E069}.Release|ARM.ActiveCfg = Release|Any CPU
		{18412F94-9FB8-4870-9864-B85313E1E069}.Release|ARM.Build.0 = Release|Any CPU
		{18412F94-9FB8-4870-9864-B85313E1E069}.Release|ARM64.ActiveCfg = Release|Any CPU
		{18412F94-9FB8-4870-9864-B85313E1E069}.Release|ARM64.Build.0 = Release|Any CPU
		{18412F94-9FB8-4870-9864-B85313E1E069}.Release|iPhone.ActiveCfg = Release|Any CPU
		{18412F94-9FB8-4870-9864-B85313E1E069}.Release|iPhone.Build.0 = Release|Any CPU
		{18412F94-9FB8-4870-9864-B85313E1E069}.Release|iPhoneSimulator.ActiveCfg = Release|Any CPU
		{18412F94-9FB8-4870-9864-B85313E1E069}.Release|iPhoneSimulator.Build.0 = Release|Any CPU
		{18412F94-9FB8-4870-9864-B85313E1E069}.Release|x64.ActiveCfg = Release|Any CPU
		{18412F94-9FB8-4870-9864-B85313E1E069}.Release|x64.Build.0 = Release|Any CPU
		{18412F94-9FB8-4870-9864-B85313E1E069}.Release|x86.ActiveCfg = Release|Any CPU
		{18412F94-9FB8-4870-9864-B85313E1E069}.Release|x86.Build.0 = Release|Any CPU
		{FB8026AE-BEDC-4D83-BCF2-BC419E1F5825}.Debug|Any CPU.ActiveCfg = Debug|Any CPU
		{FB8026AE-BEDC-4D83-BCF2-BC419E1F5825}.Debug|Any CPU.Build.0 = Debug|Any CPU
		{FB8026AE-BEDC-4D83-BCF2-BC419E1F5825}.Debug|ARM.ActiveCfg = Debug|Any CPU
		{FB8026AE-BEDC-4D83-BCF2-BC419E1F5825}.Debug|ARM.Build.0 = Debug|Any CPU
		{FB8026AE-BEDC-4D83-BCF2-BC419E1F5825}.Debug|ARM64.ActiveCfg = Debug|Any CPU
		{FB8026AE-BEDC-4D83-BCF2-BC419E1F5825}.Debug|ARM64.Build.0 = Debug|Any CPU
		{FB8026AE-BEDC-4D83-BCF2-BC419E1F5825}.Debug|iPhone.ActiveCfg = Debug|Any CPU
		{FB8026AE-BEDC-4D83-BCF2-BC419E1F5825}.Debug|iPhone.Build.0 = Debug|Any CPU
		{FB8026AE-BEDC-4D83-BCF2-BC419E1F5825}.Debug|iPhoneSimulator.ActiveCfg = Debug|Any CPU
		{FB8026AE-BEDC-4D83-BCF2-BC419E1F5825}.Debug|iPhoneSimulator.Build.0 = Debug|Any CPU
		{FB8026AE-BEDC-4D83-BCF2-BC419E1F5825}.Debug|x64.ActiveCfg = Debug|Any CPU
		{FB8026AE-BEDC-4D83-BCF2-BC419E1F5825}.Debug|x64.Build.0 = Debug|Any CPU
		{FB8026AE-BEDC-4D83-BCF2-BC419E1F5825}.Debug|x86.ActiveCfg = Debug|Any CPU
		{FB8026AE-BEDC-4D83-BCF2-BC419E1F5825}.Debug|x86.Build.0 = Debug|Any CPU
		{FB8026AE-BEDC-4D83-BCF2-BC419E1F5825}.Release|Any CPU.ActiveCfg = Release|Any CPU
		{FB8026AE-BEDC-4D83-BCF2-BC419E1F5825}.Release|Any CPU.Build.0 = Release|Any CPU
		{FB8026AE-BEDC-4D83-BCF2-BC419E1F5825}.Release|ARM.ActiveCfg = Release|Any CPU
		{FB8026AE-BEDC-4D83-BCF2-BC419E1F5825}.Release|ARM.Build.0 = Release|Any CPU
		{FB8026AE-BEDC-4D83-BCF2-BC419E1F5825}.Release|ARM64.ActiveCfg = Release|Any CPU
		{FB8026AE-BEDC-4D83-BCF2-BC419E1F5825}.Release|ARM64.Build.0 = Release|Any CPU
		{FB8026AE-BEDC-4D83-BCF2-BC419E1F5825}.Release|iPhone.ActiveCfg = Release|Any CPU
		{FB8026AE-BEDC-4D83-BCF2-BC419E1F5825}.Release|iPhone.Build.0 = Release|Any CPU
		{FB8026AE-BEDC-4D83-BCF2-BC419E1F5825}.Release|iPhoneSimulator.ActiveCfg = Release|Any CPU
		{FB8026AE-BEDC-4D83-BCF2-BC419E1F5825}.Release|iPhoneSimulator.Build.0 = Release|Any CPU
		{FB8026AE-BEDC-4D83-BCF2-BC419E1F5825}.Release|x64.ActiveCfg = Release|Any CPU
		{FB8026AE-BEDC-4D83-BCF2-BC419E1F5825}.Release|x64.Build.0 = Release|Any CPU
		{FB8026AE-BEDC-4D83-BCF2-BC419E1F5825}.Release|x86.ActiveCfg = Release|Any CPU
		{FB8026AE-BEDC-4D83-BCF2-BC419E1F5825}.Release|x86.Build.0 = Release|Any CPU
		{54D6678E-55C1-46DF-856F-FC9630026CFA}.Debug|Any CPU.ActiveCfg = Debug|Any CPU
		{54D6678E-55C1-46DF-856F-FC9630026CFA}.Debug|Any CPU.Build.0 = Debug|Any CPU
		{54D6678E-55C1-46DF-856F-FC9630026CFA}.Debug|ARM.ActiveCfg = Debug|Any CPU
		{54D6678E-55C1-46DF-856F-FC9630026CFA}.Debug|ARM.Build.0 = Debug|Any CPU
		{54D6678E-55C1-46DF-856F-FC9630026CFA}.Debug|ARM64.ActiveCfg = Debug|Any CPU
		{54D6678E-55C1-46DF-856F-FC9630026CFA}.Debug|ARM64.Build.0 = Debug|Any CPU
		{54D6678E-55C1-46DF-856F-FC9630026CFA}.Debug|iPhone.ActiveCfg = Debug|Any CPU
		{54D6678E-55C1-46DF-856F-FC9630026CFA}.Debug|iPhone.Build.0 = Debug|Any CPU
		{54D6678E-55C1-46DF-856F-FC9630026CFA}.Debug|iPhoneSimulator.ActiveCfg = Debug|Any CPU
		{54D6678E-55C1-46DF-856F-FC9630026CFA}.Debug|iPhoneSimulator.Build.0 = Debug|Any CPU
		{54D6678E-55C1-46DF-856F-FC9630026CFA}.Debug|x64.ActiveCfg = Debug|Any CPU
		{54D6678E-55C1-46DF-856F-FC9630026CFA}.Debug|x64.Build.0 = Debug|Any CPU
		{54D6678E-55C1-46DF-856F-FC9630026CFA}.Debug|x86.ActiveCfg = Debug|Any CPU
		{54D6678E-55C1-46DF-856F-FC9630026CFA}.Debug|x86.Build.0 = Debug|Any CPU
		{54D6678E-55C1-46DF-856F-FC9630026CFA}.Release|Any CPU.ActiveCfg = Release|Any CPU
		{54D6678E-55C1-46DF-856F-FC9630026CFA}.Release|Any CPU.Build.0 = Release|Any CPU
		{54D6678E-55C1-46DF-856F-FC9630026CFA}.Release|ARM.ActiveCfg = Release|Any CPU
		{54D6678E-55C1-46DF-856F-FC9630026CFA}.Release|ARM.Build.0 = Release|Any CPU
		{54D6678E-55C1-46DF-856F-FC9630026CFA}.Release|ARM64.ActiveCfg = Release|Any CPU
		{54D6678E-55C1-46DF-856F-FC9630026CFA}.Release|ARM64.Build.0 = Release|Any CPU
		{54D6678E-55C1-46DF-856F-FC9630026CFA}.Release|iPhone.ActiveCfg = Release|Any CPU
		{54D6678E-55C1-46DF-856F-FC9630026CFA}.Release|iPhone.Build.0 = Release|Any CPU
		{54D6678E-55C1-46DF-856F-FC9630026CFA}.Release|iPhoneSimulator.ActiveCfg = Release|Any CPU
		{54D6678E-55C1-46DF-856F-FC9630026CFA}.Release|iPhoneSimulator.Build.0 = Release|Any CPU
		{54D6678E-55C1-46DF-856F-FC9630026CFA}.Release|x64.ActiveCfg = Release|Any CPU
		{54D6678E-55C1-46DF-856F-FC9630026CFA}.Release|x64.Build.0 = Release|Any CPU
		{54D6678E-55C1-46DF-856F-FC9630026CFA}.Release|x86.ActiveCfg = Release|Any CPU
		{54D6678E-55C1-46DF-856F-FC9630026CFA}.Release|x86.Build.0 = Release|Any CPU
		{069F8D1A-9678-459E-8984-2EB5383A3EB4}.Debug|Any CPU.ActiveCfg = Debug|Any CPU
		{069F8D1A-9678-459E-8984-2EB5383A3EB4}.Debug|Any CPU.Build.0 = Debug|Any CPU
		{069F8D1A-9678-459E-8984-2EB5383A3EB4}.Debug|ARM.ActiveCfg = Debug|Any CPU
		{069F8D1A-9678-459E-8984-2EB5383A3EB4}.Debug|ARM.Build.0 = Debug|Any CPU
		{069F8D1A-9678-459E-8984-2EB5383A3EB4}.Debug|ARM64.ActiveCfg = Debug|Any CPU
		{069F8D1A-9678-459E-8984-2EB5383A3EB4}.Debug|ARM64.Build.0 = Debug|Any CPU
		{069F8D1A-9678-459E-8984-2EB5383A3EB4}.Debug|iPhone.ActiveCfg = Debug|Any CPU
		{069F8D1A-9678-459E-8984-2EB5383A3EB4}.Debug|iPhone.Build.0 = Debug|Any CPU
		{069F8D1A-9678-459E-8984-2EB5383A3EB4}.Debug|iPhoneSimulator.ActiveCfg = Debug|Any CPU
		{069F8D1A-9678-459E-8984-2EB5383A3EB4}.Debug|iPhoneSimulator.Build.0 = Debug|Any CPU
		{069F8D1A-9678-459E-8984-2EB5383A3EB4}.Debug|x64.ActiveCfg = Debug|Any CPU
		{069F8D1A-9678-459E-8984-2EB5383A3EB4}.Debug|x64.Build.0 = Debug|Any CPU
		{069F8D1A-9678-459E-8984-2EB5383A3EB4}.Debug|x86.ActiveCfg = Debug|Any CPU
		{069F8D1A-9678-459E-8984-2EB5383A3EB4}.Debug|x86.Build.0 = Debug|Any CPU
		{069F8D1A-9678-459E-8984-2EB5383A3EB4}.Release|Any CPU.ActiveCfg = Release|Any CPU
		{069F8D1A-9678-459E-8984-2EB5383A3EB4}.Release|Any CPU.Build.0 = Release|Any CPU
		{069F8D1A-9678-459E-8984-2EB5383A3EB4}.Release|ARM.ActiveCfg = Release|Any CPU
		{069F8D1A-9678-459E-8984-2EB5383A3EB4}.Release|ARM.Build.0 = Release|Any CPU
		{069F8D1A-9678-459E-8984-2EB5383A3EB4}.Release|ARM64.ActiveCfg = Release|Any CPU
		{069F8D1A-9678-459E-8984-2EB5383A3EB4}.Release|ARM64.Build.0 = Release|Any CPU
		{069F8D1A-9678-459E-8984-2EB5383A3EB4}.Release|iPhone.ActiveCfg = Release|Any CPU
		{069F8D1A-9678-459E-8984-2EB5383A3EB4}.Release|iPhone.Build.0 = Release|Any CPU
		{069F8D1A-9678-459E-8984-2EB5383A3EB4}.Release|iPhoneSimulator.ActiveCfg = Release|Any CPU
		{069F8D1A-9678-459E-8984-2EB5383A3EB4}.Release|iPhoneSimulator.Build.0 = Release|Any CPU
		{069F8D1A-9678-459E-8984-2EB5383A3EB4}.Release|x64.ActiveCfg = Release|Any CPU
		{069F8D1A-9678-459E-8984-2EB5383A3EB4}.Release|x64.Build.0 = Release|Any CPU
		{069F8D1A-9678-459E-8984-2EB5383A3EB4}.Release|x86.ActiveCfg = Release|Any CPU
		{069F8D1A-9678-459E-8984-2EB5383A3EB4}.Release|x86.Build.0 = Release|Any CPU
		{1EBFFF32-6D49-4642-8019-71807CC2000E}.Debug|Any CPU.ActiveCfg = Debug|Any CPU
		{1EBFFF32-6D49-4642-8019-71807CC2000E}.Debug|Any CPU.Build.0 = Debug|Any CPU
		{1EBFFF32-6D49-4642-8019-71807CC2000E}.Debug|Any CPU.Deploy.0 = Debug|Any CPU
		{1EBFFF32-6D49-4642-8019-71807CC2000E}.Debug|ARM.ActiveCfg = Debug|Any CPU
		{1EBFFF32-6D49-4642-8019-71807CC2000E}.Debug|ARM.Build.0 = Debug|Any CPU
		{1EBFFF32-6D49-4642-8019-71807CC2000E}.Debug|ARM.Deploy.0 = Debug|Any CPU
		{1EBFFF32-6D49-4642-8019-71807CC2000E}.Debug|ARM64.ActiveCfg = Debug|Any CPU
		{1EBFFF32-6D49-4642-8019-71807CC2000E}.Debug|ARM64.Build.0 = Debug|Any CPU
		{1EBFFF32-6D49-4642-8019-71807CC2000E}.Debug|ARM64.Deploy.0 = Debug|Any CPU
		{1EBFFF32-6D49-4642-8019-71807CC2000E}.Debug|iPhone.ActiveCfg = Debug|Any CPU
		{1EBFFF32-6D49-4642-8019-71807CC2000E}.Debug|iPhone.Build.0 = Debug|Any CPU
		{1EBFFF32-6D49-4642-8019-71807CC2000E}.Debug|iPhone.Deploy.0 = Debug|Any CPU
		{1EBFFF32-6D49-4642-8019-71807CC2000E}.Debug|iPhoneSimulator.ActiveCfg = Debug|Any CPU
		{1EBFFF32-6D49-4642-8019-71807CC2000E}.Debug|iPhoneSimulator.Build.0 = Debug|Any CPU
		{1EBFFF32-6D49-4642-8019-71807CC2000E}.Debug|iPhoneSimulator.Deploy.0 = Debug|Any CPU
		{1EBFFF32-6D49-4642-8019-71807CC2000E}.Debug|x64.ActiveCfg = Debug|Any CPU
		{1EBFFF32-6D49-4642-8019-71807CC2000E}.Debug|x64.Build.0 = Debug|Any CPU
		{1EBFFF32-6D49-4642-8019-71807CC2000E}.Debug|x64.Deploy.0 = Debug|Any CPU
		{1EBFFF32-6D49-4642-8019-71807CC2000E}.Debug|x86.ActiveCfg = Debug|Any CPU
		{1EBFFF32-6D49-4642-8019-71807CC2000E}.Debug|x86.Build.0 = Debug|Any CPU
		{1EBFFF32-6D49-4642-8019-71807CC2000E}.Debug|x86.Deploy.0 = Debug|Any CPU
		{1EBFFF32-6D49-4642-8019-71807CC2000E}.Release|Any CPU.ActiveCfg = Release|Any CPU
		{1EBFFF32-6D49-4642-8019-71807CC2000E}.Release|Any CPU.Build.0 = Release|Any CPU
		{1EBFFF32-6D49-4642-8019-71807CC2000E}.Release|Any CPU.Deploy.0 = Release|Any CPU
		{1EBFFF32-6D49-4642-8019-71807CC2000E}.Release|ARM.ActiveCfg = Release|Any CPU
		{1EBFFF32-6D49-4642-8019-71807CC2000E}.Release|ARM.Build.0 = Release|Any CPU
		{1EBFFF32-6D49-4642-8019-71807CC2000E}.Release|ARM.Deploy.0 = Release|Any CPU
		{1EBFFF32-6D49-4642-8019-71807CC2000E}.Release|ARM64.ActiveCfg = Release|Any CPU
		{1EBFFF32-6D49-4642-8019-71807CC2000E}.Release|ARM64.Build.0 = Release|Any CPU
		{1EBFFF32-6D49-4642-8019-71807CC2000E}.Release|ARM64.Deploy.0 = Release|Any CPU
		{1EBFFF32-6D49-4642-8019-71807CC2000E}.Release|iPhone.ActiveCfg = Release|Any CPU
		{1EBFFF32-6D49-4642-8019-71807CC2000E}.Release|iPhone.Build.0 = Release|Any CPU
		{1EBFFF32-6D49-4642-8019-71807CC2000E}.Release|iPhone.Deploy.0 = Release|Any CPU
		{1EBFFF32-6D49-4642-8019-71807CC2000E}.Release|iPhoneSimulator.ActiveCfg = Release|Any CPU
		{1EBFFF32-6D49-4642-8019-71807CC2000E}.Release|iPhoneSimulator.Build.0 = Release|Any CPU
		{1EBFFF32-6D49-4642-8019-71807CC2000E}.Release|iPhoneSimulator.Deploy.0 = Release|Any CPU
		{1EBFFF32-6D49-4642-8019-71807CC2000E}.Release|x64.ActiveCfg = Release|Any CPU
		{1EBFFF32-6D49-4642-8019-71807CC2000E}.Release|x64.Build.0 = Release|Any CPU
		{1EBFFF32-6D49-4642-8019-71807CC2000E}.Release|x64.Deploy.0 = Release|Any CPU
		{1EBFFF32-6D49-4642-8019-71807CC2000E}.Release|x86.ActiveCfg = Release|Any CPU
		{1EBFFF32-6D49-4642-8019-71807CC2000E}.Release|x86.Build.0 = Release|Any CPU
		{1EBFFF32-6D49-4642-8019-71807CC2000E}.Release|x86.Deploy.0 = Release|Any CPU
		{568DEEC2-A3B2-4820-8263-CECEDF7987A6}.Debug|Any CPU.ActiveCfg = Debug|iPhoneSimulator
		{568DEEC2-A3B2-4820-8263-CECEDF7987A6}.Debug|ARM.ActiveCfg = Debug|iPhoneSimulator
		{568DEEC2-A3B2-4820-8263-CECEDF7987A6}.Debug|ARM64.ActiveCfg = Debug|iPhoneSimulator
		{568DEEC2-A3B2-4820-8263-CECEDF7987A6}.Debug|iPhone.ActiveCfg = Debug|iPhone
		{568DEEC2-A3B2-4820-8263-CECEDF7987A6}.Debug|iPhone.Build.0 = Debug|iPhone
		{568DEEC2-A3B2-4820-8263-CECEDF7987A6}.Debug|iPhoneSimulator.ActiveCfg = Debug|iPhoneSimulator
		{568DEEC2-A3B2-4820-8263-CECEDF7987A6}.Debug|iPhoneSimulator.Build.0 = Debug|iPhoneSimulator
		{568DEEC2-A3B2-4820-8263-CECEDF7987A6}.Debug|x64.ActiveCfg = Debug|iPhoneSimulator
		{568DEEC2-A3B2-4820-8263-CECEDF7987A6}.Debug|x86.ActiveCfg = Debug|iPhoneSimulator
		{568DEEC2-A3B2-4820-8263-CECEDF7987A6}.Release|Any CPU.ActiveCfg = Release|iPhoneSimulator
		{568DEEC2-A3B2-4820-8263-CECEDF7987A6}.Release|ARM.ActiveCfg = Release|iPhoneSimulator
		{568DEEC2-A3B2-4820-8263-CECEDF7987A6}.Release|ARM64.ActiveCfg = Release|iPhoneSimulator
		{568DEEC2-A3B2-4820-8263-CECEDF7987A6}.Release|iPhone.ActiveCfg = Release|iPhone
		{568DEEC2-A3B2-4820-8263-CECEDF7987A6}.Release|iPhone.Build.0 = Release|iPhone
		{568DEEC2-A3B2-4820-8263-CECEDF7987A6}.Release|iPhoneSimulator.ActiveCfg = Release|iPhoneSimulator
		{568DEEC2-A3B2-4820-8263-CECEDF7987A6}.Release|iPhoneSimulator.Build.0 = Release|iPhoneSimulator
		{568DEEC2-A3B2-4820-8263-CECEDF7987A6}.Release|x64.ActiveCfg = Release|iPhoneSimulator
		{568DEEC2-A3B2-4820-8263-CECEDF7987A6}.Release|x86.ActiveCfg = Release|iPhoneSimulator
		{E036B65B-B93C-4C80-AC96-5968A7ACEAD1}.Debug|Any CPU.ActiveCfg = Debug|Any CPU
		{E036B65B-B93C-4C80-AC96-5968A7ACEAD1}.Debug|Any CPU.Build.0 = Debug|Any CPU
		{E036B65B-B93C-4C80-AC96-5968A7ACEAD1}.Debug|ARM.ActiveCfg = Debug|Any CPU
		{E036B65B-B93C-4C80-AC96-5968A7ACEAD1}.Debug|ARM.Build.0 = Debug|Any CPU
		{E036B65B-B93C-4C80-AC96-5968A7ACEAD1}.Debug|ARM64.ActiveCfg = Debug|Any CPU
		{E036B65B-B93C-4C80-AC96-5968A7ACEAD1}.Debug|ARM64.Build.0 = Debug|Any CPU
		{E036B65B-B93C-4C80-AC96-5968A7ACEAD1}.Debug|iPhone.ActiveCfg = Debug|Any CPU
		{E036B65B-B93C-4C80-AC96-5968A7ACEAD1}.Debug|iPhone.Build.0 = Debug|Any CPU
		{E036B65B-B93C-4C80-AC96-5968A7ACEAD1}.Debug|iPhoneSimulator.ActiveCfg = Debug|Any CPU
		{E036B65B-B93C-4C80-AC96-5968A7ACEAD1}.Debug|iPhoneSimulator.Build.0 = Debug|Any CPU
		{E036B65B-B93C-4C80-AC96-5968A7ACEAD1}.Debug|x64.ActiveCfg = Debug|Any CPU
		{E036B65B-B93C-4C80-AC96-5968A7ACEAD1}.Debug|x64.Build.0 = Debug|Any CPU
		{E036B65B-B93C-4C80-AC96-5968A7ACEAD1}.Debug|x86.ActiveCfg = Debug|Any CPU
		{E036B65B-B93C-4C80-AC96-5968A7ACEAD1}.Debug|x86.Build.0 = Debug|Any CPU
		{E036B65B-B93C-4C80-AC96-5968A7ACEAD1}.Release|Any CPU.ActiveCfg = Release|Any CPU
		{E036B65B-B93C-4C80-AC96-5968A7ACEAD1}.Release|Any CPU.Build.0 = Release|Any CPU
		{E036B65B-B93C-4C80-AC96-5968A7ACEAD1}.Release|ARM.ActiveCfg = Release|Any CPU
		{E036B65B-B93C-4C80-AC96-5968A7ACEAD1}.Release|ARM.Build.0 = Release|Any CPU
		{E036B65B-B93C-4C80-AC96-5968A7ACEAD1}.Release|ARM64.ActiveCfg = Release|Any CPU
		{E036B65B-B93C-4C80-AC96-5968A7ACEAD1}.Release|ARM64.Build.0 = Release|Any CPU
		{E036B65B-B93C-4C80-AC96-5968A7ACEAD1}.Release|iPhone.ActiveCfg = Release|Any CPU
		{E036B65B-B93C-4C80-AC96-5968A7ACEAD1}.Release|iPhone.Build.0 = Release|Any CPU
		{E036B65B-B93C-4C80-AC96-5968A7ACEAD1}.Release|iPhoneSimulator.ActiveCfg = Release|Any CPU
		{E036B65B-B93C-4C80-AC96-5968A7ACEAD1}.Release|iPhoneSimulator.Build.0 = Release|Any CPU
		{E036B65B-B93C-4C80-AC96-5968A7ACEAD1}.Release|x64.ActiveCfg = Release|Any CPU
		{E036B65B-B93C-4C80-AC96-5968A7ACEAD1}.Release|x64.Build.0 = Release|Any CPU
		{E036B65B-B93C-4C80-AC96-5968A7ACEAD1}.Release|x86.ActiveCfg = Release|Any CPU
		{E036B65B-B93C-4C80-AC96-5968A7ACEAD1}.Release|x86.Build.0 = Release|Any CPU
		{7728F061-B0FF-43BE-A039-F0000E1F43EC}.Debug|Any CPU.ActiveCfg = Debug|Any CPU
		{7728F061-B0FF-43BE-A039-F0000E1F43EC}.Debug|Any CPU.Build.0 = Debug|Any CPU
		{7728F061-B0FF-43BE-A039-F0000E1F43EC}.Debug|ARM.ActiveCfg = Debug|Any CPU
		{7728F061-B0FF-43BE-A039-F0000E1F43EC}.Debug|ARM.Build.0 = Debug|Any CPU
		{7728F061-B0FF-43BE-A039-F0000E1F43EC}.Debug|ARM64.ActiveCfg = Debug|Any CPU
		{7728F061-B0FF-43BE-A039-F0000E1F43EC}.Debug|ARM64.Build.0 = Debug|Any CPU
		{7728F061-B0FF-43BE-A039-F0000E1F43EC}.Debug|iPhone.ActiveCfg = Debug|Any CPU
		{7728F061-B0FF-43BE-A039-F0000E1F43EC}.Debug|iPhone.Build.0 = Debug|Any CPU
		{7728F061-B0FF-43BE-A039-F0000E1F43EC}.Debug|iPhoneSimulator.ActiveCfg = Debug|Any CPU
		{7728F061-B0FF-43BE-A039-F0000E1F43EC}.Debug|iPhoneSimulator.Build.0 = Debug|Any CPU
		{7728F061-B0FF-43BE-A039-F0000E1F43EC}.Debug|x64.ActiveCfg = Debug|Any CPU
		{7728F061-B0FF-43BE-A039-F0000E1F43EC}.Debug|x64.Build.0 = Debug|Any CPU
		{7728F061-B0FF-43BE-A039-F0000E1F43EC}.Debug|x86.ActiveCfg = Debug|Any CPU
		{7728F061-B0FF-43BE-A039-F0000E1F43EC}.Debug|x86.Build.0 = Debug|Any CPU
		{7728F061-B0FF-43BE-A039-F0000E1F43EC}.Release|Any CPU.ActiveCfg = Release|Any CPU
		{7728F061-B0FF-43BE-A039-F0000E1F43EC}.Release|Any CPU.Build.0 = Release|Any CPU
		{7728F061-B0FF-43BE-A039-F0000E1F43EC}.Release|ARM.ActiveCfg = Release|Any CPU
		{7728F061-B0FF-43BE-A039-F0000E1F43EC}.Release|ARM.Build.0 = Release|Any CPU
		{7728F061-B0FF-43BE-A039-F0000E1F43EC}.Release|ARM64.ActiveCfg = Release|Any CPU
		{7728F061-B0FF-43BE-A039-F0000E1F43EC}.Release|ARM64.Build.0 = Release|Any CPU
		{7728F061-B0FF-43BE-A039-F0000E1F43EC}.Release|iPhone.ActiveCfg = Release|Any CPU
		{7728F061-B0FF-43BE-A039-F0000E1F43EC}.Release|iPhone.Build.0 = Release|Any CPU
		{7728F061-B0FF-43BE-A039-F0000E1F43EC}.Release|iPhoneSimulator.ActiveCfg = Release|Any CPU
		{7728F061-B0FF-43BE-A039-F0000E1F43EC}.Release|iPhoneSimulator.Build.0 = Release|Any CPU
		{7728F061-B0FF-43BE-A039-F0000E1F43EC}.Release|x64.ActiveCfg = Release|Any CPU
		{7728F061-B0FF-43BE-A039-F0000E1F43EC}.Release|x64.Build.0 = Release|Any CPU
		{7728F061-B0FF-43BE-A039-F0000E1F43EC}.Release|x86.ActiveCfg = Release|Any CPU
		{7728F061-B0FF-43BE-A039-F0000E1F43EC}.Release|x86.Build.0 = Release|Any CPU
		{B7A51635-A748-4A80-9D66-9A8573A9C09A}.Debug|Any CPU.ActiveCfg = Debug|Any CPU
		{B7A51635-A748-4A80-9D66-9A8573A9C09A}.Debug|Any CPU.Build.0 = Debug|Any CPU
		{B7A51635-A748-4A80-9D66-9A8573A9C09A}.Debug|ARM.ActiveCfg = Debug|Any CPU
		{B7A51635-A748-4A80-9D66-9A8573A9C09A}.Debug|ARM.Build.0 = Debug|Any CPU
		{B7A51635-A748-4A80-9D66-9A8573A9C09A}.Debug|ARM64.ActiveCfg = Debug|Any CPU
		{B7A51635-A748-4A80-9D66-9A8573A9C09A}.Debug|ARM64.Build.0 = Debug|Any CPU
		{B7A51635-A748-4A80-9D66-9A8573A9C09A}.Debug|iPhone.ActiveCfg = Debug|Any CPU
		{B7A51635-A748-4A80-9D66-9A8573A9C09A}.Debug|iPhone.Build.0 = Debug|Any CPU
		{B7A51635-A748-4A80-9D66-9A8573A9C09A}.Debug|iPhoneSimulator.ActiveCfg = Debug|Any CPU
		{B7A51635-A748-4A80-9D66-9A8573A9C09A}.Debug|iPhoneSimulator.Build.0 = Debug|Any CPU
		{B7A51635-A748-4A80-9D66-9A8573A9C09A}.Debug|x64.ActiveCfg = Debug|Any CPU
		{B7A51635-A748-4A80-9D66-9A8573A9C09A}.Debug|x64.Build.0 = Debug|Any CPU
		{B7A51635-A748-4A80-9D66-9A8573A9C09A}.Debug|x86.ActiveCfg = Debug|Any CPU
		{B7A51635-A748-4A80-9D66-9A8573A9C09A}.Debug|x86.Build.0 = Debug|Any CPU
		{B7A51635-A748-4A80-9D66-9A8573A9C09A}.Release|Any CPU.ActiveCfg = Release|Any CPU
		{B7A51635-A748-4A80-9D66-9A8573A9C09A}.Release|Any CPU.Build.0 = Release|Any CPU
		{B7A51635-A748-4A80-9D66-9A8573A9C09A}.Release|ARM.ActiveCfg = Release|Any CPU
		{B7A51635-A748-4A80-9D66-9A8573A9C09A}.Release|ARM.Build.0 = Release|Any CPU
		{B7A51635-A748-4A80-9D66-9A8573A9C09A}.Release|ARM64.ActiveCfg = Release|Any CPU
		{B7A51635-A748-4A80-9D66-9A8573A9C09A}.Release|ARM64.Build.0 = Release|Any CPU
		{B7A51635-A748-4A80-9D66-9A8573A9C09A}.Release|iPhone.ActiveCfg = Release|Any CPU
		{B7A51635-A748-4A80-9D66-9A8573A9C09A}.Release|iPhone.Build.0 = Release|Any CPU
		{B7A51635-A748-4A80-9D66-9A8573A9C09A}.Release|iPhoneSimulator.ActiveCfg = Release|Any CPU
		{B7A51635-A748-4A80-9D66-9A8573A9C09A}.Release|iPhoneSimulator.Build.0 = Release|Any CPU
		{B7A51635-A748-4A80-9D66-9A8573A9C09A}.Release|x64.ActiveCfg = Release|Any CPU
		{B7A51635-A748-4A80-9D66-9A8573A9C09A}.Release|x64.Build.0 = Release|Any CPU
		{B7A51635-A748-4A80-9D66-9A8573A9C09A}.Release|x86.ActiveCfg = Release|Any CPU
		{B7A51635-A748-4A80-9D66-9A8573A9C09A}.Release|x86.Build.0 = Release|Any CPU
	EndGlobalSection
	GlobalSection(SolutionProperties) = preSolution
		HideSolutionNode = FALSE
	EndGlobalSection
	GlobalSection(ExtensibilityGlobals) = postSolution
		SolutionGuid = {420642B6-9D23-421B-93B1-2E5344F22A52}
	EndGlobalSection
EndGlobal
