
Microsoft Visual Studio Solution File, Format Version 12.00
# Visual Studio Version 16
VisualStudioVersion = 16.0.29806.167
MinimumVisualStudioVersion = 10.0.40219.1
Project("{9A19103F-16F7-4668-BE54-9A1E7A4F7556}") = "MultiCommTerminal", "MultiCommTerminal\MultiCommTerminal.csproj", "{1EAD2701-7507-4984-9629-E1FB6525F62F}"
EndProject
Project("{9A19103F-16F7-4668-BE54-9A1E7A4F7556}") = "MultiCommData.Net", "MultiCommData\MultiCommData.Net.csproj", "{E6ECDC5E-F10C-4730-BDD1-B45936BFE05E}"
EndProject
Project("{9A19103F-16F7-4668-BE54-9A1E7A4F7556}") = "BluetoothCommon.Net", "BluetoothCommon.Net\BluetoothCommon.Net.csproj", "{F30F15EB-D67A-4338-B34A-C1DEF003E5DB}"
EndProject
Project("{9A19103F-16F7-4668-BE54-9A1E7A4F7556}") = "BluetoothClassic.Win32", "BluetoothClassic\BluetoothClassic.Win32.csproj", "{FAE7FB6C-9ADC-4302-ACD3-53BC981EC403}"
EndProject
Project("{9A19103F-16F7-4668-BE54-9A1E7A4F7556}") = "BluetoothLE.Net", "BluetoothLE\BluetoothLE.Net.csproj", "{262EF221-42EE-4EF3-9FE5-9803DCC19405}"
EndProject
Project("{FAE04EC0-301F-11D3-BF4B-00C04F79EFBC}") = "BluetoothLE.Win32", "BluetoothLE.Win32\BluetoothLE.Win32.csproj", "{79FF7E7E-E2D5-40BB-95C9-A09D17DA5F54}"
EndProject
Project("{9A19103F-16F7-4668-BE54-9A1E7A4F7556}") = "ChkUtils.Net", "..\SharedNetLibs\ChkUtils.Net\ChkUtils.Net.csproj", "{A71559FD-9A21-4F27-92EC-C89FBEF25718}"
EndProject
Project("{9A19103F-16F7-4668-BE54-9A1E7A4F7556}") = "LogUtils.Net", "..\SharedNetLibs\LogUtils.Net\LogUtils.Net.csproj", "{DB9AA64B-945B-41D5-A0DA-83407D2BFCC8}"
EndProject
Project("{9A19103F-16F7-4668-BE54-9A1E7A4F7556}") = "LanguageFactory.Net", "..\SharedNetLibs\LanguageFactory\LanguageFactory.Net.csproj", "{4F6445CD-1589-465A-864D-DC597B44745C}"
EndProject
Project("{9A19103F-16F7-4668-BE54-9A1E7A4F7556}") = "IconFactory", "..\SharedNetLibs\IconFactory\IconFactory.csproj", "{8CA4272F-AFD9-4737-A941-AB24ED051D40}"
EndProject
Project("{9A19103F-16F7-4668-BE54-9A1E7A4F7556}") = "DependencyInjectorFactory", "..\SharedNetLibs\DependencyInjectorFactory\DependencyInjectorFactory.csproj", "{6D911CDF-3F4F-45F8-A698-BCB47FF53E08}"
EndProject
Project("{9A19103F-16F7-4668-BE54-9A1E7A4F7556}") = "MultiCommWrapper.Net", "MultiCommWrapper\MultiCommWrapper.Net.csproj", "{F86E019F-F046-4DC2-A949-D0EA0F0D0964}"
EndProject
Project("{9A19103F-16F7-4668-BE54-9A1E7A4F7556}") = "StorageFactory.Net", "..\SharedNetLibs\StorageFactory.Net\StorageFactory.Net.csproj", "{B5D8B51D-7186-458F-A02C-200E104463F0}"
EndProject
Project("{9A19103F-16F7-4668-BE54-9A1E7A4F7556}") = "WpfHelperClasses.Core", "..\SharedNetCoreLibs\WpfHelpers.Core\WpfHelperClasses.Core.csproj", "{C7371D08-8844-4C42-88A7-9E612314E13D}"
EndProject
Global
	GlobalSection(SolutionConfigurationPlatforms) = preSolution
		Debug|Any CPU = Debug|Any CPU
		Release|Any CPU = Release|Any CPU
	EndGlobalSection
	GlobalSection(ProjectConfigurationPlatforms) = postSolution
		{1EAD2701-7507-4984-9629-E1FB6525F62F}.Debug|Any CPU.ActiveCfg = Debug|Any CPU
		{1EAD2701-7507-4984-9629-E1FB6525F62F}.Debug|Any CPU.Build.0 = Debug|Any CPU
		{1EAD2701-7507-4984-9629-E1FB6525F62F}.Release|Any CPU.ActiveCfg = Release|Any CPU
		{1EAD2701-7507-4984-9629-E1FB6525F62F}.Release|Any CPU.Build.0 = Release|Any CPU
		{E6ECDC5E-F10C-4730-BDD1-B45936BFE05E}.Debug|Any CPU.ActiveCfg = Debug|Any CPU
		{E6ECDC5E-F10C-4730-BDD1-B45936BFE05E}.Debug|Any CPU.Build.0 = Debug|Any CPU
		{E6ECDC5E-F10C-4730-BDD1-B45936BFE05E}.Release|Any CPU.ActiveCfg = Release|Any CPU
		{E6ECDC5E-F10C-4730-BDD1-B45936BFE05E}.Release|Any CPU.Build.0 = Release|Any CPU
		{F30F15EB-D67A-4338-B34A-C1DEF003E5DB}.Debug|Any CPU.ActiveCfg = Debug|Any CPU
		{F30F15EB-D67A-4338-B34A-C1DEF003E5DB}.Debug|Any CPU.Build.0 = Debug|Any CPU
		{F30F15EB-D67A-4338-B34A-C1DEF003E5DB}.Release|Any CPU.ActiveCfg = Release|Any CPU
		{F30F15EB-D67A-4338-B34A-C1DEF003E5DB}.Release|Any CPU.Build.0 = Release|Any CPU
		{FAE7FB6C-9ADC-4302-ACD3-53BC981EC403}.Debug|Any CPU.ActiveCfg = Debug|Any CPU
		{FAE7FB6C-9ADC-4302-ACD3-53BC981EC403}.Debug|Any CPU.Build.0 = Debug|Any CPU
		{FAE7FB6C-9ADC-4302-ACD3-53BC981EC403}.Release|Any CPU.ActiveCfg = Release|Any CPU
		{FAE7FB6C-9ADC-4302-ACD3-53BC981EC403}.Release|Any CPU.Build.0 = Release|Any CPU
		{262EF221-42EE-4EF3-9FE5-9803DCC19405}.Debug|Any CPU.ActiveCfg = Debug|Any CPU
		{262EF221-42EE-4EF3-9FE5-9803DCC19405}.Debug|Any CPU.Build.0 = Debug|Any CPU
		{262EF221-42EE-4EF3-9FE5-9803DCC19405}.Release|Any CPU.ActiveCfg = Release|Any CPU
		{262EF221-42EE-4EF3-9FE5-9803DCC19405}.Release|Any CPU.Build.0 = Release|Any CPU
		{79FF7E7E-E2D5-40BB-95C9-A09D17DA5F54}.Debug|Any CPU.ActiveCfg = Debug|Any CPU
		{79FF7E7E-E2D5-40BB-95C9-A09D17DA5F54}.Debug|Any CPU.Build.0 = Debug|Any CPU
		{79FF7E7E-E2D5-40BB-95C9-A09D17DA5F54}.Release|Any CPU.ActiveCfg = Release|Any CPU
		{79FF7E7E-E2D5-40BB-95C9-A09D17DA5F54}.Release|Any CPU.Build.0 = Release|Any CPU
		{A71559FD-9A21-4F27-92EC-C89FBEF25718}.Debug|Any CPU.ActiveCfg = Debug|Any CPU
		{A71559FD-9A21-4F27-92EC-C89FBEF25718}.Debug|Any CPU.Build.0 = Debug|Any CPU
		{A71559FD-9A21-4F27-92EC-C89FBEF25718}.Release|Any CPU.ActiveCfg = Release|Any CPU
		{A71559FD-9A21-4F27-92EC-C89FBEF25718}.Release|Any CPU.Build.0 = Release|Any CPU
		{DB9AA64B-945B-41D5-A0DA-83407D2BFCC8}.Debug|Any CPU.ActiveCfg = Debug|Any CPU
		{DB9AA64B-945B-41D5-A0DA-83407D2BFCC8}.Debug|Any CPU.Build.0 = Debug|Any CPU
		{DB9AA64B-945B-41D5-A0DA-83407D2BFCC8}.Release|Any CPU.ActiveCfg = Release|Any CPU
		{DB9AA64B-945B-41D5-A0DA-83407D2BFCC8}.Release|Any CPU.Build.0 = Release|Any CPU
		{4F6445CD-1589-465A-864D-DC597B44745C}.Debug|Any CPU.ActiveCfg = Debug|Any CPU
		{4F6445CD-1589-465A-864D-DC597B44745C}.Debug|Any CPU.Build.0 = Debug|Any CPU
		{4F6445CD-1589-465A-864D-DC597B44745C}.Release|Any CPU.ActiveCfg = Release|Any CPU
		{4F6445CD-1589-465A-864D-DC597B44745C}.Release|Any CPU.Build.0 = Release|Any CPU
		{8CA4272F-AFD9-4737-A941-AB24ED051D40}.Debug|Any CPU.ActiveCfg = Debug|Any CPU
		{8CA4272F-AFD9-4737-A941-AB24ED051D40}.Debug|Any CPU.Build.0 = Debug|Any CPU
		{8CA4272F-AFD9-4737-A941-AB24ED051D40}.Release|Any CPU.ActiveCfg = Release|Any CPU
		{8CA4272F-AFD9-4737-A941-AB24ED051D40}.Release|Any CPU.Build.0 = Release|Any CPU
		{6D911CDF-3F4F-45F8-A698-BCB47FF53E08}.Debug|Any CPU.ActiveCfg = Debug|Any CPU
		{6D911CDF-3F4F-45F8-A698-BCB47FF53E08}.Debug|Any CPU.Build.0 = Debug|Any CPU
		{6D911CDF-3F4F-45F8-A698-BCB47FF53E08}.Release|Any CPU.ActiveCfg = Release|Any CPU
		{6D911CDF-3F4F-45F8-A698-BCB47FF53E08}.Release|Any CPU.Build.0 = Release|Any CPU
		{F86E019F-F046-4DC2-A949-D0EA0F0D0964}.Debug|Any CPU.ActiveCfg = Debug|Any CPU
		{F86E019F-F046-4DC2-A949-D0EA0F0D0964}.Debug|Any CPU.Build.0 = Debug|Any CPU
		{F86E019F-F046-4DC2-A949-D0EA0F0D0964}.Release|Any CPU.ActiveCfg = Release|Any CPU
		{F86E019F-F046-4DC2-A949-D0EA0F0D0964}.Release|Any CPU.Build.0 = Release|Any CPU
		{B5D8B51D-7186-458F-A02C-200E104463F0}.Debug|Any CPU.ActiveCfg = Debug|Any CPU
		{B5D8B51D-7186-458F-A02C-200E104463F0}.Debug|Any CPU.Build.0 = Debug|Any CPU
		{B5D8B51D-7186-458F-A02C-200E104463F0}.Release|Any CPU.ActiveCfg = Release|Any CPU
		{B5D8B51D-7186-458F-A02C-200E104463F0}.Release|Any CPU.Build.0 = Release|Any CPU
		{C7371D08-8844-4C42-88A7-9E612314E13D}.Debug|Any CPU.ActiveCfg = Debug|Any CPU
		{C7371D08-8844-4C42-88A7-9E612314E13D}.Debug|Any CPU.Build.0 = Debug|Any CPU
		{C7371D08-8844-4C42-88A7-9E612314E13D}.Release|Any CPU.ActiveCfg = Release|Any CPU
		{C7371D08-8844-4C42-88A7-9E612314E13D}.Release|Any CPU.Build.0 = Release|Any CPU
	EndGlobalSection
	GlobalSection(SolutionProperties) = preSolution
		HideSolutionNode = FALSE
	EndGlobalSection
	GlobalSection(ExtensibilityGlobals) = postSolution
		SolutionGuid = {420642B6-9D23-421B-93B1-2E5344F22A52}
	EndGlobalSection
EndGlobal
