
Microsoft Visual Studio Solution File, Format Version 12.00
# Visual Studio Version 17
VisualStudioVersion = 17.0.31912.275
MinimumVisualStudioVersion = 10.0.40219.1
Project("{9A19103F-16F7-4668-BE54-9A1E7A4F7556}") = "MultiCommTerminal.NetCore", "MultiCommTerminal\MultiCommTerminal.NetCore.csproj", "{1EAD2701-7507-4984-9629-E1FB6525F62F}"
EndProject
Project("{9A19103F-16F7-4668-BE54-9A1E7A4F7556}") = "MultiCommData.Net", "MultiCommData\MultiCommData.Net.csproj", "{E6ECDC5E-F10C-4730-BDD1-B45936BFE05E}"
EndProject
Project("{9A19103F-16F7-4668-BE54-9A1E7A4F7556}") = "MultiCommWrapper.Net", "MultiCommWrapper\MultiCommWrapper.Net.csproj", "{F86E019F-F046-4DC2-A949-D0EA0F0D0964}"
EndProject
Project("{C7167F0D-BC9F-4E6E-AFE1-012C56B48DB5}") = "MultiCommTerminal.MSIX", "MultiCommTerminal.MSIX\MultiCommTerminal.MSIX.wapproj", "{43B3E962-7E4F-44E2-A5A8-AE4660B72288}"
EndProject
Project("{9A19103F-16F7-4668-BE54-9A1E7A4F7556}") = "MultiCommTerminalIconFactories", "MultiCommTerminalIconFactories\MultiCommTerminalIconFactories.csproj", "{B7A51635-A748-4A80-9D66-9A8573A9C09A}"
EndProject
Project("{9A19103F-16F7-4668-BE54-9A1E7A4F7556}") = "MultiCommTestCases.Core", "MultiCommTestCases.Core\MultiCommTestCases.Core.csproj", "{2A7F5C3F-D621-40C0-87DE-A477433D63F6}"
EndProject
Project("{9A19103F-16F7-4668-BE54-9A1E7A4F7556}") = "TestCaseSupport.Core", "..\SharedNetLibs\TestCaseSupport.Core\TestCaseSupport.Core.csproj", "{0854A95C-34F6-416A-89FC-DCA394D9B3DB}"
EndProject
Project("{9A19103F-16F7-4668-BE54-9A1E7A4F7556}") = "ChkUtils.Net6", "..\SharedNetLibs\ChkUtils.Net\ChkUtils.Net6.csproj", "{C92ADD4C-0BBA-433B-B765-D670F04DEF0A}"
EndProject
Project("{9A19103F-16F7-4668-BE54-9A1E7A4F7556}") = "LogUtils.Net6", "..\SharedNetLibs\LogUtils.Net\LogUtils.Net6.csproj", "{459ED52B-A90C-450C-9E83-F9C379A24228}"
EndProject
Project("{9A19103F-16F7-4668-BE54-9A1E7A4F7556}") = "BluetoothCommon.Net6", "..\SharedNetLibs\BluetoothCommon.Net\BluetoothCommon.Net6.csproj", "{423FBF6A-9F3B-4622-90D7-35F133DB7415}"
EndProject
Project("{9A19103F-16F7-4668-BE54-9A1E7A4F7556}") = "BluetoothLE.Net6", "..\SharedNetLibs\BluetoothLE\BluetoothLE.Net6.csproj", "{63DA8ACF-4231-40FD-99A7-28AA3D96E9C2}"
EndProject
Project("{9A19103F-16F7-4668-BE54-9A1E7A4F7556}") = "CommonNetwork.Net6", "..\SharedNetLibs\Common.Net\CommonNetwork.Net6.csproj", "{C519BE19-8584-47C0-93EB-09BFF05C2868}"
EndProject
Project("{9A19103F-16F7-4668-BE54-9A1E7A4F7556}") = "CommunicationStack.Net6", "..\SharedNetLibs\CommunicationStack.Net\CommunicationStack.Net6.csproj", "{BD0E66A5-C864-4669-A7DF-136B3B059B83}"
EndProject
Project("{9A19103F-16F7-4668-BE54-9A1E7A4F7556}") = "DependencyInjectorFactory.Net6", "..\SharedNetLibs\DependencyInjectorFactory\DependencyInjectorFactory.Net6.csproj", "{E177AF12-3DDB-45D9-82CE-9E97D6CC8F34}"
EndProject
Project("{9A19103F-16F7-4668-BE54-9A1E7A4F7556}") = "Ethernet.Common.Net6", "..\SharedNetLibs\Ethernet.Common.Net\Ethernet.Common.Net6.csproj", "{AE65E496-EBED-459C-9103-23DE5CD64159}"
EndProject
Project("{9A19103F-16F7-4668-BE54-9A1E7A4F7556}") = "IconFactory.Net6", "..\SharedNetLibs\IconFactory\IconFactory.Net6.csproj", "{574C956A-A5F7-464D-9150-775021FA7144}"
EndProject
Project("{9A19103F-16F7-4668-BE54-9A1E7A4F7556}") = "LanguageFactory.Net6", "..\SharedNetLibs\LanguageFactory\LanguageFactory.Net6.csproj", "{E7B2A0C4-AAE1-4276-96BE-96F698F3F8B6}"
EndProject
Project("{9A19103F-16F7-4668-BE54-9A1E7A4F7556}") = "SerialCommon.Net6", "..\SharedNetLibs\SerialCommon.Net\SerialCommon.Net6.csproj", "{8FC234FB-5BA6-41AD-8D75-68D8859AB1AB}"
EndProject
Project("{9A19103F-16F7-4668-BE54-9A1E7A4F7556}") = "StorageFactory.Net6", "..\SharedNetLibs\StorageFactory.Net\StorageFactory.Net6.csproj", "{B5C93333-FCB5-45FA-AAD6-39AB51EECF78}"
EndProject
Project("{9A19103F-16F7-4668-BE54-9A1E7A4F7556}") = "VariousUtils.Net6", "..\SharedNetLibs\VariousUtils\VariousUtils.Net6.csproj", "{23F06813-7CFC-455B-BB0B-4AE2B0493E8A}"
EndProject
Project("{9A19103F-16F7-4668-BE54-9A1E7A4F7556}") = "WifiCommon.Net6", "..\SharedNetLibs\WifiCommon.Net\WifiCommon.Net6.csproj", "{7EACCF0D-9CCF-4EBB-87B8-8E5A18C560F3}"
EndProject
Project("{9A19103F-16F7-4668-BE54-9A1E7A4F7556}") = "Serial.WinRT", "..\SharedWinRTLibs\Serial.WinRT\Serial.WinRT.csproj", "{206D36EB-B06F-4944-9417-B14104012C64}"
EndProject
Project("{9A19103F-16F7-4668-BE54-9A1E7A4F7556}") = "BluetoothCommon.WinRT", "..\SharedWinRTLibs\BluetoothCommon.WinRT\BluetoothCommon.WinRT.csproj", "{103D5AC1-FC0F-4C96-8D01-9B143A21F51C}"
EndProject
Project("{9A19103F-16F7-4668-BE54-9A1E7A4F7556}") = "BluetoothLE.WinRT", "..\SharedWinRTLibs\BluetoothLE.WinRT\BluetoothLE.WinRT.csproj", "{6DF0F237-90AD-4494-948D-47BDA845D801}"
EndProject
Project("{9A19103F-16F7-4668-BE54-9A1E7A4F7556}") = "BluetoothRFComm.WinRT", "..\SharedWinRTLibs\BluetoothRFComm.WinRT\BluetoothRFComm.WinRT.csproj", "{422A198A-D8D2-4379-9BB5-00A9C5547BAB}"
EndProject
Project("{9A19103F-16F7-4668-BE54-9A1E7A4F7556}") = "Communications.WinRT", "..\SharedWinRTLibs\Communications.WinRT\Communications.WinRT.csproj", "{57EBFC18-2EDD-4303-87BA-9FAA46E72F51}"
EndProject
Project("{9A19103F-16F7-4668-BE54-9A1E7A4F7556}") = "Ethernet.WinRT", "..\SharedWinRTLibs\Ethernet.WinRT\Ethernet.WinRT.csproj", "{4773BD80-2EC8-448B-AA38-C17D513D52A3}"
EndProject
Project("{9A19103F-16F7-4668-BE54-9A1E7A4F7556}") = "Wifi.WinRT", "..\SharedWinRTLibs\Wifi.WinRT\Wifi.WinRT.csproj", "{FB06DD72-C197-4DD5-99EB-0AEFEB3D8ABE}"
EndProject
Project("{9A19103F-16F7-4668-BE54-9A1E7A4F7556}") = "WpfCustomControlLib.Net6", "..\SharedNet6Wpf\WpfCustomControlLib.Net6\WpfCustomControlLib.Net6.csproj", "{4B0DBA6D-0600-49C9-91D2-D6D451728B4A}"
EndProject
Project("{9A19103F-16F7-4668-BE54-9A1E7A4F7556}") = "WpfHelperClasses.Net6", "..\SharedNet6Wpf\WpfHelperClasses.Net6\WpfHelperClasses.Net6.csproj", "{463A8322-E03E-4853-ABFF-3A35C7E00DD9}"
EndProject
Project("{9A19103F-16F7-4668-BE54-9A1E7A4F7556}") = "WpfUserControlLib.Net6", "..\SharedNet6Wpf\WpfUserControlLib.Net6\WpfUserControlLib.Net6.csproj", "{5E910C3E-49AB-4F07-A615-32A582787214}"
EndProject
Project("{FAE04EC0-301F-11D3-BF4B-00C04F79EFBC}") = "MultiCommTerminalTestNet6", "MultiCommTerminalTestNet6\MultiCommTerminalTestNet6.csproj", "{233CEB1A-D118-46EF-B6AD-2C8F055450F8}"
EndProject
Global
	GlobalSection(SolutionConfigurationPlatforms) = preSolution
		Debug|Any CPU = Debug|Any CPU
		Debug|ARM = Debug|ARM
		Debug|ARM64 = Debug|ARM64
		Debug|iPhone = Debug|iPhone
		Debug|iPhoneSimulator = Debug|iPhoneSimulator
		Debug|x64 = Debug|x64
		Debug|x86 = Debug|x86
		Release|Any CPU = Release|Any CPU
		Release|ARM = Release|ARM
		Release|ARM64 = Release|ARM64
		Release|iPhone = Release|iPhone
		Release|iPhoneSimulator = Release|iPhoneSimulator
		Release|x64 = Release|x64
		Release|x86 = Release|x86
	EndGlobalSection
	GlobalSection(ProjectConfigurationPlatforms) = postSolution
		{1EAD2701-7507-4984-9629-E1FB6525F62F}.Debug|Any CPU.ActiveCfg = Debug|Any CPU
		{1EAD2701-7507-4984-9629-E1FB6525F62F}.Debug|Any CPU.Build.0 = Debug|Any CPU
		{1EAD2701-7507-4984-9629-E1FB6525F62F}.Debug|ARM.ActiveCfg = Debug|Any CPU
		{1EAD2701-7507-4984-9629-E1FB6525F62F}.Debug|ARM.Build.0 = Debug|Any CPU
		{1EAD2701-7507-4984-9629-E1FB6525F62F}.Debug|ARM64.ActiveCfg = Debug|Any CPU
		{1EAD2701-7507-4984-9629-E1FB6525F62F}.Debug|ARM64.Build.0 = Debug|Any CPU
		{1EAD2701-7507-4984-9629-E1FB6525F62F}.Debug|iPhone.ActiveCfg = Debug|Any CPU
		{1EAD2701-7507-4984-9629-E1FB6525F62F}.Debug|iPhone.Build.0 = Debug|Any CPU
		{1EAD2701-7507-4984-9629-E1FB6525F62F}.Debug|iPhoneSimulator.ActiveCfg = Debug|Any CPU
		{1EAD2701-7507-4984-9629-E1FB6525F62F}.Debug|iPhoneSimulator.Build.0 = Debug|Any CPU
		{1EAD2701-7507-4984-9629-E1FB6525F62F}.Debug|x64.ActiveCfg = Debug|Any CPU
		{1EAD2701-7507-4984-9629-E1FB6525F62F}.Debug|x64.Build.0 = Debug|Any CPU
		{1EAD2701-7507-4984-9629-E1FB6525F62F}.Debug|x86.ActiveCfg = Debug|Any CPU
		{1EAD2701-7507-4984-9629-E1FB6525F62F}.Debug|x86.Build.0 = Debug|Any CPU
		{1EAD2701-7507-4984-9629-E1FB6525F62F}.Release|Any CPU.ActiveCfg = Release|Any CPU
		{1EAD2701-7507-4984-9629-E1FB6525F62F}.Release|Any CPU.Build.0 = Release|Any CPU
		{1EAD2701-7507-4984-9629-E1FB6525F62F}.Release|ARM.ActiveCfg = Release|Any CPU
		{1EAD2701-7507-4984-9629-E1FB6525F62F}.Release|ARM.Build.0 = Release|Any CPU
		{1EAD2701-7507-4984-9629-E1FB6525F62F}.Release|ARM64.ActiveCfg = Release|Any CPU
		{1EAD2701-7507-4984-9629-E1FB6525F62F}.Release|ARM64.Build.0 = Release|Any CPU
		{1EAD2701-7507-4984-9629-E1FB6525F62F}.Release|iPhone.ActiveCfg = Release|Any CPU
		{1EAD2701-7507-4984-9629-E1FB6525F62F}.Release|iPhone.Build.0 = Release|Any CPU
		{1EAD2701-7507-4984-9629-E1FB6525F62F}.Release|iPhoneSimulator.ActiveCfg = Release|Any CPU
		{1EAD2701-7507-4984-9629-E1FB6525F62F}.Release|iPhoneSimulator.Build.0 = Release|Any CPU
		{1EAD2701-7507-4984-9629-E1FB6525F62F}.Release|x64.ActiveCfg = Release|Any CPU
		{1EAD2701-7507-4984-9629-E1FB6525F62F}.Release|x64.Build.0 = Release|Any CPU
		{1EAD2701-7507-4984-9629-E1FB6525F62F}.Release|x86.ActiveCfg = Release|Any CPU
		{1EAD2701-7507-4984-9629-E1FB6525F62F}.Release|x86.Build.0 = Release|Any CPU
		{E6ECDC5E-F10C-4730-BDD1-B45936BFE05E}.Debug|Any CPU.ActiveCfg = Debug|Any CPU
		{E6ECDC5E-F10C-4730-BDD1-B45936BFE05E}.Debug|Any CPU.Build.0 = Debug|Any CPU
		{E6ECDC5E-F10C-4730-BDD1-B45936BFE05E}.Debug|ARM.ActiveCfg = Debug|Any CPU
		{E6ECDC5E-F10C-4730-BDD1-B45936BFE05E}.Debug|ARM.Build.0 = Debug|Any CPU
		{E6ECDC5E-F10C-4730-BDD1-B45936BFE05E}.Debug|ARM64.ActiveCfg = Debug|Any CPU
		{E6ECDC5E-F10C-4730-BDD1-B45936BFE05E}.Debug|ARM64.Build.0 = Debug|Any CPU
		{E6ECDC5E-F10C-4730-BDD1-B45936BFE05E}.Debug|iPhone.ActiveCfg = Debug|Any CPU
		{E6ECDC5E-F10C-4730-BDD1-B45936BFE05E}.Debug|iPhone.Build.0 = Debug|Any CPU
		{E6ECDC5E-F10C-4730-BDD1-B45936BFE05E}.Debug|iPhoneSimulator.ActiveCfg = Debug|Any CPU
		{E6ECDC5E-F10C-4730-BDD1-B45936BFE05E}.Debug|iPhoneSimulator.Build.0 = Debug|Any CPU
		{E6ECDC5E-F10C-4730-BDD1-B45936BFE05E}.Debug|x64.ActiveCfg = Debug|Any CPU
		{E6ECDC5E-F10C-4730-BDD1-B45936BFE05E}.Debug|x64.Build.0 = Debug|Any CPU
		{E6ECDC5E-F10C-4730-BDD1-B45936BFE05E}.Debug|x86.ActiveCfg = Debug|Any CPU
		{E6ECDC5E-F10C-4730-BDD1-B45936BFE05E}.Debug|x86.Build.0 = Debug|Any CPU
		{E6ECDC5E-F10C-4730-BDD1-B45936BFE05E}.Release|Any CPU.ActiveCfg = Release|Any CPU
		{E6ECDC5E-F10C-4730-BDD1-B45936BFE05E}.Release|Any CPU.Build.0 = Release|Any CPU
		{E6ECDC5E-F10C-4730-BDD1-B45936BFE05E}.Release|ARM.ActiveCfg = Release|Any CPU
		{E6ECDC5E-F10C-4730-BDD1-B45936BFE05E}.Release|ARM.Build.0 = Release|Any CPU
		{E6ECDC5E-F10C-4730-BDD1-B45936BFE05E}.Release|ARM64.ActiveCfg = Release|Any CPU
		{E6ECDC5E-F10C-4730-BDD1-B45936BFE05E}.Release|ARM64.Build.0 = Release|Any CPU
		{E6ECDC5E-F10C-4730-BDD1-B45936BFE05E}.Release|iPhone.ActiveCfg = Release|Any CPU
		{E6ECDC5E-F10C-4730-BDD1-B45936BFE05E}.Release|iPhone.Build.0 = Release|Any CPU
		{E6ECDC5E-F10C-4730-BDD1-B45936BFE05E}.Release|iPhoneSimulator.ActiveCfg = Release|Any CPU
		{E6ECDC5E-F10C-4730-BDD1-B45936BFE05E}.Release|iPhoneSimulator.Build.0 = Release|Any CPU
		{E6ECDC5E-F10C-4730-BDD1-B45936BFE05E}.Release|x64.ActiveCfg = Release|Any CPU
		{E6ECDC5E-F10C-4730-BDD1-B45936BFE05E}.Release|x64.Build.0 = Release|Any CPU
		{E6ECDC5E-F10C-4730-BDD1-B45936BFE05E}.Release|x86.ActiveCfg = Release|Any CPU
		{E6ECDC5E-F10C-4730-BDD1-B45936BFE05E}.Release|x86.Build.0 = Release|Any CPU
		{F86E019F-F046-4DC2-A949-D0EA0F0D0964}.Debug|Any CPU.ActiveCfg = Debug|Any CPU
		{F86E019F-F046-4DC2-A949-D0EA0F0D0964}.Debug|Any CPU.Build.0 = Debug|Any CPU
		{F86E019F-F046-4DC2-A949-D0EA0F0D0964}.Debug|ARM.ActiveCfg = Debug|Any CPU
		{F86E019F-F046-4DC2-A949-D0EA0F0D0964}.Debug|ARM.Build.0 = Debug|Any CPU
		{F86E019F-F046-4DC2-A949-D0EA0F0D0964}.Debug|ARM64.ActiveCfg = Debug|Any CPU
		{F86E019F-F046-4DC2-A949-D0EA0F0D0964}.Debug|ARM64.Build.0 = Debug|Any CPU
		{F86E019F-F046-4DC2-A949-D0EA0F0D0964}.Debug|iPhone.ActiveCfg = Debug|Any CPU
		{F86E019F-F046-4DC2-A949-D0EA0F0D0964}.Debug|iPhone.Build.0 = Debug|Any CPU
		{F86E019F-F046-4DC2-A949-D0EA0F0D0964}.Debug|iPhoneSimulator.ActiveCfg = Debug|Any CPU
		{F86E019F-F046-4DC2-A949-D0EA0F0D0964}.Debug|iPhoneSimulator.Build.0 = Debug|Any CPU
		{F86E019F-F046-4DC2-A949-D0EA0F0D0964}.Debug|x64.ActiveCfg = Debug|Any CPU
		{F86E019F-F046-4DC2-A949-D0EA0F0D0964}.Debug|x64.Build.0 = Debug|Any CPU
		{F86E019F-F046-4DC2-A949-D0EA0F0D0964}.Debug|x86.ActiveCfg = Debug|Any CPU
		{F86E019F-F046-4DC2-A949-D0EA0F0D0964}.Debug|x86.Build.0 = Debug|Any CPU
		{F86E019F-F046-4DC2-A949-D0EA0F0D0964}.Release|Any CPU.ActiveCfg = Release|Any CPU
		{F86E019F-F046-4DC2-A949-D0EA0F0D0964}.Release|Any CPU.Build.0 = Release|Any CPU
		{F86E019F-F046-4DC2-A949-D0EA0F0D0964}.Release|ARM.ActiveCfg = Release|Any CPU
		{F86E019F-F046-4DC2-A949-D0EA0F0D0964}.Release|ARM.Build.0 = Release|Any CPU
		{F86E019F-F046-4DC2-A949-D0EA0F0D0964}.Release|ARM64.ActiveCfg = Release|Any CPU
		{F86E019F-F046-4DC2-A949-D0EA0F0D0964}.Release|ARM64.Build.0 = Release|Any CPU
		{F86E019F-F046-4DC2-A949-D0EA0F0D0964}.Release|iPhone.ActiveCfg = Release|Any CPU
		{F86E019F-F046-4DC2-A949-D0EA0F0D0964}.Release|iPhone.Build.0 = Release|Any CPU
		{F86E019F-F046-4DC2-A949-D0EA0F0D0964}.Release|iPhoneSimulator.ActiveCfg = Release|Any CPU
		{F86E019F-F046-4DC2-A949-D0EA0F0D0964}.Release|iPhoneSimulator.Build.0 = Release|Any CPU
		{F86E019F-F046-4DC2-A949-D0EA0F0D0964}.Release|x64.ActiveCfg = Release|Any CPU
		{F86E019F-F046-4DC2-A949-D0EA0F0D0964}.Release|x64.Build.0 = Release|Any CPU
		{F86E019F-F046-4DC2-A949-D0EA0F0D0964}.Release|x86.ActiveCfg = Release|Any CPU
		{F86E019F-F046-4DC2-A949-D0EA0F0D0964}.Release|x86.Build.0 = Release|Any CPU
		{43B3E962-7E4F-44E2-A5A8-AE4660B72288}.Debug|Any CPU.ActiveCfg = Debug|Any CPU
		{43B3E962-7E4F-44E2-A5A8-AE4660B72288}.Debug|Any CPU.Build.0 = Debug|Any CPU
		{43B3E962-7E4F-44E2-A5A8-AE4660B72288}.Debug|Any CPU.Deploy.0 = Debug|Any CPU
		{43B3E962-7E4F-44E2-A5A8-AE4660B72288}.Debug|ARM.ActiveCfg = Debug|ARM
		{43B3E962-7E4F-44E2-A5A8-AE4660B72288}.Debug|ARM.Build.0 = Debug|ARM
		{43B3E962-7E4F-44E2-A5A8-AE4660B72288}.Debug|ARM.Deploy.0 = Debug|ARM
		{43B3E962-7E4F-44E2-A5A8-AE4660B72288}.Debug|ARM64.ActiveCfg = Debug|ARM64
		{43B3E962-7E4F-44E2-A5A8-AE4660B72288}.Debug|ARM64.Build.0 = Debug|ARM64
		{43B3E962-7E4F-44E2-A5A8-AE4660B72288}.Debug|ARM64.Deploy.0 = Debug|ARM64
		{43B3E962-7E4F-44E2-A5A8-AE4660B72288}.Debug|iPhone.ActiveCfg = Debug|Any CPU
		{43B3E962-7E4F-44E2-A5A8-AE4660B72288}.Debug|iPhone.Build.0 = Debug|Any CPU
		{43B3E962-7E4F-44E2-A5A8-AE4660B72288}.Debug|iPhone.Deploy.0 = Debug|Any CPU
		{43B3E962-7E4F-44E2-A5A8-AE4660B72288}.Debug|iPhoneSimulator.ActiveCfg = Debug|Any CPU
		{43B3E962-7E4F-44E2-A5A8-AE4660B72288}.Debug|iPhoneSimulator.Build.0 = Debug|Any CPU
		{43B3E962-7E4F-44E2-A5A8-AE4660B72288}.Debug|iPhoneSimulator.Deploy.0 = Debug|Any CPU
		{43B3E962-7E4F-44E2-A5A8-AE4660B72288}.Debug|x64.ActiveCfg = Debug|x64
		{43B3E962-7E4F-44E2-A5A8-AE4660B72288}.Debug|x64.Build.0 = Debug|x64
		{43B3E962-7E4F-44E2-A5A8-AE4660B72288}.Debug|x64.Deploy.0 = Debug|x64
		{43B3E962-7E4F-44E2-A5A8-AE4660B72288}.Debug|x86.ActiveCfg = Debug|x86
		{43B3E962-7E4F-44E2-A5A8-AE4660B72288}.Debug|x86.Build.0 = Debug|x86
		{43B3E962-7E4F-44E2-A5A8-AE4660B72288}.Debug|x86.Deploy.0 = Debug|x86
		{43B3E962-7E4F-44E2-A5A8-AE4660B72288}.Release|Any CPU.ActiveCfg = Release|Any CPU
		{43B3E962-7E4F-44E2-A5A8-AE4660B72288}.Release|Any CPU.Build.0 = Release|Any CPU
		{43B3E962-7E4F-44E2-A5A8-AE4660B72288}.Release|Any CPU.Deploy.0 = Release|Any CPU
		{43B3E962-7E4F-44E2-A5A8-AE4660B72288}.Release|ARM.ActiveCfg = Release|ARM
		{43B3E962-7E4F-44E2-A5A8-AE4660B72288}.Release|ARM.Build.0 = Release|ARM
		{43B3E962-7E4F-44E2-A5A8-AE4660B72288}.Release|ARM.Deploy.0 = Release|ARM
		{43B3E962-7E4F-44E2-A5A8-AE4660B72288}.Release|ARM64.ActiveCfg = Release|ARM64
		{43B3E962-7E4F-44E2-A5A8-AE4660B72288}.Release|ARM64.Build.0 = Release|ARM64
		{43B3E962-7E4F-44E2-A5A8-AE4660B72288}.Release|ARM64.Deploy.0 = Release|ARM64
		{43B3E962-7E4F-44E2-A5A8-AE4660B72288}.Release|iPhone.ActiveCfg = Release|Any CPU
		{43B3E962-7E4F-44E2-A5A8-AE4660B72288}.Release|iPhone.Build.0 = Release|Any CPU
		{43B3E962-7E4F-44E2-A5A8-AE4660B72288}.Release|iPhone.Deploy.0 = Release|Any CPU
		{43B3E962-7E4F-44E2-A5A8-AE4660B72288}.Release|iPhoneSimulator.ActiveCfg = Release|Any CPU
		{43B3E962-7E4F-44E2-A5A8-AE4660B72288}.Release|iPhoneSimulator.Build.0 = Release|Any CPU
		{43B3E962-7E4F-44E2-A5A8-AE4660B72288}.Release|iPhoneSimulator.Deploy.0 = Release|Any CPU
		{43B3E962-7E4F-44E2-A5A8-AE4660B72288}.Release|x64.ActiveCfg = Release|x64
		{43B3E962-7E4F-44E2-A5A8-AE4660B72288}.Release|x64.Build.0 = Release|x64
		{43B3E962-7E4F-44E2-A5A8-AE4660B72288}.Release|x64.Deploy.0 = Release|x64
		{43B3E962-7E4F-44E2-A5A8-AE4660B72288}.Release|x86.ActiveCfg = Release|x86
		{43B3E962-7E4F-44E2-A5A8-AE4660B72288}.Release|x86.Build.0 = Release|x86
		{43B3E962-7E4F-44E2-A5A8-AE4660B72288}.Release|x86.Deploy.0 = Release|x86
		{B7A51635-A748-4A80-9D66-9A8573A9C09A}.Debug|Any CPU.ActiveCfg = Debug|Any CPU
		{B7A51635-A748-4A80-9D66-9A8573A9C09A}.Debug|Any CPU.Build.0 = Debug|Any CPU
		{B7A51635-A748-4A80-9D66-9A8573A9C09A}.Debug|ARM.ActiveCfg = Debug|Any CPU
		{B7A51635-A748-4A80-9D66-9A8573A9C09A}.Debug|ARM.Build.0 = Debug|Any CPU
		{B7A51635-A748-4A80-9D66-9A8573A9C09A}.Debug|ARM64.ActiveCfg = Debug|Any CPU
		{B7A51635-A748-4A80-9D66-9A8573A9C09A}.Debug|ARM64.Build.0 = Debug|Any CPU
		{B7A51635-A748-4A80-9D66-9A8573A9C09A}.Debug|iPhone.ActiveCfg = Debug|Any CPU
		{B7A51635-A748-4A80-9D66-9A8573A9C09A}.Debug|iPhone.Build.0 = Debug|Any CPU
		{B7A51635-A748-4A80-9D66-9A8573A9C09A}.Debug|iPhoneSimulator.ActiveCfg = Debug|Any CPU
		{B7A51635-A748-4A80-9D66-9A8573A9C09A}.Debug|iPhoneSimulator.Build.0 = Debug|Any CPU
		{B7A51635-A748-4A80-9D66-9A8573A9C09A}.Debug|x64.ActiveCfg = Debug|Any CPU
		{B7A51635-A748-4A80-9D66-9A8573A9C09A}.Debug|x64.Build.0 = Debug|Any CPU
		{B7A51635-A748-4A80-9D66-9A8573A9C09A}.Debug|x86.ActiveCfg = Debug|Any CPU
		{B7A51635-A748-4A80-9D66-9A8573A9C09A}.Debug|x86.Build.0 = Debug|Any CPU
		{B7A51635-A748-4A80-9D66-9A8573A9C09A}.Release|Any CPU.ActiveCfg = Release|Any CPU
		{B7A51635-A748-4A80-9D66-9A8573A9C09A}.Release|Any CPU.Build.0 = Release|Any CPU
		{B7A51635-A748-4A80-9D66-9A8573A9C09A}.Release|ARM.ActiveCfg = Release|Any CPU
		{B7A51635-A748-4A80-9D66-9A8573A9C09A}.Release|ARM.Build.0 = Release|Any CPU
		{B7A51635-A748-4A80-9D66-9A8573A9C09A}.Release|ARM64.ActiveCfg = Release|Any CPU
		{B7A51635-A748-4A80-9D66-9A8573A9C09A}.Release|ARM64.Build.0 = Release|Any CPU
		{B7A51635-A748-4A80-9D66-9A8573A9C09A}.Release|iPhone.ActiveCfg = Release|Any CPU
		{B7A51635-A748-4A80-9D66-9A8573A9C09A}.Release|iPhone.Build.0 = Release|Any CPU
		{B7A51635-A748-4A80-9D66-9A8573A9C09A}.Release|iPhoneSimulator.ActiveCfg = Release|Any CPU
		{B7A51635-A748-4A80-9D66-9A8573A9C09A}.Release|iPhoneSimulator.Build.0 = Release|Any CPU
		{B7A51635-A748-4A80-9D66-9A8573A9C09A}.Release|x64.ActiveCfg = Release|Any CPU
		{B7A51635-A748-4A80-9D66-9A8573A9C09A}.Release|x64.Build.0 = Release|Any CPU
		{B7A51635-A748-4A80-9D66-9A8573A9C09A}.Release|x86.ActiveCfg = Release|Any CPU
		{B7A51635-A748-4A80-9D66-9A8573A9C09A}.Release|x86.Build.0 = Release|Any CPU
		{2A7F5C3F-D621-40C0-87DE-A477433D63F6}.Debug|Any CPU.ActiveCfg = Debug|Any CPU
		{2A7F5C3F-D621-40C0-87DE-A477433D63F6}.Debug|Any CPU.Build.0 = Debug|Any CPU
		{2A7F5C3F-D621-40C0-87DE-A477433D63F6}.Debug|ARM.ActiveCfg = Debug|Any CPU
		{2A7F5C3F-D621-40C0-87DE-A477433D63F6}.Debug|ARM.Build.0 = Debug|Any CPU
		{2A7F5C3F-D621-40C0-87DE-A477433D63F6}.Debug|ARM64.ActiveCfg = Debug|Any CPU
		{2A7F5C3F-D621-40C0-87DE-A477433D63F6}.Debug|ARM64.Build.0 = Debug|Any CPU
		{2A7F5C3F-D621-40C0-87DE-A477433D63F6}.Debug|iPhone.ActiveCfg = Debug|Any CPU
		{2A7F5C3F-D621-40C0-87DE-A477433D63F6}.Debug|iPhone.Build.0 = Debug|Any CPU
		{2A7F5C3F-D621-40C0-87DE-A477433D63F6}.Debug|iPhoneSimulator.ActiveCfg = Debug|Any CPU
		{2A7F5C3F-D621-40C0-87DE-A477433D63F6}.Debug|iPhoneSimulator.Build.0 = Debug|Any CPU
		{2A7F5C3F-D621-40C0-87DE-A477433D63F6}.Debug|x64.ActiveCfg = Debug|Any CPU
		{2A7F5C3F-D621-40C0-87DE-A477433D63F6}.Debug|x64.Build.0 = Debug|Any CPU
		{2A7F5C3F-D621-40C0-87DE-A477433D63F6}.Debug|x86.ActiveCfg = Debug|Any CPU
		{2A7F5C3F-D621-40C0-87DE-A477433D63F6}.Debug|x86.Build.0 = Debug|Any CPU
		{2A7F5C3F-D621-40C0-87DE-A477433D63F6}.Release|Any CPU.ActiveCfg = Release|Any CPU
		{2A7F5C3F-D621-40C0-87DE-A477433D63F6}.Release|Any CPU.Build.0 = Release|Any CPU
		{2A7F5C3F-D621-40C0-87DE-A477433D63F6}.Release|ARM.ActiveCfg = Release|Any CPU
		{2A7F5C3F-D621-40C0-87DE-A477433D63F6}.Release|ARM.Build.0 = Release|Any CPU
		{2A7F5C3F-D621-40C0-87DE-A477433D63F6}.Release|ARM64.ActiveCfg = Release|Any CPU
		{2A7F5C3F-D621-40C0-87DE-A477433D63F6}.Release|ARM64.Build.0 = Release|Any CPU
		{2A7F5C3F-D621-40C0-87DE-A477433D63F6}.Release|iPhone.ActiveCfg = Release|Any CPU
		{2A7F5C3F-D621-40C0-87DE-A477433D63F6}.Release|iPhone.Build.0 = Release|Any CPU
		{2A7F5C3F-D621-40C0-87DE-A477433D63F6}.Release|iPhoneSimulator.ActiveCfg = Release|Any CPU
		{2A7F5C3F-D621-40C0-87DE-A477433D63F6}.Release|iPhoneSimulator.Build.0 = Release|Any CPU
		{2A7F5C3F-D621-40C0-87DE-A477433D63F6}.Release|x64.ActiveCfg = Release|Any CPU
		{2A7F5C3F-D621-40C0-87DE-A477433D63F6}.Release|x64.Build.0 = Release|Any CPU
		{2A7F5C3F-D621-40C0-87DE-A477433D63F6}.Release|x86.ActiveCfg = Release|Any CPU
		{2A7F5C3F-D621-40C0-87DE-A477433D63F6}.Release|x86.Build.0 = Release|Any CPU
		{0854A95C-34F6-416A-89FC-DCA394D9B3DB}.Debug|Any CPU.ActiveCfg = Debug|Any CPU
		{0854A95C-34F6-416A-89FC-DCA394D9B3DB}.Debug|Any CPU.Build.0 = Debug|Any CPU
		{0854A95C-34F6-416A-89FC-DCA394D9B3DB}.Debug|ARM.ActiveCfg = Debug|Any CPU
		{0854A95C-34F6-416A-89FC-DCA394D9B3DB}.Debug|ARM.Build.0 = Debug|Any CPU
		{0854A95C-34F6-416A-89FC-DCA394D9B3DB}.Debug|ARM64.ActiveCfg = Debug|Any CPU
		{0854A95C-34F6-416A-89FC-DCA394D9B3DB}.Debug|ARM64.Build.0 = Debug|Any CPU
		{0854A95C-34F6-416A-89FC-DCA394D9B3DB}.Debug|iPhone.ActiveCfg = Debug|Any CPU
		{0854A95C-34F6-416A-89FC-DCA394D9B3DB}.Debug|iPhone.Build.0 = Debug|Any CPU
		{0854A95C-34F6-416A-89FC-DCA394D9B3DB}.Debug|iPhoneSimulator.ActiveCfg = Debug|Any CPU
		{0854A95C-34F6-416A-89FC-DCA394D9B3DB}.Debug|iPhoneSimulator.Build.0 = Debug|Any CPU
		{0854A95C-34F6-416A-89FC-DCA394D9B3DB}.Debug|x64.ActiveCfg = Debug|Any CPU
		{0854A95C-34F6-416A-89FC-DCA394D9B3DB}.Debug|x64.Build.0 = Debug|Any CPU
		{0854A95C-34F6-416A-89FC-DCA394D9B3DB}.Debug|x86.ActiveCfg = Debug|Any CPU
		{0854A95C-34F6-416A-89FC-DCA394D9B3DB}.Debug|x86.Build.0 = Debug|Any CPU
		{0854A95C-34F6-416A-89FC-DCA394D9B3DB}.Release|Any CPU.ActiveCfg = Release|Any CPU
		{0854A95C-34F6-416A-89FC-DCA394D9B3DB}.Release|Any CPU.Build.0 = Release|Any CPU
		{0854A95C-34F6-416A-89FC-DCA394D9B3DB}.Release|ARM.ActiveCfg = Release|Any CPU
		{0854A95C-34F6-416A-89FC-DCA394D9B3DB}.Release|ARM.Build.0 = Release|Any CPU
		{0854A95C-34F6-416A-89FC-DCA394D9B3DB}.Release|ARM64.ActiveCfg = Release|Any CPU
		{0854A95C-34F6-416A-89FC-DCA394D9B3DB}.Release|ARM64.Build.0 = Release|Any CPU
		{0854A95C-34F6-416A-89FC-DCA394D9B3DB}.Release|iPhone.ActiveCfg = Release|Any CPU
		{0854A95C-34F6-416A-89FC-DCA394D9B3DB}.Release|iPhone.Build.0 = Release|Any CPU
		{0854A95C-34F6-416A-89FC-DCA394D9B3DB}.Release|iPhoneSimulator.ActiveCfg = Release|Any CPU
		{0854A95C-34F6-416A-89FC-DCA394D9B3DB}.Release|iPhoneSimulator.Build.0 = Release|Any CPU
		{0854A95C-34F6-416A-89FC-DCA394D9B3DB}.Release|x64.ActiveCfg = Release|Any CPU
		{0854A95C-34F6-416A-89FC-DCA394D9B3DB}.Release|x64.Build.0 = Release|Any CPU
		{0854A95C-34F6-416A-89FC-DCA394D9B3DB}.Release|x86.ActiveCfg = Release|Any CPU
		{0854A95C-34F6-416A-89FC-DCA394D9B3DB}.Release|x86.Build.0 = Release|Any CPU
		{C92ADD4C-0BBA-433B-B765-D670F04DEF0A}.Debug|Any CPU.ActiveCfg = Debug|Any CPU
		{C92ADD4C-0BBA-433B-B765-D670F04DEF0A}.Debug|Any CPU.Build.0 = Debug|Any CPU
		{C92ADD4C-0BBA-433B-B765-D670F04DEF0A}.Debug|ARM.ActiveCfg = Debug|Any CPU
		{C92ADD4C-0BBA-433B-B765-D670F04DEF0A}.Debug|ARM.Build.0 = Debug|Any CPU
		{C92ADD4C-0BBA-433B-B765-D670F04DEF0A}.Debug|ARM64.ActiveCfg = Debug|Any CPU
		{C92ADD4C-0BBA-433B-B765-D670F04DEF0A}.Debug|ARM64.Build.0 = Debug|Any CPU
		{C92ADD4C-0BBA-433B-B765-D670F04DEF0A}.Debug|iPhone.ActiveCfg = Debug|Any CPU
		{C92ADD4C-0BBA-433B-B765-D670F04DEF0A}.Debug|iPhone.Build.0 = Debug|Any CPU
		{C92ADD4C-0BBA-433B-B765-D670F04DEF0A}.Debug|iPhoneSimulator.ActiveCfg = Debug|Any CPU
		{C92ADD4C-0BBA-433B-B765-D670F04DEF0A}.Debug|iPhoneSimulator.Build.0 = Debug|Any CPU
		{C92ADD4C-0BBA-433B-B765-D670F04DEF0A}.Debug|x64.ActiveCfg = Debug|Any CPU
		{C92ADD4C-0BBA-433B-B765-D670F04DEF0A}.Debug|x64.Build.0 = Debug|Any CPU
		{C92ADD4C-0BBA-433B-B765-D670F04DEF0A}.Debug|x86.ActiveCfg = Debug|Any CPU
		{C92ADD4C-0BBA-433B-B765-D670F04DEF0A}.Debug|x86.Build.0 = Debug|Any CPU
		{C92ADD4C-0BBA-433B-B765-D670F04DEF0A}.Release|Any CPU.ActiveCfg = Release|Any CPU
		{C92ADD4C-0BBA-433B-B765-D670F04DEF0A}.Release|Any CPU.Build.0 = Release|Any CPU
		{C92ADD4C-0BBA-433B-B765-D670F04DEF0A}.Release|ARM.ActiveCfg = Release|Any CPU
		{C92ADD4C-0BBA-433B-B765-D670F04DEF0A}.Release|ARM.Build.0 = Release|Any CPU
		{C92ADD4C-0BBA-433B-B765-D670F04DEF0A}.Release|ARM64.ActiveCfg = Release|Any CPU
		{C92ADD4C-0BBA-433B-B765-D670F04DEF0A}.Release|ARM64.Build.0 = Release|Any CPU
		{C92ADD4C-0BBA-433B-B765-D670F04DEF0A}.Release|iPhone.ActiveCfg = Release|Any CPU
		{C92ADD4C-0BBA-433B-B765-D670F04DEF0A}.Release|iPhone.Build.0 = Release|Any CPU
		{C92ADD4C-0BBA-433B-B765-D670F04DEF0A}.Release|iPhoneSimulator.ActiveCfg = Release|Any CPU
		{C92ADD4C-0BBA-433B-B765-D670F04DEF0A}.Release|iPhoneSimulator.Build.0 = Release|Any CPU
		{C92ADD4C-0BBA-433B-B765-D670F04DEF0A}.Release|x64.ActiveCfg = Release|Any CPU
		{C92ADD4C-0BBA-433B-B765-D670F04DEF0A}.Release|x64.Build.0 = Release|Any CPU
		{C92ADD4C-0BBA-433B-B765-D670F04DEF0A}.Release|x86.ActiveCfg = Release|Any CPU
		{C92ADD4C-0BBA-433B-B765-D670F04DEF0A}.Release|x86.Build.0 = Release|Any CPU
		{459ED52B-A90C-450C-9E83-F9C379A24228}.Debug|Any CPU.ActiveCfg = Debug|Any CPU
		{459ED52B-A90C-450C-9E83-F9C379A24228}.Debug|Any CPU.Build.0 = Debug|Any CPU
		{459ED52B-A90C-450C-9E83-F9C379A24228}.Debug|ARM.ActiveCfg = Debug|Any CPU
		{459ED52B-A90C-450C-9E83-F9C379A24228}.Debug|ARM.Build.0 = Debug|Any CPU
		{459ED52B-A90C-450C-9E83-F9C379A24228}.Debug|ARM64.ActiveCfg = Debug|Any CPU
		{459ED52B-A90C-450C-9E83-F9C379A24228}.Debug|ARM64.Build.0 = Debug|Any CPU
		{459ED52B-A90C-450C-9E83-F9C379A24228}.Debug|iPhone.ActiveCfg = Debug|Any CPU
		{459ED52B-A90C-450C-9E83-F9C379A24228}.Debug|iPhone.Build.0 = Debug|Any CPU
		{459ED52B-A90C-450C-9E83-F9C379A24228}.Debug|iPhoneSimulator.ActiveCfg = Debug|Any CPU
		{459ED52B-A90C-450C-9E83-F9C379A24228}.Debug|iPhoneSimulator.Build.0 = Debug|Any CPU
		{459ED52B-A90C-450C-9E83-F9C379A24228}.Debug|x64.ActiveCfg = Debug|Any CPU
		{459ED52B-A90C-450C-9E83-F9C379A24228}.Debug|x64.Build.0 = Debug|Any CPU
		{459ED52B-A90C-450C-9E83-F9C379A24228}.Debug|x86.ActiveCfg = Debug|Any CPU
		{459ED52B-A90C-450C-9E83-F9C379A24228}.Debug|x86.Build.0 = Debug|Any CPU
		{459ED52B-A90C-450C-9E83-F9C379A24228}.Release|Any CPU.ActiveCfg = Release|Any CPU
		{459ED52B-A90C-450C-9E83-F9C379A24228}.Release|Any CPU.Build.0 = Release|Any CPU
		{459ED52B-A90C-450C-9E83-F9C379A24228}.Release|ARM.ActiveCfg = Release|Any CPU
		{459ED52B-A90C-450C-9E83-F9C379A24228}.Release|ARM.Build.0 = Release|Any CPU
		{459ED52B-A90C-450C-9E83-F9C379A24228}.Release|ARM64.ActiveCfg = Release|Any CPU
		{459ED52B-A90C-450C-9E83-F9C379A24228}.Release|ARM64.Build.0 = Release|Any CPU
		{459ED52B-A90C-450C-9E83-F9C379A24228}.Release|iPhone.ActiveCfg = Release|Any CPU
		{459ED52B-A90C-450C-9E83-F9C379A24228}.Release|iPhone.Build.0 = Release|Any CPU
		{459ED52B-A90C-450C-9E83-F9C379A24228}.Release|iPhoneSimulator.ActiveCfg = Release|Any CPU
		{459ED52B-A90C-450C-9E83-F9C379A24228}.Release|iPhoneSimulator.Build.0 = Release|Any CPU
		{459ED52B-A90C-450C-9E83-F9C379A24228}.Release|x64.ActiveCfg = Release|Any CPU
		{459ED52B-A90C-450C-9E83-F9C379A24228}.Release|x64.Build.0 = Release|Any CPU
		{459ED52B-A90C-450C-9E83-F9C379A24228}.Release|x86.ActiveCfg = Release|Any CPU
		{459ED52B-A90C-450C-9E83-F9C379A24228}.Release|x86.Build.0 = Release|Any CPU
		{423FBF6A-9F3B-4622-90D7-35F133DB7415}.Debug|Any CPU.ActiveCfg = Debug|Any CPU
		{423FBF6A-9F3B-4622-90D7-35F133DB7415}.Debug|Any CPU.Build.0 = Debug|Any CPU
		{423FBF6A-9F3B-4622-90D7-35F133DB7415}.Debug|ARM.ActiveCfg = Debug|Any CPU
		{423FBF6A-9F3B-4622-90D7-35F133DB7415}.Debug|ARM.Build.0 = Debug|Any CPU
		{423FBF6A-9F3B-4622-90D7-35F133DB7415}.Debug|ARM64.ActiveCfg = Debug|Any CPU
		{423FBF6A-9F3B-4622-90D7-35F133DB7415}.Debug|ARM64.Build.0 = Debug|Any CPU
		{423FBF6A-9F3B-4622-90D7-35F133DB7415}.Debug|iPhone.ActiveCfg = Debug|Any CPU
		{423FBF6A-9F3B-4622-90D7-35F133DB7415}.Debug|iPhone.Build.0 = Debug|Any CPU
		{423FBF6A-9F3B-4622-90D7-35F133DB7415}.Debug|iPhoneSimulator.ActiveCfg = Debug|Any CPU
		{423FBF6A-9F3B-4622-90D7-35F133DB7415}.Debug|iPhoneSimulator.Build.0 = Debug|Any CPU
		{423FBF6A-9F3B-4622-90D7-35F133DB7415}.Debug|x64.ActiveCfg = Debug|Any CPU
		{423FBF6A-9F3B-4622-90D7-35F133DB7415}.Debug|x64.Build.0 = Debug|Any CPU
		{423FBF6A-9F3B-4622-90D7-35F133DB7415}.Debug|x86.ActiveCfg = Debug|Any CPU
		{423FBF6A-9F3B-4622-90D7-35F133DB7415}.Debug|x86.Build.0 = Debug|Any CPU
		{423FBF6A-9F3B-4622-90D7-35F133DB7415}.Release|Any CPU.ActiveCfg = Release|Any CPU
		{423FBF6A-9F3B-4622-90D7-35F133DB7415}.Release|Any CPU.Build.0 = Release|Any CPU
		{423FBF6A-9F3B-4622-90D7-35F133DB7415}.Release|ARM.ActiveCfg = Release|Any CPU
		{423FBF6A-9F3B-4622-90D7-35F133DB7415}.Release|ARM.Build.0 = Release|Any CPU
		{423FBF6A-9F3B-4622-90D7-35F133DB7415}.Release|ARM64.ActiveCfg = Release|Any CPU
		{423FBF6A-9F3B-4622-90D7-35F133DB7415}.Release|ARM64.Build.0 = Release|Any CPU
		{423FBF6A-9F3B-4622-90D7-35F133DB7415}.Release|iPhone.ActiveCfg = Release|Any CPU
		{423FBF6A-9F3B-4622-90D7-35F133DB7415}.Release|iPhone.Build.0 = Release|Any CPU
		{423FBF6A-9F3B-4622-90D7-35F133DB7415}.Release|iPhoneSimulator.ActiveCfg = Release|Any CPU
		{423FBF6A-9F3B-4622-90D7-35F133DB7415}.Release|iPhoneSimulator.Build.0 = Release|Any CPU
		{423FBF6A-9F3B-4622-90D7-35F133DB7415}.Release|x64.ActiveCfg = Release|Any CPU
		{423FBF6A-9F3B-4622-90D7-35F133DB7415}.Release|x64.Build.0 = Release|Any CPU
		{423FBF6A-9F3B-4622-90D7-35F133DB7415}.Release|x86.ActiveCfg = Release|Any CPU
		{423FBF6A-9F3B-4622-90D7-35F133DB7415}.Release|x86.Build.0 = Release|Any CPU
		{63DA8ACF-4231-40FD-99A7-28AA3D96E9C2}.Debug|Any CPU.ActiveCfg = Debug|Any CPU
		{63DA8ACF-4231-40FD-99A7-28AA3D96E9C2}.Debug|Any CPU.Build.0 = Debug|Any CPU
		{63DA8ACF-4231-40FD-99A7-28AA3D96E9C2}.Debug|ARM.ActiveCfg = Debug|Any CPU
		{63DA8ACF-4231-40FD-99A7-28AA3D96E9C2}.Debug|ARM.Build.0 = Debug|Any CPU
		{63DA8ACF-4231-40FD-99A7-28AA3D96E9C2}.Debug|ARM64.ActiveCfg = Debug|Any CPU
		{63DA8ACF-4231-40FD-99A7-28AA3D96E9C2}.Debug|ARM64.Build.0 = Debug|Any CPU
		{63DA8ACF-4231-40FD-99A7-28AA3D96E9C2}.Debug|iPhone.ActiveCfg = Debug|Any CPU
		{63DA8ACF-4231-40FD-99A7-28AA3D96E9C2}.Debug|iPhone.Build.0 = Debug|Any CPU
		{63DA8ACF-4231-40FD-99A7-28AA3D96E9C2}.Debug|iPhoneSimulator.ActiveCfg = Debug|Any CPU
		{63DA8ACF-4231-40FD-99A7-28AA3D96E9C2}.Debug|iPhoneSimulator.Build.0 = Debug|Any CPU
		{63DA8ACF-4231-40FD-99A7-28AA3D96E9C2}.Debug|x64.ActiveCfg = Debug|Any CPU
		{63DA8ACF-4231-40FD-99A7-28AA3D96E9C2}.Debug|x64.Build.0 = Debug|Any CPU
		{63DA8ACF-4231-40FD-99A7-28AA3D96E9C2}.Debug|x86.ActiveCfg = Debug|Any CPU
		{63DA8ACF-4231-40FD-99A7-28AA3D96E9C2}.Debug|x86.Build.0 = Debug|Any CPU
		{63DA8ACF-4231-40FD-99A7-28AA3D96E9C2}.Release|Any CPU.ActiveCfg = Release|Any CPU
		{63DA8ACF-4231-40FD-99A7-28AA3D96E9C2}.Release|Any CPU.Build.0 = Release|Any CPU
		{63DA8ACF-4231-40FD-99A7-28AA3D96E9C2}.Release|ARM.ActiveCfg = Release|Any CPU
		{63DA8ACF-4231-40FD-99A7-28AA3D96E9C2}.Release|ARM.Build.0 = Release|Any CPU
		{63DA8ACF-4231-40FD-99A7-28AA3D96E9C2}.Release|ARM64.ActiveCfg = Release|Any CPU
		{63DA8ACF-4231-40FD-99A7-28AA3D96E9C2}.Release|ARM64.Build.0 = Release|Any CPU
		{63DA8ACF-4231-40FD-99A7-28AA3D96E9C2}.Release|iPhone.ActiveCfg = Release|Any CPU
		{63DA8ACF-4231-40FD-99A7-28AA3D96E9C2}.Release|iPhone.Build.0 = Release|Any CPU
		{63DA8ACF-4231-40FD-99A7-28AA3D96E9C2}.Release|iPhoneSimulator.ActiveCfg = Release|Any CPU
		{63DA8ACF-4231-40FD-99A7-28AA3D96E9C2}.Release|iPhoneSimulator.Build.0 = Release|Any CPU
		{63DA8ACF-4231-40FD-99A7-28AA3D96E9C2}.Release|x64.ActiveCfg = Release|Any CPU
		{63DA8ACF-4231-40FD-99A7-28AA3D96E9C2}.Release|x64.Build.0 = Release|Any CPU
		{63DA8ACF-4231-40FD-99A7-28AA3D96E9C2}.Release|x86.ActiveCfg = Release|Any CPU
		{63DA8ACF-4231-40FD-99A7-28AA3D96E9C2}.Release|x86.Build.0 = Release|Any CPU
		{C519BE19-8584-47C0-93EB-09BFF05C2868}.Debug|Any CPU.ActiveCfg = Debug|Any CPU
		{C519BE19-8584-47C0-93EB-09BFF05C2868}.Debug|Any CPU.Build.0 = Debug|Any CPU
		{C519BE19-8584-47C0-93EB-09BFF05C2868}.Debug|ARM.ActiveCfg = Debug|Any CPU
		{C519BE19-8584-47C0-93EB-09BFF05C2868}.Debug|ARM.Build.0 = Debug|Any CPU
		{C519BE19-8584-47C0-93EB-09BFF05C2868}.Debug|ARM64.ActiveCfg = Debug|Any CPU
		{C519BE19-8584-47C0-93EB-09BFF05C2868}.Debug|ARM64.Build.0 = Debug|Any CPU
		{C519BE19-8584-47C0-93EB-09BFF05C2868}.Debug|iPhone.ActiveCfg = Debug|Any CPU
		{C519BE19-8584-47C0-93EB-09BFF05C2868}.Debug|iPhone.Build.0 = Debug|Any CPU
		{C519BE19-8584-47C0-93EB-09BFF05C2868}.Debug|iPhoneSimulator.ActiveCfg = Debug|Any CPU
		{C519BE19-8584-47C0-93EB-09BFF05C2868}.Debug|iPhoneSimulator.Build.0 = Debug|Any CPU
		{C519BE19-8584-47C0-93EB-09BFF05C2868}.Debug|x64.ActiveCfg = Debug|Any CPU
		{C519BE19-8584-47C0-93EB-09BFF05C2868}.Debug|x64.Build.0 = Debug|Any CPU
		{C519BE19-8584-47C0-93EB-09BFF05C2868}.Debug|x86.ActiveCfg = Debug|Any CPU
		{C519BE19-8584-47C0-93EB-09BFF05C2868}.Debug|x86.Build.0 = Debug|Any CPU
		{C519BE19-8584-47C0-93EB-09BFF05C2868}.Release|Any CPU.ActiveCfg = Release|Any CPU
		{C519BE19-8584-47C0-93EB-09BFF05C2868}.Release|Any CPU.Build.0 = Release|Any CPU
		{C519BE19-8584-47C0-93EB-09BFF05C2868}.Release|ARM.ActiveCfg = Release|Any CPU
		{C519BE19-8584-47C0-93EB-09BFF05C2868}.Release|ARM.Build.0 = Release|Any CPU
		{C519BE19-8584-47C0-93EB-09BFF05C2868}.Release|ARM64.ActiveCfg = Release|Any CPU
		{C519BE19-8584-47C0-93EB-09BFF05C2868}.Release|ARM64.Build.0 = Release|Any CPU
		{C519BE19-8584-47C0-93EB-09BFF05C2868}.Release|iPhone.ActiveCfg = Release|Any CPU
		{C519BE19-8584-47C0-93EB-09BFF05C2868}.Release|iPhone.Build.0 = Release|Any CPU
		{C519BE19-8584-47C0-93EB-09BFF05C2868}.Release|iPhoneSimulator.ActiveCfg = Release|Any CPU
		{C519BE19-8584-47C0-93EB-09BFF05C2868}.Release|iPhoneSimulator.Build.0 = Release|Any CPU
		{C519BE19-8584-47C0-93EB-09BFF05C2868}.Release|x64.ActiveCfg = Release|Any CPU
		{C519BE19-8584-47C0-93EB-09BFF05C2868}.Release|x64.Build.0 = Release|Any CPU
		{C519BE19-8584-47C0-93EB-09BFF05C2868}.Release|x86.ActiveCfg = Release|Any CPU
		{C519BE19-8584-47C0-93EB-09BFF05C2868}.Release|x86.Build.0 = Release|Any CPU
		{BD0E66A5-C864-4669-A7DF-136B3B059B83}.Debug|Any CPU.ActiveCfg = Debug|Any CPU
		{BD0E66A5-C864-4669-A7DF-136B3B059B83}.Debug|Any CPU.Build.0 = Debug|Any CPU
		{BD0E66A5-C864-4669-A7DF-136B3B059B83}.Debug|ARM.ActiveCfg = Debug|Any CPU
		{BD0E66A5-C864-4669-A7DF-136B3B059B83}.Debug|ARM.Build.0 = Debug|Any CPU
		{BD0E66A5-C864-4669-A7DF-136B3B059B83}.Debug|ARM64.ActiveCfg = Debug|Any CPU
		{BD0E66A5-C864-4669-A7DF-136B3B059B83}.Debug|ARM64.Build.0 = Debug|Any CPU
		{BD0E66A5-C864-4669-A7DF-136B3B059B83}.Debug|iPhone.ActiveCfg = Debug|Any CPU
		{BD0E66A5-C864-4669-A7DF-136B3B059B83}.Debug|iPhone.Build.0 = Debug|Any CPU
		{BD0E66A5-C864-4669-A7DF-136B3B059B83}.Debug|iPhoneSimulator.ActiveCfg = Debug|Any CPU
		{BD0E66A5-C864-4669-A7DF-136B3B059B83}.Debug|iPhoneSimulator.Build.0 = Debug|Any CPU
		{BD0E66A5-C864-4669-A7DF-136B3B059B83}.Debug|x64.ActiveCfg = Debug|Any CPU
		{BD0E66A5-C864-4669-A7DF-136B3B059B83}.Debug|x64.Build.0 = Debug|Any CPU
		{BD0E66A5-C864-4669-A7DF-136B3B059B83}.Debug|x86.ActiveCfg = Debug|Any CPU
		{BD0E66A5-C864-4669-A7DF-136B3B059B83}.Debug|x86.Build.0 = Debug|Any CPU
		{BD0E66A5-C864-4669-A7DF-136B3B059B83}.Release|Any CPU.ActiveCfg = Release|Any CPU
		{BD0E66A5-C864-4669-A7DF-136B3B059B83}.Release|Any CPU.Build.0 = Release|Any CPU
		{BD0E66A5-C864-4669-A7DF-136B3B059B83}.Release|ARM.ActiveCfg = Release|Any CPU
		{BD0E66A5-C864-4669-A7DF-136B3B059B83}.Release|ARM.Build.0 = Release|Any CPU
		{BD0E66A5-C864-4669-A7DF-136B3B059B83}.Release|ARM64.ActiveCfg = Release|Any CPU
		{BD0E66A5-C864-4669-A7DF-136B3B059B83}.Release|ARM64.Build.0 = Release|Any CPU
		{BD0E66A5-C864-4669-A7DF-136B3B059B83}.Release|iPhone.ActiveCfg = Release|Any CPU
		{BD0E66A5-C864-4669-A7DF-136B3B059B83}.Release|iPhone.Build.0 = Release|Any CPU
		{BD0E66A5-C864-4669-A7DF-136B3B059B83}.Release|iPhoneSimulator.ActiveCfg = Release|Any CPU
		{BD0E66A5-C864-4669-A7DF-136B3B059B83}.Release|iPhoneSimulator.Build.0 = Release|Any CPU
		{BD0E66A5-C864-4669-A7DF-136B3B059B83}.Release|x64.ActiveCfg = Release|Any CPU
		{BD0E66A5-C864-4669-A7DF-136B3B059B83}.Release|x64.Build.0 = Release|Any CPU
		{BD0E66A5-C864-4669-A7DF-136B3B059B83}.Release|x86.ActiveCfg = Release|Any CPU
		{BD0E66A5-C864-4669-A7DF-136B3B059B83}.Release|x86.Build.0 = Release|Any CPU
		{E177AF12-3DDB-45D9-82CE-9E97D6CC8F34}.Debug|Any CPU.ActiveCfg = Debug|Any CPU
		{E177AF12-3DDB-45D9-82CE-9E97D6CC8F34}.Debug|Any CPU.Build.0 = Debug|Any CPU
		{E177AF12-3DDB-45D9-82CE-9E97D6CC8F34}.Debug|ARM.ActiveCfg = Debug|Any CPU
		{E177AF12-3DDB-45D9-82CE-9E97D6CC8F34}.Debug|ARM.Build.0 = Debug|Any CPU
		{E177AF12-3DDB-45D9-82CE-9E97D6CC8F34}.Debug|ARM64.ActiveCfg = Debug|Any CPU
		{E177AF12-3DDB-45D9-82CE-9E97D6CC8F34}.Debug|ARM64.Build.0 = Debug|Any CPU
		{E177AF12-3DDB-45D9-82CE-9E97D6CC8F34}.Debug|iPhone.ActiveCfg = Debug|Any CPU
		{E177AF12-3DDB-45D9-82CE-9E97D6CC8F34}.Debug|iPhone.Build.0 = Debug|Any CPU
		{E177AF12-3DDB-45D9-82CE-9E97D6CC8F34}.Debug|iPhoneSimulator.ActiveCfg = Debug|Any CPU
		{E177AF12-3DDB-45D9-82CE-9E97D6CC8F34}.Debug|iPhoneSimulator.Build.0 = Debug|Any CPU
		{E177AF12-3DDB-45D9-82CE-9E97D6CC8F34}.Debug|x64.ActiveCfg = Debug|Any CPU
		{E177AF12-3DDB-45D9-82CE-9E97D6CC8F34}.Debug|x64.Build.0 = Debug|Any CPU
		{E177AF12-3DDB-45D9-82CE-9E97D6CC8F34}.Debug|x86.ActiveCfg = Debug|Any CPU
		{E177AF12-3DDB-45D9-82CE-9E97D6CC8F34}.Debug|x86.Build.0 = Debug|Any CPU
		{E177AF12-3DDB-45D9-82CE-9E97D6CC8F34}.Release|Any CPU.ActiveCfg = Release|Any CPU
		{E177AF12-3DDB-45D9-82CE-9E97D6CC8F34}.Release|Any CPU.Build.0 = Release|Any CPU
		{E177AF12-3DDB-45D9-82CE-9E97D6CC8F34}.Release|ARM.ActiveCfg = Release|Any CPU
		{E177AF12-3DDB-45D9-82CE-9E97D6CC8F34}.Release|ARM.Build.0 = Release|Any CPU
		{E177AF12-3DDB-45D9-82CE-9E97D6CC8F34}.Release|ARM64.ActiveCfg = Release|Any CPU
		{E177AF12-3DDB-45D9-82CE-9E97D6CC8F34}.Release|ARM64.Build.0 = Release|Any CPU
		{E177AF12-3DDB-45D9-82CE-9E97D6CC8F34}.Release|iPhone.ActiveCfg = Release|Any CPU
		{E177AF12-3DDB-45D9-82CE-9E97D6CC8F34}.Release|iPhone.Build.0 = Release|Any CPU
		{E177AF12-3DDB-45D9-82CE-9E97D6CC8F34}.Release|iPhoneSimulator.ActiveCfg = Release|Any CPU
		{E177AF12-3DDB-45D9-82CE-9E97D6CC8F34}.Release|iPhoneSimulator.Build.0 = Release|Any CPU
		{E177AF12-3DDB-45D9-82CE-9E97D6CC8F34}.Release|x64.ActiveCfg = Release|Any CPU
		{E177AF12-3DDB-45D9-82CE-9E97D6CC8F34}.Release|x64.Build.0 = Release|Any CPU
		{E177AF12-3DDB-45D9-82CE-9E97D6CC8F34}.Release|x86.ActiveCfg = Release|Any CPU
		{E177AF12-3DDB-45D9-82CE-9E97D6CC8F34}.Release|x86.Build.0 = Release|Any CPU
		{AE65E496-EBED-459C-9103-23DE5CD64159}.Debug|Any CPU.ActiveCfg = Debug|Any CPU
		{AE65E496-EBED-459C-9103-23DE5CD64159}.Debug|Any CPU.Build.0 = Debug|Any CPU
		{AE65E496-EBED-459C-9103-23DE5CD64159}.Debug|ARM.ActiveCfg = Debug|Any CPU
		{AE65E496-EBED-459C-9103-23DE5CD64159}.Debug|ARM.Build.0 = Debug|Any CPU
		{AE65E496-EBED-459C-9103-23DE5CD64159}.Debug|ARM64.ActiveCfg = Debug|Any CPU
		{AE65E496-EBED-459C-9103-23DE5CD64159}.Debug|ARM64.Build.0 = Debug|Any CPU
		{AE65E496-EBED-459C-9103-23DE5CD64159}.Debug|iPhone.ActiveCfg = Debug|Any CPU
		{AE65E496-EBED-459C-9103-23DE5CD64159}.Debug|iPhone.Build.0 = Debug|Any CPU
		{AE65E496-EBED-459C-9103-23DE5CD64159}.Debug|iPhoneSimulator.ActiveCfg = Debug|Any CPU
		{AE65E496-EBED-459C-9103-23DE5CD64159}.Debug|iPhoneSimulator.Build.0 = Debug|Any CPU
		{AE65E496-EBED-459C-9103-23DE5CD64159}.Debug|x64.ActiveCfg = Debug|Any CPU
		{AE65E496-EBED-459C-9103-23DE5CD64159}.Debug|x64.Build.0 = Debug|Any CPU
		{AE65E496-EBED-459C-9103-23DE5CD64159}.Debug|x86.ActiveCfg = Debug|Any CPU
		{AE65E496-EBED-459C-9103-23DE5CD64159}.Debug|x86.Build.0 = Debug|Any CPU
		{AE65E496-EBED-459C-9103-23DE5CD64159}.Release|Any CPU.ActiveCfg = Release|Any CPU
		{AE65E496-EBED-459C-9103-23DE5CD64159}.Release|Any CPU.Build.0 = Release|Any CPU
		{AE65E496-EBED-459C-9103-23DE5CD64159}.Release|ARM.ActiveCfg = Release|Any CPU
		{AE65E496-EBED-459C-9103-23DE5CD64159}.Release|ARM.Build.0 = Release|Any CPU
		{AE65E496-EBED-459C-9103-23DE5CD64159}.Release|ARM64.ActiveCfg = Release|Any CPU
		{AE65E496-EBED-459C-9103-23DE5CD64159}.Release|ARM64.Build.0 = Release|Any CPU
		{AE65E496-EBED-459C-9103-23DE5CD64159}.Release|iPhone.ActiveCfg = Release|Any CPU
		{AE65E496-EBED-459C-9103-23DE5CD64159}.Release|iPhone.Build.0 = Release|Any CPU
		{AE65E496-EBED-459C-9103-23DE5CD64159}.Release|iPhoneSimulator.ActiveCfg = Release|Any CPU
		{AE65E496-EBED-459C-9103-23DE5CD64159}.Release|iPhoneSimulator.Build.0 = Release|Any CPU
		{AE65E496-EBED-459C-9103-23DE5CD64159}.Release|x64.ActiveCfg = Release|Any CPU
		{AE65E496-EBED-459C-9103-23DE5CD64159}.Release|x64.Build.0 = Release|Any CPU
		{AE65E496-EBED-459C-9103-23DE5CD64159}.Release|x86.ActiveCfg = Release|Any CPU
		{AE65E496-EBED-459C-9103-23DE5CD64159}.Release|x86.Build.0 = Release|Any CPU
		{574C956A-A5F7-464D-9150-775021FA7144}.Debug|Any CPU.ActiveCfg = Debug|Any CPU
		{574C956A-A5F7-464D-9150-775021FA7144}.Debug|Any CPU.Build.0 = Debug|Any CPU
		{574C956A-A5F7-464D-9150-775021FA7144}.Debug|ARM.ActiveCfg = Debug|Any CPU
		{574C956A-A5F7-464D-9150-775021FA7144}.Debug|ARM.Build.0 = Debug|Any CPU
		{574C956A-A5F7-464D-9150-775021FA7144}.Debug|ARM64.ActiveCfg = Debug|Any CPU
		{574C956A-A5F7-464D-9150-775021FA7144}.Debug|ARM64.Build.0 = Debug|Any CPU
		{574C956A-A5F7-464D-9150-775021FA7144}.Debug|iPhone.ActiveCfg = Debug|Any CPU
		{574C956A-A5F7-464D-9150-775021FA7144}.Debug|iPhone.Build.0 = Debug|Any CPU
		{574C956A-A5F7-464D-9150-775021FA7144}.Debug|iPhoneSimulator.ActiveCfg = Debug|Any CPU
		{574C956A-A5F7-464D-9150-775021FA7144}.Debug|iPhoneSimulator.Build.0 = Debug|Any CPU
		{574C956A-A5F7-464D-9150-775021FA7144}.Debug|x64.ActiveCfg = Debug|Any CPU
		{574C956A-A5F7-464D-9150-775021FA7144}.Debug|x64.Build.0 = Debug|Any CPU
		{574C956A-A5F7-464D-9150-775021FA7144}.Debug|x86.ActiveCfg = Debug|Any CPU
		{574C956A-A5F7-464D-9150-775021FA7144}.Debug|x86.Build.0 = Debug|Any CPU
		{574C956A-A5F7-464D-9150-775021FA7144}.Release|Any CPU.ActiveCfg = Release|Any CPU
		{574C956A-A5F7-464D-9150-775021FA7144}.Release|Any CPU.Build.0 = Release|Any CPU
		{574C956A-A5F7-464D-9150-775021FA7144}.Release|ARM.ActiveCfg = Release|Any CPU
		{574C956A-A5F7-464D-9150-775021FA7144}.Release|ARM.Build.0 = Release|Any CPU
		{574C956A-A5F7-464D-9150-775021FA7144}.Release|ARM64.ActiveCfg = Release|Any CPU
		{574C956A-A5F7-464D-9150-775021FA7144}.Release|ARM64.Build.0 = Release|Any CPU
		{574C956A-A5F7-464D-9150-775021FA7144}.Release|iPhone.ActiveCfg = Release|Any CPU
		{574C956A-A5F7-464D-9150-775021FA7144}.Release|iPhone.Build.0 = Release|Any CPU
		{574C956A-A5F7-464D-9150-775021FA7144}.Release|iPhoneSimulator.ActiveCfg = Release|Any CPU
		{574C956A-A5F7-464D-9150-775021FA7144}.Release|iPhoneSimulator.Build.0 = Release|Any CPU
		{574C956A-A5F7-464D-9150-775021FA7144}.Release|x64.ActiveCfg = Release|Any CPU
		{574C956A-A5F7-464D-9150-775021FA7144}.Release|x64.Build.0 = Release|Any CPU
		{574C956A-A5F7-464D-9150-775021FA7144}.Release|x86.ActiveCfg = Release|Any CPU
		{574C956A-A5F7-464D-9150-775021FA7144}.Release|x86.Build.0 = Release|Any CPU
		{E7B2A0C4-AAE1-4276-96BE-96F698F3F8B6}.Debug|Any CPU.ActiveCfg = Debug|Any CPU
		{E7B2A0C4-AAE1-4276-96BE-96F698F3F8B6}.Debug|Any CPU.Build.0 = Debug|Any CPU
		{E7B2A0C4-AAE1-4276-96BE-96F698F3F8B6}.Debug|ARM.ActiveCfg = Debug|Any CPU
		{E7B2A0C4-AAE1-4276-96BE-96F698F3F8B6}.Debug|ARM.Build.0 = Debug|Any CPU
		{E7B2A0C4-AAE1-4276-96BE-96F698F3F8B6}.Debug|ARM64.ActiveCfg = Debug|Any CPU
		{E7B2A0C4-AAE1-4276-96BE-96F698F3F8B6}.Debug|ARM64.Build.0 = Debug|Any CPU
		{E7B2A0C4-AAE1-4276-96BE-96F698F3F8B6}.Debug|iPhone.ActiveCfg = Debug|Any CPU
		{E7B2A0C4-AAE1-4276-96BE-96F698F3F8B6}.Debug|iPhone.Build.0 = Debug|Any CPU
		{E7B2A0C4-AAE1-4276-96BE-96F698F3F8B6}.Debug|iPhoneSimulator.ActiveCfg = Debug|Any CPU
		{E7B2A0C4-AAE1-4276-96BE-96F698F3F8B6}.Debug|iPhoneSimulator.Build.0 = Debug|Any CPU
		{E7B2A0C4-AAE1-4276-96BE-96F698F3F8B6}.Debug|x64.ActiveCfg = Debug|Any CPU
		{E7B2A0C4-AAE1-4276-96BE-96F698F3F8B6}.Debug|x64.Build.0 = Debug|Any CPU
		{E7B2A0C4-AAE1-4276-96BE-96F698F3F8B6}.Debug|x86.ActiveCfg = Debug|Any CPU
		{E7B2A0C4-AAE1-4276-96BE-96F698F3F8B6}.Debug|x86.Build.0 = Debug|Any CPU
		{E7B2A0C4-AAE1-4276-96BE-96F698F3F8B6}.Release|Any CPU.ActiveCfg = Release|Any CPU
		{E7B2A0C4-AAE1-4276-96BE-96F698F3F8B6}.Release|Any CPU.Build.0 = Release|Any CPU
		{E7B2A0C4-AAE1-4276-96BE-96F698F3F8B6}.Release|ARM.ActiveCfg = Release|Any CPU
		{E7B2A0C4-AAE1-4276-96BE-96F698F3F8B6}.Release|ARM.Build.0 = Release|Any CPU
		{E7B2A0C4-AAE1-4276-96BE-96F698F3F8B6}.Release|ARM64.ActiveCfg = Release|Any CPU
		{E7B2A0C4-AAE1-4276-96BE-96F698F3F8B6}.Release|ARM64.Build.0 = Release|Any CPU
		{E7B2A0C4-AAE1-4276-96BE-96F698F3F8B6}.Release|iPhone.ActiveCfg = Release|Any CPU
		{E7B2A0C4-AAE1-4276-96BE-96F698F3F8B6}.Release|iPhone.Build.0 = Release|Any CPU
		{E7B2A0C4-AAE1-4276-96BE-96F698F3F8B6}.Release|iPhoneSimulator.ActiveCfg = Release|Any CPU
		{E7B2A0C4-AAE1-4276-96BE-96F698F3F8B6}.Release|iPhoneSimulator.Build.0 = Release|Any CPU
		{E7B2A0C4-AAE1-4276-96BE-96F698F3F8B6}.Release|x64.ActiveCfg = Release|Any CPU
		{E7B2A0C4-AAE1-4276-96BE-96F698F3F8B6}.Release|x64.Build.0 = Release|Any CPU
		{E7B2A0C4-AAE1-4276-96BE-96F698F3F8B6}.Release|x86.ActiveCfg = Release|Any CPU
		{E7B2A0C4-AAE1-4276-96BE-96F698F3F8B6}.Release|x86.Build.0 = Release|Any CPU
		{8FC234FB-5BA6-41AD-8D75-68D8859AB1AB}.Debug|Any CPU.ActiveCfg = Debug|Any CPU
		{8FC234FB-5BA6-41AD-8D75-68D8859AB1AB}.Debug|Any CPU.Build.0 = Debug|Any CPU
		{8FC234FB-5BA6-41AD-8D75-68D8859AB1AB}.Debug|ARM.ActiveCfg = Debug|Any CPU
		{8FC234FB-5BA6-41AD-8D75-68D8859AB1AB}.Debug|ARM.Build.0 = Debug|Any CPU
		{8FC234FB-5BA6-41AD-8D75-68D8859AB1AB}.Debug|ARM64.ActiveCfg = Debug|Any CPU
		{8FC234FB-5BA6-41AD-8D75-68D8859AB1AB}.Debug|ARM64.Build.0 = Debug|Any CPU
		{8FC234FB-5BA6-41AD-8D75-68D8859AB1AB}.Debug|iPhone.ActiveCfg = Debug|Any CPU
		{8FC234FB-5BA6-41AD-8D75-68D8859AB1AB}.Debug|iPhone.Build.0 = Debug|Any CPU
		{8FC234FB-5BA6-41AD-8D75-68D8859AB1AB}.Debug|iPhoneSimulator.ActiveCfg = Debug|Any CPU
		{8FC234FB-5BA6-41AD-8D75-68D8859AB1AB}.Debug|iPhoneSimulator.Build.0 = Debug|Any CPU
		{8FC234FB-5BA6-41AD-8D75-68D8859AB1AB}.Debug|x64.ActiveCfg = Debug|Any CPU
		{8FC234FB-5BA6-41AD-8D75-68D8859AB1AB}.Debug|x64.Build.0 = Debug|Any CPU
		{8FC234FB-5BA6-41AD-8D75-68D8859AB1AB}.Debug|x86.ActiveCfg = Debug|Any CPU
		{8FC234FB-5BA6-41AD-8D75-68D8859AB1AB}.Debug|x86.Build.0 = Debug|Any CPU
		{8FC234FB-5BA6-41AD-8D75-68D8859AB1AB}.Release|Any CPU.ActiveCfg = Release|Any CPU
		{8FC234FB-5BA6-41AD-8D75-68D8859AB1AB}.Release|Any CPU.Build.0 = Release|Any CPU
		{8FC234FB-5BA6-41AD-8D75-68D8859AB1AB}.Release|ARM.ActiveCfg = Release|Any CPU
		{8FC234FB-5BA6-41AD-8D75-68D8859AB1AB}.Release|ARM.Build.0 = Release|Any CPU
		{8FC234FB-5BA6-41AD-8D75-68D8859AB1AB}.Release|ARM64.ActiveCfg = Release|Any CPU
		{8FC234FB-5BA6-41AD-8D75-68D8859AB1AB}.Release|ARM64.Build.0 = Release|Any CPU
		{8FC234FB-5BA6-41AD-8D75-68D8859AB1AB}.Release|iPhone.ActiveCfg = Release|Any CPU
		{8FC234FB-5BA6-41AD-8D75-68D8859AB1AB}.Release|iPhone.Build.0 = Release|Any CPU
		{8FC234FB-5BA6-41AD-8D75-68D8859AB1AB}.Release|iPhoneSimulator.ActiveCfg = Release|Any CPU
		{8FC234FB-5BA6-41AD-8D75-68D8859AB1AB}.Release|iPhoneSimulator.Build.0 = Release|Any CPU
		{8FC234FB-5BA6-41AD-8D75-68D8859AB1AB}.Release|x64.ActiveCfg = Release|Any CPU
		{8FC234FB-5BA6-41AD-8D75-68D8859AB1AB}.Release|x64.Build.0 = Release|Any CPU
		{8FC234FB-5BA6-41AD-8D75-68D8859AB1AB}.Release|x86.ActiveCfg = Release|Any CPU
		{8FC234FB-5BA6-41AD-8D75-68D8859AB1AB}.Release|x86.Build.0 = Release|Any CPU
		{B5C93333-FCB5-45FA-AAD6-39AB51EECF78}.Debug|Any CPU.ActiveCfg = Debug|Any CPU
		{B5C93333-FCB5-45FA-AAD6-39AB51EECF78}.Debug|Any CPU.Build.0 = Debug|Any CPU
		{B5C93333-FCB5-45FA-AAD6-39AB51EECF78}.Debug|ARM.ActiveCfg = Debug|Any CPU
		{B5C93333-FCB5-45FA-AAD6-39AB51EECF78}.Debug|ARM.Build.0 = Debug|Any CPU
		{B5C93333-FCB5-45FA-AAD6-39AB51EECF78}.Debug|ARM64.ActiveCfg = Debug|Any CPU
		{B5C93333-FCB5-45FA-AAD6-39AB51EECF78}.Debug|ARM64.Build.0 = Debug|Any CPU
		{B5C93333-FCB5-45FA-AAD6-39AB51EECF78}.Debug|iPhone.ActiveCfg = Debug|Any CPU
		{B5C93333-FCB5-45FA-AAD6-39AB51EECF78}.Debug|iPhone.Build.0 = Debug|Any CPU
		{B5C93333-FCB5-45FA-AAD6-39AB51EECF78}.Debug|iPhoneSimulator.ActiveCfg = Debug|Any CPU
		{B5C93333-FCB5-45FA-AAD6-39AB51EECF78}.Debug|iPhoneSimulator.Build.0 = Debug|Any CPU
		{B5C93333-FCB5-45FA-AAD6-39AB51EECF78}.Debug|x64.ActiveCfg = Debug|Any CPU
		{B5C93333-FCB5-45FA-AAD6-39AB51EECF78}.Debug|x64.Build.0 = Debug|Any CPU
		{B5C93333-FCB5-45FA-AAD6-39AB51EECF78}.Debug|x86.ActiveCfg = Debug|Any CPU
		{B5C93333-FCB5-45FA-AAD6-39AB51EECF78}.Debug|x86.Build.0 = Debug|Any CPU
		{B5C93333-FCB5-45FA-AAD6-39AB51EECF78}.Release|Any CPU.ActiveCfg = Release|Any CPU
		{B5C93333-FCB5-45FA-AAD6-39AB51EECF78}.Release|Any CPU.Build.0 = Release|Any CPU
		{B5C93333-FCB5-45FA-AAD6-39AB51EECF78}.Release|ARM.ActiveCfg = Release|Any CPU
		{B5C93333-FCB5-45FA-AAD6-39AB51EECF78}.Release|ARM.Build.0 = Release|Any CPU
		{B5C93333-FCB5-45FA-AAD6-39AB51EECF78}.Release|ARM64.ActiveCfg = Release|Any CPU
		{B5C93333-FCB5-45FA-AAD6-39AB51EECF78}.Release|ARM64.Build.0 = Release|Any CPU
		{B5C93333-FCB5-45FA-AAD6-39AB51EECF78}.Release|iPhone.ActiveCfg = Release|Any CPU
		{B5C93333-FCB5-45FA-AAD6-39AB51EECF78}.Release|iPhone.Build.0 = Release|Any CPU
		{B5C93333-FCB5-45FA-AAD6-39AB51EECF78}.Release|iPhoneSimulator.ActiveCfg = Release|Any CPU
		{B5C93333-FCB5-45FA-AAD6-39AB51EECF78}.Release|iPhoneSimulator.Build.0 = Release|Any CPU
		{B5C93333-FCB5-45FA-AAD6-39AB51EECF78}.Release|x64.ActiveCfg = Release|Any CPU
		{B5C93333-FCB5-45FA-AAD6-39AB51EECF78}.Release|x64.Build.0 = Release|Any CPU
		{B5C93333-FCB5-45FA-AAD6-39AB51EECF78}.Release|x86.ActiveCfg = Release|Any CPU
		{B5C93333-FCB5-45FA-AAD6-39AB51EECF78}.Release|x86.Build.0 = Release|Any CPU
		{23F06813-7CFC-455B-BB0B-4AE2B0493E8A}.Debug|Any CPU.ActiveCfg = Debug|Any CPU
		{23F06813-7CFC-455B-BB0B-4AE2B0493E8A}.Debug|Any CPU.Build.0 = Debug|Any CPU
		{23F06813-7CFC-455B-BB0B-4AE2B0493E8A}.Debug|ARM.ActiveCfg = Debug|Any CPU
		{23F06813-7CFC-455B-BB0B-4AE2B0493E8A}.Debug|ARM.Build.0 = Debug|Any CPU
		{23F06813-7CFC-455B-BB0B-4AE2B0493E8A}.Debug|ARM64.ActiveCfg = Debug|Any CPU
		{23F06813-7CFC-455B-BB0B-4AE2B0493E8A}.Debug|ARM64.Build.0 = Debug|Any CPU
		{23F06813-7CFC-455B-BB0B-4AE2B0493E8A}.Debug|iPhone.ActiveCfg = Debug|Any CPU
		{23F06813-7CFC-455B-BB0B-4AE2B0493E8A}.Debug|iPhone.Build.0 = Debug|Any CPU
		{23F06813-7CFC-455B-BB0B-4AE2B0493E8A}.Debug|iPhoneSimulator.ActiveCfg = Debug|Any CPU
		{23F06813-7CFC-455B-BB0B-4AE2B0493E8A}.Debug|iPhoneSimulator.Build.0 = Debug|Any CPU
		{23F06813-7CFC-455B-BB0B-4AE2B0493E8A}.Debug|x64.ActiveCfg = Debug|Any CPU
		{23F06813-7CFC-455B-BB0B-4AE2B0493E8A}.Debug|x64.Build.0 = Debug|Any CPU
		{23F06813-7CFC-455B-BB0B-4AE2B0493E8A}.Debug|x86.ActiveCfg = Debug|Any CPU
		{23F06813-7CFC-455B-BB0B-4AE2B0493E8A}.Debug|x86.Build.0 = Debug|Any CPU
		{23F06813-7CFC-455B-BB0B-4AE2B0493E8A}.Release|Any CPU.ActiveCfg = Release|Any CPU
		{23F06813-7CFC-455B-BB0B-4AE2B0493E8A}.Release|Any CPU.Build.0 = Release|Any CPU
		{23F06813-7CFC-455B-BB0B-4AE2B0493E8A}.Release|ARM.ActiveCfg = Release|Any CPU
		{23F06813-7CFC-455B-BB0B-4AE2B0493E8A}.Release|ARM.Build.0 = Release|Any CPU
		{23F06813-7CFC-455B-BB0B-4AE2B0493E8A}.Release|ARM64.ActiveCfg = Release|Any CPU
		{23F06813-7CFC-455B-BB0B-4AE2B0493E8A}.Release|ARM64.Build.0 = Release|Any CPU
		{23F06813-7CFC-455B-BB0B-4AE2B0493E8A}.Release|iPhone.ActiveCfg = Release|Any CPU
		{23F06813-7CFC-455B-BB0B-4AE2B0493E8A}.Release|iPhone.Build.0 = Release|Any CPU
		{23F06813-7CFC-455B-BB0B-4AE2B0493E8A}.Release|iPhoneSimulator.ActiveCfg = Release|Any CPU
		{23F06813-7CFC-455B-BB0B-4AE2B0493E8A}.Release|iPhoneSimulator.Build.0 = Release|Any CPU
		{23F06813-7CFC-455B-BB0B-4AE2B0493E8A}.Release|x64.ActiveCfg = Release|Any CPU
		{23F06813-7CFC-455B-BB0B-4AE2B0493E8A}.Release|x64.Build.0 = Release|Any CPU
		{23F06813-7CFC-455B-BB0B-4AE2B0493E8A}.Release|x86.ActiveCfg = Release|Any CPU
		{23F06813-7CFC-455B-BB0B-4AE2B0493E8A}.Release|x86.Build.0 = Release|Any CPU
		{7EACCF0D-9CCF-4EBB-87B8-8E5A18C560F3}.Debug|Any CPU.ActiveCfg = Debug|Any CPU
		{7EACCF0D-9CCF-4EBB-87B8-8E5A18C560F3}.Debug|Any CPU.Build.0 = Debug|Any CPU
		{7EACCF0D-9CCF-4EBB-87B8-8E5A18C560F3}.Debug|ARM.ActiveCfg = Debug|Any CPU
		{7EACCF0D-9CCF-4EBB-87B8-8E5A18C560F3}.Debug|ARM.Build.0 = Debug|Any CPU
		{7EACCF0D-9CCF-4EBB-87B8-8E5A18C560F3}.Debug|ARM64.ActiveCfg = Debug|Any CPU
		{7EACCF0D-9CCF-4EBB-87B8-8E5A18C560F3}.Debug|ARM64.Build.0 = Debug|Any CPU
		{7EACCF0D-9CCF-4EBB-87B8-8E5A18C560F3}.Debug|iPhone.ActiveCfg = Debug|Any CPU
		{7EACCF0D-9CCF-4EBB-87B8-8E5A18C560F3}.Debug|iPhone.Build.0 = Debug|Any CPU
		{7EACCF0D-9CCF-4EBB-87B8-8E5A18C560F3}.Debug|iPhoneSimulator.ActiveCfg = Debug|Any CPU
		{7EACCF0D-9CCF-4EBB-87B8-8E5A18C560F3}.Debug|iPhoneSimulator.Build.0 = Debug|Any CPU
		{7EACCF0D-9CCF-4EBB-87B8-8E5A18C560F3}.Debug|x64.ActiveCfg = Debug|Any CPU
		{7EACCF0D-9CCF-4EBB-87B8-8E5A18C560F3}.Debug|x64.Build.0 = Debug|Any CPU
		{7EACCF0D-9CCF-4EBB-87B8-8E5A18C560F3}.Debug|x86.ActiveCfg = Debug|Any CPU
		{7EACCF0D-9CCF-4EBB-87B8-8E5A18C560F3}.Debug|x86.Build.0 = Debug|Any CPU
		{7EACCF0D-9CCF-4EBB-87B8-8E5A18C560F3}.Release|Any CPU.ActiveCfg = Release|Any CPU
		{7EACCF0D-9CCF-4EBB-87B8-8E5A18C560F3}.Release|Any CPU.Build.0 = Release|Any CPU
		{7EACCF0D-9CCF-4EBB-87B8-8E5A18C560F3}.Release|ARM.ActiveCfg = Release|Any CPU
		{7EACCF0D-9CCF-4EBB-87B8-8E5A18C560F3}.Release|ARM.Build.0 = Release|Any CPU
		{7EACCF0D-9CCF-4EBB-87B8-8E5A18C560F3}.Release|ARM64.ActiveCfg = Release|Any CPU
		{7EACCF0D-9CCF-4EBB-87B8-8E5A18C560F3}.Release|ARM64.Build.0 = Release|Any CPU
		{7EACCF0D-9CCF-4EBB-87B8-8E5A18C560F3}.Release|iPhone.ActiveCfg = Release|Any CPU
		{7EACCF0D-9CCF-4EBB-87B8-8E5A18C560F3}.Release|iPhone.Build.0 = Release|Any CPU
		{7EACCF0D-9CCF-4EBB-87B8-8E5A18C560F3}.Release|iPhoneSimulator.ActiveCfg = Release|Any CPU
		{7EACCF0D-9CCF-4EBB-87B8-8E5A18C560F3}.Release|iPhoneSimulator.Build.0 = Release|Any CPU
		{7EACCF0D-9CCF-4EBB-87B8-8E5A18C560F3}.Release|x64.ActiveCfg = Release|Any CPU
		{7EACCF0D-9CCF-4EBB-87B8-8E5A18C560F3}.Release|x64.Build.0 = Release|Any CPU
		{7EACCF0D-9CCF-4EBB-87B8-8E5A18C560F3}.Release|x86.ActiveCfg = Release|Any CPU
		{7EACCF0D-9CCF-4EBB-87B8-8E5A18C560F3}.Release|x86.Build.0 = Release|Any CPU
		{206D36EB-B06F-4944-9417-B14104012C64}.Debug|Any CPU.ActiveCfg = Debug|Any CPU
		{206D36EB-B06F-4944-9417-B14104012C64}.Debug|Any CPU.Build.0 = Debug|Any CPU
		{206D36EB-B06F-4944-9417-B14104012C64}.Debug|ARM.ActiveCfg = Debug|Any CPU
		{206D36EB-B06F-4944-9417-B14104012C64}.Debug|ARM.Build.0 = Debug|Any CPU
		{206D36EB-B06F-4944-9417-B14104012C64}.Debug|ARM64.ActiveCfg = Debug|Any CPU
		{206D36EB-B06F-4944-9417-B14104012C64}.Debug|ARM64.Build.0 = Debug|Any CPU
		{206D36EB-B06F-4944-9417-B14104012C64}.Debug|iPhone.ActiveCfg = Debug|Any CPU
		{206D36EB-B06F-4944-9417-B14104012C64}.Debug|iPhone.Build.0 = Debug|Any CPU
		{206D36EB-B06F-4944-9417-B14104012C64}.Debug|iPhoneSimulator.ActiveCfg = Debug|Any CPU
		{206D36EB-B06F-4944-9417-B14104012C64}.Debug|iPhoneSimulator.Build.0 = Debug|Any CPU
		{206D36EB-B06F-4944-9417-B14104012C64}.Debug|x64.ActiveCfg = Debug|Any CPU
		{206D36EB-B06F-4944-9417-B14104012C64}.Debug|x64.Build.0 = Debug|Any CPU
		{206D36EB-B06F-4944-9417-B14104012C64}.Debug|x86.ActiveCfg = Debug|Any CPU
		{206D36EB-B06F-4944-9417-B14104012C64}.Debug|x86.Build.0 = Debug|Any CPU
		{206D36EB-B06F-4944-9417-B14104012C64}.Release|Any CPU.ActiveCfg = Release|Any CPU
		{206D36EB-B06F-4944-9417-B14104012C64}.Release|Any CPU.Build.0 = Release|Any CPU
		{206D36EB-B06F-4944-9417-B14104012C64}.Release|ARM.ActiveCfg = Release|Any CPU
		{206D36EB-B06F-4944-9417-B14104012C64}.Release|ARM.Build.0 = Release|Any CPU
		{206D36EB-B06F-4944-9417-B14104012C64}.Release|ARM64.ActiveCfg = Release|Any CPU
		{206D36EB-B06F-4944-9417-B14104012C64}.Release|ARM64.Build.0 = Release|Any CPU
		{206D36EB-B06F-4944-9417-B14104012C64}.Release|iPhone.ActiveCfg = Release|Any CPU
		{206D36EB-B06F-4944-9417-B14104012C64}.Release|iPhone.Build.0 = Release|Any CPU
		{206D36EB-B06F-4944-9417-B14104012C64}.Release|iPhoneSimulator.ActiveCfg = Release|Any CPU
		{206D36EB-B06F-4944-9417-B14104012C64}.Release|iPhoneSimulator.Build.0 = Release|Any CPU
		{206D36EB-B06F-4944-9417-B14104012C64}.Release|x64.ActiveCfg = Release|Any CPU
		{206D36EB-B06F-4944-9417-B14104012C64}.Release|x64.Build.0 = Release|Any CPU
		{206D36EB-B06F-4944-9417-B14104012C64}.Release|x86.ActiveCfg = Release|Any CPU
		{206D36EB-B06F-4944-9417-B14104012C64}.Release|x86.Build.0 = Release|Any CPU
		{103D5AC1-FC0F-4C96-8D01-9B143A21F51C}.Debug|Any CPU.ActiveCfg = Debug|Any CPU
		{103D5AC1-FC0F-4C96-8D01-9B143A21F51C}.Debug|Any CPU.Build.0 = Debug|Any CPU
		{103D5AC1-FC0F-4C96-8D01-9B143A21F51C}.Debug|ARM.ActiveCfg = Debug|Any CPU
		{103D5AC1-FC0F-4C96-8D01-9B143A21F51C}.Debug|ARM.Build.0 = Debug|Any CPU
		{103D5AC1-FC0F-4C96-8D01-9B143A21F51C}.Debug|ARM64.ActiveCfg = Debug|Any CPU
		{103D5AC1-FC0F-4C96-8D01-9B143A21F51C}.Debug|ARM64.Build.0 = Debug|Any CPU
		{103D5AC1-FC0F-4C96-8D01-9B143A21F51C}.Debug|iPhone.ActiveCfg = Debug|Any CPU
		{103D5AC1-FC0F-4C96-8D01-9B143A21F51C}.Debug|iPhone.Build.0 = Debug|Any CPU
		{103D5AC1-FC0F-4C96-8D01-9B143A21F51C}.Debug|iPhoneSimulator.ActiveCfg = Debug|Any CPU
		{103D5AC1-FC0F-4C96-8D01-9B143A21F51C}.Debug|iPhoneSimulator.Build.0 = Debug|Any CPU
		{103D5AC1-FC0F-4C96-8D01-9B143A21F51C}.Debug|x64.ActiveCfg = Debug|Any CPU
		{103D5AC1-FC0F-4C96-8D01-9B143A21F51C}.Debug|x64.Build.0 = Debug|Any CPU
		{103D5AC1-FC0F-4C96-8D01-9B143A21F51C}.Debug|x86.ActiveCfg = Debug|Any CPU
		{103D5AC1-FC0F-4C96-8D01-9B143A21F51C}.Debug|x86.Build.0 = Debug|Any CPU
		{103D5AC1-FC0F-4C96-8D01-9B143A21F51C}.Release|Any CPU.ActiveCfg = Release|Any CPU
		{103D5AC1-FC0F-4C96-8D01-9B143A21F51C}.Release|Any CPU.Build.0 = Release|Any CPU
		{103D5AC1-FC0F-4C96-8D01-9B143A21F51C}.Release|ARM.ActiveCfg = Release|Any CPU
		{103D5AC1-FC0F-4C96-8D01-9B143A21F51C}.Release|ARM.Build.0 = Release|Any CPU
		{103D5AC1-FC0F-4C96-8D01-9B143A21F51C}.Release|ARM64.ActiveCfg = Release|Any CPU
		{103D5AC1-FC0F-4C96-8D01-9B143A21F51C}.Release|ARM64.Build.0 = Release|Any CPU
		{103D5AC1-FC0F-4C96-8D01-9B143A21F51C}.Release|iPhone.ActiveCfg = Release|Any CPU
		{103D5AC1-FC0F-4C96-8D01-9B143A21F51C}.Release|iPhone.Build.0 = Release|Any CPU
		{103D5AC1-FC0F-4C96-8D01-9B143A21F51C}.Release|iPhoneSimulator.ActiveCfg = Release|Any CPU
		{103D5AC1-FC0F-4C96-8D01-9B143A21F51C}.Release|iPhoneSimulator.Build.0 = Release|Any CPU
		{103D5AC1-FC0F-4C96-8D01-9B143A21F51C}.Release|x64.ActiveCfg = Release|Any CPU
		{103D5AC1-FC0F-4C96-8D01-9B143A21F51C}.Release|x64.Build.0 = Release|Any CPU
		{103D5AC1-FC0F-4C96-8D01-9B143A21F51C}.Release|x86.ActiveCfg = Release|Any CPU
		{103D5AC1-FC0F-4C96-8D01-9B143A21F51C}.Release|x86.Build.0 = Release|Any CPU
		{6DF0F237-90AD-4494-948D-47BDA845D801}.Debug|Any CPU.ActiveCfg = Debug|Any CPU
		{6DF0F237-90AD-4494-948D-47BDA845D801}.Debug|Any CPU.Build.0 = Debug|Any CPU
		{6DF0F237-90AD-4494-948D-47BDA845D801}.Debug|ARM.ActiveCfg = Debug|Any CPU
		{6DF0F237-90AD-4494-948D-47BDA845D801}.Debug|ARM.Build.0 = Debug|Any CPU
		{6DF0F237-90AD-4494-948D-47BDA845D801}.Debug|ARM64.ActiveCfg = Debug|Any CPU
		{6DF0F237-90AD-4494-948D-47BDA845D801}.Debug|ARM64.Build.0 = Debug|Any CPU
		{6DF0F237-90AD-4494-948D-47BDA845D801}.Debug|iPhone.ActiveCfg = Debug|Any CPU
		{6DF0F237-90AD-4494-948D-47BDA845D801}.Debug|iPhone.Build.0 = Debug|Any CPU
		{6DF0F237-90AD-4494-948D-47BDA845D801}.Debug|iPhoneSimulator.ActiveCfg = Debug|Any CPU
		{6DF0F237-90AD-4494-948D-47BDA845D801}.Debug|iPhoneSimulator.Build.0 = Debug|Any CPU
		{6DF0F237-90AD-4494-948D-47BDA845D801}.Debug|x64.ActiveCfg = Debug|Any CPU
		{6DF0F237-90AD-4494-948D-47BDA845D801}.Debug|x64.Build.0 = Debug|Any CPU
		{6DF0F237-90AD-4494-948D-47BDA845D801}.Debug|x86.ActiveCfg = Debug|Any CPU
		{6DF0F237-90AD-4494-948D-47BDA845D801}.Debug|x86.Build.0 = Debug|Any CPU
		{6DF0F237-90AD-4494-948D-47BDA845D801}.Release|Any CPU.ActiveCfg = Release|Any CPU
		{6DF0F237-90AD-4494-948D-47BDA845D801}.Release|Any CPU.Build.0 = Release|Any CPU
		{6DF0F237-90AD-4494-948D-47BDA845D801}.Release|ARM.ActiveCfg = Release|Any CPU
		{6DF0F237-90AD-4494-948D-47BDA845D801}.Release|ARM.Build.0 = Release|Any CPU
		{6DF0F237-90AD-4494-948D-47BDA845D801}.Release|ARM64.ActiveCfg = Release|Any CPU
		{6DF0F237-90AD-4494-948D-47BDA845D801}.Release|ARM64.Build.0 = Release|Any CPU
		{6DF0F237-90AD-4494-948D-47BDA845D801}.Release|iPhone.ActiveCfg = Release|Any CPU
		{6DF0F237-90AD-4494-948D-47BDA845D801}.Release|iPhone.Build.0 = Release|Any CPU
		{6DF0F237-90AD-4494-948D-47BDA845D801}.Release|iPhoneSimulator.ActiveCfg = Release|Any CPU
		{6DF0F237-90AD-4494-948D-47BDA845D801}.Release|iPhoneSimulator.Build.0 = Release|Any CPU
		{6DF0F237-90AD-4494-948D-47BDA845D801}.Release|x64.ActiveCfg = Release|Any CPU
		{6DF0F237-90AD-4494-948D-47BDA845D801}.Release|x64.Build.0 = Release|Any CPU
		{6DF0F237-90AD-4494-948D-47BDA845D801}.Release|x86.ActiveCfg = Release|Any CPU
		{6DF0F237-90AD-4494-948D-47BDA845D801}.Release|x86.Build.0 = Release|Any CPU
		{422A198A-D8D2-4379-9BB5-00A9C5547BAB}.Debug|Any CPU.ActiveCfg = Debug|Any CPU
		{422A198A-D8D2-4379-9BB5-00A9C5547BAB}.Debug|Any CPU.Build.0 = Debug|Any CPU
		{422A198A-D8D2-4379-9BB5-00A9C5547BAB}.Debug|ARM.ActiveCfg = Debug|Any CPU
		{422A198A-D8D2-4379-9BB5-00A9C5547BAB}.Debug|ARM.Build.0 = Debug|Any CPU
		{422A198A-D8D2-4379-9BB5-00A9C5547BAB}.Debug|ARM64.ActiveCfg = Debug|Any CPU
		{422A198A-D8D2-4379-9BB5-00A9C5547BAB}.Debug|ARM64.Build.0 = Debug|Any CPU
		{422A198A-D8D2-4379-9BB5-00A9C5547BAB}.Debug|iPhone.ActiveCfg = Debug|Any CPU
		{422A198A-D8D2-4379-9BB5-00A9C5547BAB}.Debug|iPhone.Build.0 = Debug|Any CPU
		{422A198A-D8D2-4379-9BB5-00A9C5547BAB}.Debug|iPhoneSimulator.ActiveCfg = Debug|Any CPU
		{422A198A-D8D2-4379-9BB5-00A9C5547BAB}.Debug|iPhoneSimulator.Build.0 = Debug|Any CPU
		{422A198A-D8D2-4379-9BB5-00A9C5547BAB}.Debug|x64.ActiveCfg = Debug|Any CPU
		{422A198A-D8D2-4379-9BB5-00A9C5547BAB}.Debug|x64.Build.0 = Debug|Any CPU
		{422A198A-D8D2-4379-9BB5-00A9C5547BAB}.Debug|x86.ActiveCfg = Debug|Any CPU
		{422A198A-D8D2-4379-9BB5-00A9C5547BAB}.Debug|x86.Build.0 = Debug|Any CPU
		{422A198A-D8D2-4379-9BB5-00A9C5547BAB}.Release|Any CPU.ActiveCfg = Release|Any CPU
		{422A198A-D8D2-4379-9BB5-00A9C5547BAB}.Release|Any CPU.Build.0 = Release|Any CPU
		{422A198A-D8D2-4379-9BB5-00A9C5547BAB}.Release|ARM.ActiveCfg = Release|Any CPU
		{422A198A-D8D2-4379-9BB5-00A9C5547BAB}.Release|ARM.Build.0 = Release|Any CPU
		{422A198A-D8D2-4379-9BB5-00A9C5547BAB}.Release|ARM64.ActiveCfg = Release|Any CPU
		{422A198A-D8D2-4379-9BB5-00A9C5547BAB}.Release|ARM64.Build.0 = Release|Any CPU
		{422A198A-D8D2-4379-9BB5-00A9C5547BAB}.Release|iPhone.ActiveCfg = Release|Any CPU
		{422A198A-D8D2-4379-9BB5-00A9C5547BAB}.Release|iPhone.Build.0 = Release|Any CPU
		{422A198A-D8D2-4379-9BB5-00A9C5547BAB}.Release|iPhoneSimulator.ActiveCfg = Release|Any CPU
		{422A198A-D8D2-4379-9BB5-00A9C5547BAB}.Release|iPhoneSimulator.Build.0 = Release|Any CPU
		{422A198A-D8D2-4379-9BB5-00A9C5547BAB}.Release|x64.ActiveCfg = Release|Any CPU
		{422A198A-D8D2-4379-9BB5-00A9C5547BAB}.Release|x64.Build.0 = Release|Any CPU
		{422A198A-D8D2-4379-9BB5-00A9C5547BAB}.Release|x86.ActiveCfg = Release|Any CPU
		{422A198A-D8D2-4379-9BB5-00A9C5547BAB}.Release|x86.Build.0 = Release|Any CPU
		{57EBFC18-2EDD-4303-87BA-9FAA46E72F51}.Debug|Any CPU.ActiveCfg = Debug|Any CPU
		{57EBFC18-2EDD-4303-87BA-9FAA46E72F51}.Debug|Any CPU.Build.0 = Debug|Any CPU
		{57EBFC18-2EDD-4303-87BA-9FAA46E72F51}.Debug|ARM.ActiveCfg = Debug|Any CPU
		{57EBFC18-2EDD-4303-87BA-9FAA46E72F51}.Debug|ARM.Build.0 = Debug|Any CPU
		{57EBFC18-2EDD-4303-87BA-9FAA46E72F51}.Debug|ARM64.ActiveCfg = Debug|Any CPU
		{57EBFC18-2EDD-4303-87BA-9FAA46E72F51}.Debug|ARM64.Build.0 = Debug|Any CPU
		{57EBFC18-2EDD-4303-87BA-9FAA46E72F51}.Debug|iPhone.ActiveCfg = Debug|Any CPU
		{57EBFC18-2EDD-4303-87BA-9FAA46E72F51}.Debug|iPhone.Build.0 = Debug|Any CPU
		{57EBFC18-2EDD-4303-87BA-9FAA46E72F51}.Debug|iPhoneSimulator.ActiveCfg = Debug|Any CPU
		{57EBFC18-2EDD-4303-87BA-9FAA46E72F51}.Debug|iPhoneSimulator.Build.0 = Debug|Any CPU
		{57EBFC18-2EDD-4303-87BA-9FAA46E72F51}.Debug|x64.ActiveCfg = Debug|Any CPU
		{57EBFC18-2EDD-4303-87BA-9FAA46E72F51}.Debug|x64.Build.0 = Debug|Any CPU
		{57EBFC18-2EDD-4303-87BA-9FAA46E72F51}.Debug|x86.ActiveCfg = Debug|Any CPU
		{57EBFC18-2EDD-4303-87BA-9FAA46E72F51}.Debug|x86.Build.0 = Debug|Any CPU
		{57EBFC18-2EDD-4303-87BA-9FAA46E72F51}.Release|Any CPU.ActiveCfg = Release|Any CPU
		{57EBFC18-2EDD-4303-87BA-9FAA46E72F51}.Release|Any CPU.Build.0 = Release|Any CPU
		{57EBFC18-2EDD-4303-87BA-9FAA46E72F51}.Release|ARM.ActiveCfg = Release|Any CPU
		{57EBFC18-2EDD-4303-87BA-9FAA46E72F51}.Release|ARM.Build.0 = Release|Any CPU
		{57EBFC18-2EDD-4303-87BA-9FAA46E72F51}.Release|ARM64.ActiveCfg = Release|Any CPU
		{57EBFC18-2EDD-4303-87BA-9FAA46E72F51}.Release|ARM64.Build.0 = Release|Any CPU
		{57EBFC18-2EDD-4303-87BA-9FAA46E72F51}.Release|iPhone.ActiveCfg = Release|Any CPU
		{57EBFC18-2EDD-4303-87BA-9FAA46E72F51}.Release|iPhone.Build.0 = Release|Any CPU
		{57EBFC18-2EDD-4303-87BA-9FAA46E72F51}.Release|iPhoneSimulator.ActiveCfg = Release|Any CPU
		{57EBFC18-2EDD-4303-87BA-9FAA46E72F51}.Release|iPhoneSimulator.Build.0 = Release|Any CPU
		{57EBFC18-2EDD-4303-87BA-9FAA46E72F51}.Release|x64.ActiveCfg = Release|Any CPU
		{57EBFC18-2EDD-4303-87BA-9FAA46E72F51}.Release|x64.Build.0 = Release|Any CPU
		{57EBFC18-2EDD-4303-87BA-9FAA46E72F51}.Release|x86.ActiveCfg = Release|Any CPU
		{57EBFC18-2EDD-4303-87BA-9FAA46E72F51}.Release|x86.Build.0 = Release|Any CPU
		{4773BD80-2EC8-448B-AA38-C17D513D52A3}.Debug|Any CPU.ActiveCfg = Debug|Any CPU
		{4773BD80-2EC8-448B-AA38-C17D513D52A3}.Debug|Any CPU.Build.0 = Debug|Any CPU
		{4773BD80-2EC8-448B-AA38-C17D513D52A3}.Debug|ARM.ActiveCfg = Debug|Any CPU
		{4773BD80-2EC8-448B-AA38-C17D513D52A3}.Debug|ARM.Build.0 = Debug|Any CPU
		{4773BD80-2EC8-448B-AA38-C17D513D52A3}.Debug|ARM64.ActiveCfg = Debug|Any CPU
		{4773BD80-2EC8-448B-AA38-C17D513D52A3}.Debug|ARM64.Build.0 = Debug|Any CPU
		{4773BD80-2EC8-448B-AA38-C17D513D52A3}.Debug|iPhone.ActiveCfg = Debug|Any CPU
		{4773BD80-2EC8-448B-AA38-C17D513D52A3}.Debug|iPhone.Build.0 = Debug|Any CPU
		{4773BD80-2EC8-448B-AA38-C17D513D52A3}.Debug|iPhoneSimulator.ActiveCfg = Debug|Any CPU
		{4773BD80-2EC8-448B-AA38-C17D513D52A3}.Debug|iPhoneSimulator.Build.0 = Debug|Any CPU
		{4773BD80-2EC8-448B-AA38-C17D513D52A3}.Debug|x64.ActiveCfg = Debug|Any CPU
		{4773BD80-2EC8-448B-AA38-C17D513D52A3}.Debug|x64.Build.0 = Debug|Any CPU
		{4773BD80-2EC8-448B-AA38-C17D513D52A3}.Debug|x86.ActiveCfg = Debug|Any CPU
		{4773BD80-2EC8-448B-AA38-C17D513D52A3}.Debug|x86.Build.0 = Debug|Any CPU
		{4773BD80-2EC8-448B-AA38-C17D513D52A3}.Release|Any CPU.ActiveCfg = Release|Any CPU
		{4773BD80-2EC8-448B-AA38-C17D513D52A3}.Release|Any CPU.Build.0 = Release|Any CPU
		{4773BD80-2EC8-448B-AA38-C17D513D52A3}.Release|ARM.ActiveCfg = Release|Any CPU
		{4773BD80-2EC8-448B-AA38-C17D513D52A3}.Release|ARM.Build.0 = Release|Any CPU
		{4773BD80-2EC8-448B-AA38-C17D513D52A3}.Release|ARM64.ActiveCfg = Release|Any CPU
		{4773BD80-2EC8-448B-AA38-C17D513D52A3}.Release|ARM64.Build.0 = Release|Any CPU
		{4773BD80-2EC8-448B-AA38-C17D513D52A3}.Release|iPhone.ActiveCfg = Release|Any CPU
		{4773BD80-2EC8-448B-AA38-C17D513D52A3}.Release|iPhone.Build.0 = Release|Any CPU
		{4773BD80-2EC8-448B-AA38-C17D513D52A3}.Release|iPhoneSimulator.ActiveCfg = Release|Any CPU
		{4773BD80-2EC8-448B-AA38-C17D513D52A3}.Release|iPhoneSimulator.Build.0 = Release|Any CPU
		{4773BD80-2EC8-448B-AA38-C17D513D52A3}.Release|x64.ActiveCfg = Release|Any CPU
		{4773BD80-2EC8-448B-AA38-C17D513D52A3}.Release|x64.Build.0 = Release|Any CPU
		{4773BD80-2EC8-448B-AA38-C17D513D52A3}.Release|x86.ActiveCfg = Release|Any CPU
		{4773BD80-2EC8-448B-AA38-C17D513D52A3}.Release|x86.Build.0 = Release|Any CPU
		{FB06DD72-C197-4DD5-99EB-0AEFEB3D8ABE}.Debug|Any CPU.ActiveCfg = Debug|Any CPU
		{FB06DD72-C197-4DD5-99EB-0AEFEB3D8ABE}.Debug|Any CPU.Build.0 = Debug|Any CPU
		{FB06DD72-C197-4DD5-99EB-0AEFEB3D8ABE}.Debug|ARM.ActiveCfg = Debug|Any CPU
		{FB06DD72-C197-4DD5-99EB-0AEFEB3D8ABE}.Debug|ARM.Build.0 = Debug|Any CPU
		{FB06DD72-C197-4DD5-99EB-0AEFEB3D8ABE}.Debug|ARM64.ActiveCfg = Debug|Any CPU
		{FB06DD72-C197-4DD5-99EB-0AEFEB3D8ABE}.Debug|ARM64.Build.0 = Debug|Any CPU
		{FB06DD72-C197-4DD5-99EB-0AEFEB3D8ABE}.Debug|iPhone.ActiveCfg = Debug|Any CPU
		{FB06DD72-C197-4DD5-99EB-0AEFEB3D8ABE}.Debug|iPhone.Build.0 = Debug|Any CPU
		{FB06DD72-C197-4DD5-99EB-0AEFEB3D8ABE}.Debug|iPhoneSimulator.ActiveCfg = Debug|Any CPU
		{FB06DD72-C197-4DD5-99EB-0AEFEB3D8ABE}.Debug|iPhoneSimulator.Build.0 = Debug|Any CPU
		{FB06DD72-C197-4DD5-99EB-0AEFEB3D8ABE}.Debug|x64.ActiveCfg = Debug|Any CPU
		{FB06DD72-C197-4DD5-99EB-0AEFEB3D8ABE}.Debug|x64.Build.0 = Debug|Any CPU
		{FB06DD72-C197-4DD5-99EB-0AEFEB3D8ABE}.Debug|x86.ActiveCfg = Debug|Any CPU
		{FB06DD72-C197-4DD5-99EB-0AEFEB3D8ABE}.Debug|x86.Build.0 = Debug|Any CPU
		{FB06DD72-C197-4DD5-99EB-0AEFEB3D8ABE}.Release|Any CPU.ActiveCfg = Release|Any CPU
		{FB06DD72-C197-4DD5-99EB-0AEFEB3D8ABE}.Release|Any CPU.Build.0 = Release|Any CPU
		{FB06DD72-C197-4DD5-99EB-0AEFEB3D8ABE}.Release|ARM.ActiveCfg = Release|Any CPU
		{FB06DD72-C197-4DD5-99EB-0AEFEB3D8ABE}.Release|ARM.Build.0 = Release|Any CPU
		{FB06DD72-C197-4DD5-99EB-0AEFEB3D8ABE}.Release|ARM64.ActiveCfg = Release|Any CPU
		{FB06DD72-C197-4DD5-99EB-0AEFEB3D8ABE}.Release|ARM64.Build.0 = Release|Any CPU
		{FB06DD72-C197-4DD5-99EB-0AEFEB3D8ABE}.Release|iPhone.ActiveCfg = Release|Any CPU
		{FB06DD72-C197-4DD5-99EB-0AEFEB3D8ABE}.Release|iPhone.Build.0 = Release|Any CPU
		{FB06DD72-C197-4DD5-99EB-0AEFEB3D8ABE}.Release|iPhoneSimulator.ActiveCfg = Release|Any CPU
		{FB06DD72-C197-4DD5-99EB-0AEFEB3D8ABE}.Release|iPhoneSimulator.Build.0 = Release|Any CPU
		{FB06DD72-C197-4DD5-99EB-0AEFEB3D8ABE}.Release|x64.ActiveCfg = Release|Any CPU
		{FB06DD72-C197-4DD5-99EB-0AEFEB3D8ABE}.Release|x64.Build.0 = Release|Any CPU
		{FB06DD72-C197-4DD5-99EB-0AEFEB3D8ABE}.Release|x86.ActiveCfg = Release|Any CPU
		{FB06DD72-C197-4DD5-99EB-0AEFEB3D8ABE}.Release|x86.Build.0 = Release|Any CPU
		{4B0DBA6D-0600-49C9-91D2-D6D451728B4A}.Debug|Any CPU.ActiveCfg = Debug|Any CPU
		{4B0DBA6D-0600-49C9-91D2-D6D451728B4A}.Debug|Any CPU.Build.0 = Debug|Any CPU
		{4B0DBA6D-0600-49C9-91D2-D6D451728B4A}.Debug|ARM.ActiveCfg = Debug|Any CPU
		{4B0DBA6D-0600-49C9-91D2-D6D451728B4A}.Debug|ARM.Build.0 = Debug|Any CPU
		{4B0DBA6D-0600-49C9-91D2-D6D451728B4A}.Debug|ARM64.ActiveCfg = Debug|Any CPU
		{4B0DBA6D-0600-49C9-91D2-D6D451728B4A}.Debug|ARM64.Build.0 = Debug|Any CPU
		{4B0DBA6D-0600-49C9-91D2-D6D451728B4A}.Debug|iPhone.ActiveCfg = Debug|Any CPU
		{4B0DBA6D-0600-49C9-91D2-D6D451728B4A}.Debug|iPhone.Build.0 = Debug|Any CPU
		{4B0DBA6D-0600-49C9-91D2-D6D451728B4A}.Debug|iPhoneSimulator.ActiveCfg = Debug|Any CPU
		{4B0DBA6D-0600-49C9-91D2-D6D451728B4A}.Debug|iPhoneSimulator.Build.0 = Debug|Any CPU
		{4B0DBA6D-0600-49C9-91D2-D6D451728B4A}.Debug|x64.ActiveCfg = Debug|Any CPU
		{4B0DBA6D-0600-49C9-91D2-D6D451728B4A}.Debug|x64.Build.0 = Debug|Any CPU
		{4B0DBA6D-0600-49C9-91D2-D6D451728B4A}.Debug|x86.ActiveCfg = Debug|Any CPU
		{4B0DBA6D-0600-49C9-91D2-D6D451728B4A}.Debug|x86.Build.0 = Debug|Any CPU
		{4B0DBA6D-0600-49C9-91D2-D6D451728B4A}.Release|Any CPU.ActiveCfg = Release|Any CPU
		{4B0DBA6D-0600-49C9-91D2-D6D451728B4A}.Release|Any CPU.Build.0 = Release|Any CPU
		{4B0DBA6D-0600-49C9-91D2-D6D451728B4A}.Release|ARM.ActiveCfg = Release|Any CPU
		{4B0DBA6D-0600-49C9-91D2-D6D451728B4A}.Release|ARM.Build.0 = Release|Any CPU
		{4B0DBA6D-0600-49C9-91D2-D6D451728B4A}.Release|ARM64.ActiveCfg = Release|Any CPU
		{4B0DBA6D-0600-49C9-91D2-D6D451728B4A}.Release|ARM64.Build.0 = Release|Any CPU
		{4B0DBA6D-0600-49C9-91D2-D6D451728B4A}.Release|iPhone.ActiveCfg = Release|Any CPU
		{4B0DBA6D-0600-49C9-91D2-D6D451728B4A}.Release|iPhone.Build.0 = Release|Any CPU
		{4B0DBA6D-0600-49C9-91D2-D6D451728B4A}.Release|iPhoneSimulator.ActiveCfg = Release|Any CPU
		{4B0DBA6D-0600-49C9-91D2-D6D451728B4A}.Release|iPhoneSimulator.Build.0 = Release|Any CPU
		{4B0DBA6D-0600-49C9-91D2-D6D451728B4A}.Release|x64.ActiveCfg = Release|Any CPU
		{4B0DBA6D-0600-49C9-91D2-D6D451728B4A}.Release|x64.Build.0 = Release|Any CPU
		{4B0DBA6D-0600-49C9-91D2-D6D451728B4A}.Release|x86.ActiveCfg = Release|Any CPU
		{4B0DBA6D-0600-49C9-91D2-D6D451728B4A}.Release|x86.Build.0 = Release|Any CPU
		{463A8322-E03E-4853-ABFF-3A35C7E00DD9}.Debug|Any CPU.ActiveCfg = Debug|Any CPU
		{463A8322-E03E-4853-ABFF-3A35C7E00DD9}.Debug|Any CPU.Build.0 = Debug|Any CPU
		{463A8322-E03E-4853-ABFF-3A35C7E00DD9}.Debug|ARM.ActiveCfg = Debug|Any CPU
		{463A8322-E03E-4853-ABFF-3A35C7E00DD9}.Debug|ARM.Build.0 = Debug|Any CPU
		{463A8322-E03E-4853-ABFF-3A35C7E00DD9}.Debug|ARM64.ActiveCfg = Debug|Any CPU
		{463A8322-E03E-4853-ABFF-3A35C7E00DD9}.Debug|ARM64.Build.0 = Debug|Any CPU
		{463A8322-E03E-4853-ABFF-3A35C7E00DD9}.Debug|iPhone.ActiveCfg = Debug|Any CPU
		{463A8322-E03E-4853-ABFF-3A35C7E00DD9}.Debug|iPhone.Build.0 = Debug|Any CPU
		{463A8322-E03E-4853-ABFF-3A35C7E00DD9}.Debug|iPhoneSimulator.ActiveCfg = Debug|Any CPU
		{463A8322-E03E-4853-ABFF-3A35C7E00DD9}.Debug|iPhoneSimulator.Build.0 = Debug|Any CPU
		{463A8322-E03E-4853-ABFF-3A35C7E00DD9}.Debug|x64.ActiveCfg = Debug|Any CPU
		{463A8322-E03E-4853-ABFF-3A35C7E00DD9}.Debug|x64.Build.0 = Debug|Any CPU
		{463A8322-E03E-4853-ABFF-3A35C7E00DD9}.Debug|x86.ActiveCfg = Debug|Any CPU
		{463A8322-E03E-4853-ABFF-3A35C7E00DD9}.Debug|x86.Build.0 = Debug|Any CPU
		{463A8322-E03E-4853-ABFF-3A35C7E00DD9}.Release|Any CPU.ActiveCfg = Release|Any CPU
		{463A8322-E03E-4853-ABFF-3A35C7E00DD9}.Release|Any CPU.Build.0 = Release|Any CPU
		{463A8322-E03E-4853-ABFF-3A35C7E00DD9}.Release|ARM.ActiveCfg = Release|Any CPU
		{463A8322-E03E-4853-ABFF-3A35C7E00DD9}.Release|ARM.Build.0 = Release|Any CPU
		{463A8322-E03E-4853-ABFF-3A35C7E00DD9}.Release|ARM64.ActiveCfg = Release|Any CPU
		{463A8322-E03E-4853-ABFF-3A35C7E00DD9}.Release|ARM64.Build.0 = Release|Any CPU
		{463A8322-E03E-4853-ABFF-3A35C7E00DD9}.Release|iPhone.ActiveCfg = Release|Any CPU
		{463A8322-E03E-4853-ABFF-3A35C7E00DD9}.Release|iPhone.Build.0 = Release|Any CPU
		{463A8322-E03E-4853-ABFF-3A35C7E00DD9}.Release|iPhoneSimulator.ActiveCfg = Release|Any CPU
		{463A8322-E03E-4853-ABFF-3A35C7E00DD9}.Release|iPhoneSimulator.Build.0 = Release|Any CPU
		{463A8322-E03E-4853-ABFF-3A35C7E00DD9}.Release|x64.ActiveCfg = Release|Any CPU
		{463A8322-E03E-4853-ABFF-3A35C7E00DD9}.Release|x64.Build.0 = Release|Any CPU
		{463A8322-E03E-4853-ABFF-3A35C7E00DD9}.Release|x86.ActiveCfg = Release|Any CPU
		{463A8322-E03E-4853-ABFF-3A35C7E00DD9}.Release|x86.Build.0 = Release|Any CPU
		{5E910C3E-49AB-4F07-A615-32A582787214}.Debug|Any CPU.ActiveCfg = Debug|Any CPU
		{5E910C3E-49AB-4F07-A615-32A582787214}.Debug|Any CPU.Build.0 = Debug|Any CPU
		{5E910C3E-49AB-4F07-A615-32A582787214}.Debug|ARM.ActiveCfg = Debug|Any CPU
		{5E910C3E-49AB-4F07-A615-32A582787214}.Debug|ARM.Build.0 = Debug|Any CPU
		{5E910C3E-49AB-4F07-A615-32A582787214}.Debug|ARM64.ActiveCfg = Debug|Any CPU
		{5E910C3E-49AB-4F07-A615-32A582787214}.Debug|ARM64.Build.0 = Debug|Any CPU
		{5E910C3E-49AB-4F07-A615-32A582787214}.Debug|iPhone.ActiveCfg = Debug|Any CPU
		{5E910C3E-49AB-4F07-A615-32A582787214}.Debug|iPhone.Build.0 = Debug|Any CPU
		{5E910C3E-49AB-4F07-A615-32A582787214}.Debug|iPhoneSimulator.ActiveCfg = Debug|Any CPU
		{5E910C3E-49AB-4F07-A615-32A582787214}.Debug|iPhoneSimulator.Build.0 = Debug|Any CPU
		{5E910C3E-49AB-4F07-A615-32A582787214}.Debug|x64.ActiveCfg = Debug|Any CPU
		{5E910C3E-49AB-4F07-A615-32A582787214}.Debug|x64.Build.0 = Debug|Any CPU
		{5E910C3E-49AB-4F07-A615-32A582787214}.Debug|x86.ActiveCfg = Debug|Any CPU
		{5E910C3E-49AB-4F07-A615-32A582787214}.Debug|x86.Build.0 = Debug|Any CPU
		{5E910C3E-49AB-4F07-A615-32A582787214}.Release|Any CPU.ActiveCfg = Release|Any CPU
		{5E910C3E-49AB-4F07-A615-32A582787214}.Release|Any CPU.Build.0 = Release|Any CPU
		{5E910C3E-49AB-4F07-A615-32A582787214}.Release|ARM.ActiveCfg = Release|Any CPU
		{5E910C3E-49AB-4F07-A615-32A582787214}.Release|ARM.Build.0 = Release|Any CPU
		{5E910C3E-49AB-4F07-A615-32A582787214}.Release|ARM64.ActiveCfg = Release|Any CPU
		{5E910C3E-49AB-4F07-A615-32A582787214}.Release|ARM64.Build.0 = Release|Any CPU
		{5E910C3E-49AB-4F07-A615-32A582787214}.Release|iPhone.ActiveCfg = Release|Any CPU
		{5E910C3E-49AB-4F07-A615-32A582787214}.Release|iPhone.Build.0 = Release|Any CPU
		{5E910C3E-49AB-4F07-A615-32A582787214}.Release|iPhoneSimulator.ActiveCfg = Release|Any CPU
		{5E910C3E-49AB-4F07-A615-32A582787214}.Release|iPhoneSimulator.Build.0 = Release|Any CPU
		{5E910C3E-49AB-4F07-A615-32A582787214}.Release|x64.ActiveCfg = Release|Any CPU
		{5E910C3E-49AB-4F07-A615-32A582787214}.Release|x64.Build.0 = Release|Any CPU
		{5E910C3E-49AB-4F07-A615-32A582787214}.Release|x86.ActiveCfg = Release|Any CPU
		{5E910C3E-49AB-4F07-A615-32A582787214}.Release|x86.Build.0 = Release|Any CPU
		{233CEB1A-D118-46EF-B6AD-2C8F055450F8}.Debug|Any CPU.ActiveCfg = Debug|Any CPU
		{233CEB1A-D118-46EF-B6AD-2C8F055450F8}.Debug|Any CPU.Build.0 = Debug|Any CPU
		{233CEB1A-D118-46EF-B6AD-2C8F055450F8}.Debug|ARM.ActiveCfg = Debug|Any CPU
		{233CEB1A-D118-46EF-B6AD-2C8F055450F8}.Debug|ARM.Build.0 = Debug|Any CPU
		{233CEB1A-D118-46EF-B6AD-2C8F055450F8}.Debug|ARM64.ActiveCfg = Debug|Any CPU
		{233CEB1A-D118-46EF-B6AD-2C8F055450F8}.Debug|ARM64.Build.0 = Debug|Any CPU
		{233CEB1A-D118-46EF-B6AD-2C8F055450F8}.Debug|iPhone.ActiveCfg = Debug|Any CPU
		{233CEB1A-D118-46EF-B6AD-2C8F055450F8}.Debug|iPhone.Build.0 = Debug|Any CPU
		{233CEB1A-D118-46EF-B6AD-2C8F055450F8}.Debug|iPhoneSimulator.ActiveCfg = Debug|Any CPU
		{233CEB1A-D118-46EF-B6AD-2C8F055450F8}.Debug|iPhoneSimulator.Build.0 = Debug|Any CPU
		{233CEB1A-D118-46EF-B6AD-2C8F055450F8}.Debug|x64.ActiveCfg = Debug|Any CPU
		{233CEB1A-D118-46EF-B6AD-2C8F055450F8}.Debug|x64.Build.0 = Debug|Any CPU
		{233CEB1A-D118-46EF-B6AD-2C8F055450F8}.Debug|x86.ActiveCfg = Debug|Any CPU
		{233CEB1A-D118-46EF-B6AD-2C8F055450F8}.Debug|x86.Build.0 = Debug|Any CPU
		{233CEB1A-D118-46EF-B6AD-2C8F055450F8}.Release|Any CPU.ActiveCfg = Release|Any CPU
		{233CEB1A-D118-46EF-B6AD-2C8F055450F8}.Release|Any CPU.Build.0 = Release|Any CPU
		{233CEB1A-D118-46EF-B6AD-2C8F055450F8}.Release|ARM.ActiveCfg = Release|Any CPU
		{233CEB1A-D118-46EF-B6AD-2C8F055450F8}.Release|ARM.Build.0 = Release|Any CPU
		{233CEB1A-D118-46EF-B6AD-2C8F055450F8}.Release|ARM64.ActiveCfg = Release|Any CPU
		{233CEB1A-D118-46EF-B6AD-2C8F055450F8}.Release|ARM64.Build.0 = Release|Any CPU
		{233CEB1A-D118-46EF-B6AD-2C8F055450F8}.Release|iPhone.ActiveCfg = Release|Any CPU
		{233CEB1A-D118-46EF-B6AD-2C8F055450F8}.Release|iPhone.Build.0 = Release|Any CPU
		{233CEB1A-D118-46EF-B6AD-2C8F055450F8}.Release|iPhoneSimulator.ActiveCfg = Release|Any CPU
		{233CEB1A-D118-46EF-B6AD-2C8F055450F8}.Release|iPhoneSimulator.Build.0 = Release|Any CPU
		{233CEB1A-D118-46EF-B6AD-2C8F055450F8}.Release|x64.ActiveCfg = Release|Any CPU
		{233CEB1A-D118-46EF-B6AD-2C8F055450F8}.Release|x64.Build.0 = Release|Any CPU
		{233CEB1A-D118-46EF-B6AD-2C8F055450F8}.Release|x86.ActiveCfg = Release|Any CPU
		{233CEB1A-D118-46EF-B6AD-2C8F055450F8}.Release|x86.Build.0 = Release|Any CPU
	EndGlobalSection
	GlobalSection(SolutionProperties) = preSolution
		HideSolutionNode = FALSE
	EndGlobalSection
	GlobalSection(ExtensibilityGlobals) = postSolution
		SolutionGuid = {420642B6-9D23-421B-93B1-2E5344F22A52}
	EndGlobalSection
EndGlobal
